Microsoft Visual Studio Solution File, Format Version 11.00
# Visual Studio 2010
Project("{6989167D-11E4-40FE-8C1A-2192A86A7E90}") = "his2csv", "his2csv.vfproj", "{929F7E0D-0B77-45F3-AE8F-2FC573994FEC}"
	ProjectSection(ProjectDependencies) = postProject
		{91C4971E-914C-4AD8-9711-6B53E856884C} = {91C4971E-914C-4AD8-9711-6B53E856884C}
	EndProjectSection
EndProject
Project("{8BC9CEB8-8B4A-11D0-8D11-00A0C91BC942}") = "delftio_shm", "..\delftio_shm\delftio_shm.vcxproj", "{A056DC84-1808-49C6-BFAA-41EBE324A1FC}"
EndProject
Project("{6989167D-11E4-40FE-8C1A-2192A86A7E90}") = "delftio", "..\delftio\delftio.vfproj", "{91C4971E-914C-4AD8-9711-6B53E856884C}"
	ProjectSection(ProjectDependencies) = postProject
		{A056DC84-1808-49C6-BFAA-41EBE324A1FC} = {A056DC84-1808-49C6-BFAA-41EBE324A1FC}
		{2D6BCBCA-CC6C-49FE-A6AA-61AF62529118} = {2D6BCBCA-CC6C-49FE-A6AA-61AF62529118}
	EndProjectSection
EndProject
Project("{6989167D-11E4-40FE-8C1A-2192A86A7E90}") = "deltares_common", "..\..\..\deltares_common\packages\deltares_common\deltares_common.vfproj", "{2D6BCBCA-CC6C-49FE-A6AA-61AF62529118}"
EndProject
Global
	GlobalSection(SolutionConfigurationPlatforms) = preSolution
		Debug|Win32 = Debug|Win32
		Debug|x64 = Debug|x64
		Release|Win32 = Release|Win32
		Release|x64 = Release|x64
	EndGlobalSection
	GlobalSection(ProjectConfigurationPlatforms) = postSolution
		{929F7E0D-0B77-45F3-AE8F-2FC573994FEC}.Debug|Win32.ActiveCfg = Debug|Win32
		{929F7E0D-0B77-45F3-AE8F-2FC573994FEC}.Debug|Win32.Build.0 = Debug|Win32
		{929F7E0D-0B77-45F3-AE8F-2FC573994FEC}.Debug|x64.ActiveCfg = Debug|Win32
		{929F7E0D-0B77-45F3-AE8F-2FC573994FEC}.Release|Win32.ActiveCfg = Release|Win32
		{929F7E0D-0B77-45F3-AE8F-2FC573994FEC}.Release|Win32.Build.0 = Release|Win32
		{929F7E0D-0B77-45F3-AE8F-2FC573994FEC}.Release|x64.ActiveCfg = Release|Win32
		{A056DC84-1808-49C6-BFAA-41EBE324A1FC}.Debug|Win32.ActiveCfg = Debug|Win32
		{A056DC84-1808-49C6-BFAA-41EBE324A1FC}.Debug|Win32.Build.0 = Debug|Win32
		{A056DC84-1808-49C6-BFAA-41EBE324A1FC}.Debug|x64.ActiveCfg = Debug|x64
		{A056DC84-1808-49C6-BFAA-41EBE324A1FC}.Debug|x64.Build.0 = Debug|x64
		{A056DC84-1808-49C6-BFAA-41EBE324A1FC}.Release|Win32.ActiveCfg = Release|Win32
		{A056DC84-1808-49C6-BFAA-41EBE324A1FC}.Release|Win32.Build.0 = Release|Win32
		{A056DC84-1808-49C6-BFAA-41EBE324A1FC}.Release|x64.ActiveCfg = Release|x64
		{A056DC84-1808-49C6-BFAA-41EBE324A1FC}.Release|x64.Build.0 = Release|x64
		{91C4971E-914C-4AD8-9711-6B53E856884C}.Debug|Win32.ActiveCfg = Debug|Win32
		{91C4971E-914C-4AD8-9711-6B53E856884C}.Debug|Win32.Build.0 = Debug|Win32
		{91C4971E-914C-4AD8-9711-6B53E856884C}.Debug|x64.ActiveCfg = Debug|x64
		{91C4971E-914C-4AD8-9711-6B53E856884C}.Debug|x64.Build.0 = Debug|x64
		{91C4971E-914C-4AD8-9711-6B53E856884C}.Release|Win32.ActiveCfg = Release|Win32
		{91C4971E-914C-4AD8-9711-6B53E856884C}.Release|Win32.Build.0 = Release|Win32
		{91C4971E-914C-4AD8-9711-6B53E856884C}.Release|x64.ActiveCfg = Release|x64
		{91C4971E-914C-4AD8-9711-6B53E856884C}.Release|x64.Build.0 = Release|x64
		{2D6BCBCA-CC6C-49FE-A6AA-61AF62529118}.Debug|Win32.ActiveCfg = Debug|Win32
		{2D6BCBCA-CC6C-49FE-A6AA-61AF62529118}.Debug|Win32.Build.0 = Debug|Win32
		{2D6BCBCA-CC6C-49FE-A6AA-61AF62529118}.Debug|x64.ActiveCfg = Debug|x64
		{2D6BCBCA-CC6C-49FE-A6AA-61AF62529118}.Debug|x64.Build.0 = Debug|x64
		{2D6BCBCA-CC6C-49FE-A6AA-61AF62529118}.Release|Win32.ActiveCfg = Release|Win32
		{2D6BCBCA-CC6C-49FE-A6AA-61AF62529118}.Release|Win32.Build.0 = Release|Win32
		{2D6BCBCA-CC6C-49FE-A6AA-61AF62529118}.Release|x64.ActiveCfg = Release|x64
		{2D6BCBCA-CC6C-49FE-A6AA-61AF62529118}.Release|x64.Build.0 = Release|x64
	EndGlobalSection
	GlobalSection(SolutionProperties) = preSolution
		HideSolutionNode = FALSE
	EndGlobalSection
EndGlobal
