Microsoft Visual Studio Solution File, Format Version 12.00
# Visual Studio 15
VisualStudioVersion = 15.0.28307.168
MinimumVisualStudioVersion = 10.0.40219.1
Project("{6989167D-11E4-40FE-8C1A-2192A86A7E90}") = "deltares_common", "utils_lgpl\deltares_common\packages\deltares_common\deltares_common.vfproj", "{2D6BCBCA-CC6C-49FE-A6AA-61AF62529118}"
EndProject
Project("{8BC9CEB8-8B4A-11D0-8D11-00A0C91BC942}") = "triangle_c", "third_party_open\triangle\triangle_c.vcxproj", "{A5638E14-9D2D-49ED-ACA3-A73833756311}"
EndProject
Project("{2150E333-8FDC-42A3-9474-1A3956D46DE8}") = "utils_lgpl", "utils_lgpl", "{E86AA903-25B1-475E-8E53-E4E3F9CEB5FF}"
EndProject
Project("{2150E333-8FDC-42A3-9474-1A3956D46DE8}") = "deltares_common", "deltares_common", "{DC24FFCE-9004-41EA-B599-667BBB5C9BDC}"
EndProject
Project("{8BC9CEB8-8B4A-11D0-8D11-00A0C91BC942}") = "deltares_common_c", "utils_lgpl\deltares_common\packages\deltares_common_c\deltares_common_c.vcxproj", "{51065F4C-23D3-4C5F-AF5B-E70776409D7B}"
EndProject
Project("{6989167D-11E4-40FE-8C1A-2192A86A7E90}") = "deltares_common_mpi", "utils_lgpl\deltares_common\packages\deltares_common_mpi\deltares_common_mpi.vfproj", "{57CF2433-00B2-4173-AD21-32CA1AE3380C}"
	ProjectSection(ProjectDependencies) = postProject
		{2D6BCBCA-CC6C-49FE-A6AA-61AF62529118} = {2D6BCBCA-CC6C-49FE-A6AA-61AF62529118}
	EndProjectSection
EndProject
Project("{6989167D-11E4-40FE-8C1A-2192A86A7E90}") = "kdtree2", "third_party_open\kdtree2\src-f90\kdtree2.vfproj", "{1ED7D7C9-ACA9-4A50-8217-0901E12B1D70}"
EndProject
Project("{6989167D-11E4-40FE-8C1A-2192A86A7E90}") = "ec_module", "utils_lgpl\ec_module\packages\ec_module\ec_module.vfproj", "{62E2E1DA-4AFA-4880-A508-1C4F217C93B1}"
	ProjectSection(ProjectDependencies) = postProject
		{D343152C-DE4D-43BA-B40F-DCE169B95416} = {D343152C-DE4D-43BA-B40F-DCE169B95416}
		{51065F4C-23D3-4C5F-AF5B-E70776409D7B} = {51065F4C-23D3-4C5F-AF5B-E70776409D7B}
		{C29AA190-5BE8-4674-AA8A-E858964D3C08} = {C29AA190-5BE8-4674-AA8A-E858964D3C08}
		{1ED7D7C9-ACA9-4A50-8217-0901E12B1D70} = {1ED7D7C9-ACA9-4A50-8217-0901E12B1D70}
		{2D6BCBCA-CC6C-49FE-A6AA-61AF62529118} = {2D6BCBCA-CC6C-49FE-A6AA-61AF62529118}
	EndProjectSection
EndProject
Project("{8BC9CEB8-8B4A-11D0-8D11-00A0C91BC942}") = "libsigwatch", "third_party_open\libsigwatch\libsigwatch.vcxproj", "{0F5464E5-BDF2-46B1-849B-DC65433778B3}"
EndProject
Project("{6989167D-11E4-40FE-8C1A-2192A86A7E90}") = "interacter_stub", "third_party\interacter_stub\interacter_stub.vfproj", "{BB8BB3D9-DDE0-46AE-8D39-28737C48F935}"
	ProjectSection(ProjectDependencies) = postProject
		{5B3EFD3B-EEED-4D82-86E6-2EA3B6D6299E} = {5B3EFD3B-EEED-4D82-86E6-2EA3B6D6299E}
		{4741F946-CFAA-3469-963D-9F01C053C97E} = {4741F946-CFAA-3469-963D-9F01C053C97E}
	EndProjectSection
EndProject
Project("{6989167D-11E4-40FE-8C1A-2192A86A7E90}") = "libFLAP", "third_party_open\FLAP\src\libFLAP.vfproj", "{326342ED-A405-4128-ADFF-9C157FE87FE9}"
EndProject
Project("{2150E333-8FDC-42A3-9474-1A3956D46DE8}") = "io_netcdf", "io_netcdf", "{FD29F3DD-6863-4E6B-8504-ED3AA173F96B}"
EndProject
Project("{6989167D-11E4-40FE-8C1A-2192A86A7E90}") = "io_netcdf", "utils_lgpl\io_netcdf\packages\io_netcdf\io_netcdf.vfproj", "{3D34F0B9-2711-4C1B-B59E-5AF94894264B}"
	ProjectSection(ProjectDependencies) = postProject
		{C29AA190-5BE8-4674-AA8A-E858964D3C08} = {C29AA190-5BE8-4674-AA8A-E858964D3C08}
		{B8F4B0C9-1EE7-4719-B927-5126F82E9713} = {B8F4B0C9-1EE7-4719-B927-5126F82E9713}
		{2D6BCBCA-CC6C-49FE-A6AA-61AF62529118} = {2D6BCBCA-CC6C-49FE-A6AA-61AF62529118}
	EndProjectSection
EndProject
Project("{6989167D-11E4-40FE-8C1A-2192A86A7E90}") = "io_netcdf_dll", "utils_lgpl\io_netcdf\packages\io_netcdf\io_netcdf_dll.vfproj", "{F8DB0933-F02C-49B3-8C4A-1C05688BC246}"
	ProjectSection(ProjectDependencies) = postProject
		{B38AA81E-A244-3E86-BCBB-7B7E187DB218} = {B38AA81E-A244-3E86-BCBB-7B7E187DB218}
		{9249B679-366D-4838-ADCE-A9A8E6EAEAB4} = {9249B679-366D-4838-ADCE-A9A8E6EAEAB4}
		{C29AA190-5BE8-4674-AA8A-E858964D3C08} = {C29AA190-5BE8-4674-AA8A-E858964D3C08}
		{1544CEA3-1365-4482-A719-FF5C14BBAE29} = {1544CEA3-1365-4482-A719-FF5C14BBAE29}
		{3D34F0B9-2711-4C1B-B59E-5AF94894264B} = {3D34F0B9-2711-4C1B-B59E-5AF94894264B}
		{B8F4B0C9-1EE7-4719-B927-5126F82E9713} = {B8F4B0C9-1EE7-4719-B927-5126F82E9713}
		{2D6BCBCA-CC6C-49FE-A6AA-61AF62529118} = {2D6BCBCA-CC6C-49FE-A6AA-61AF62529118}
		{9867C9D6-9122-494E-8D05-FEEB0E94CF75} = {9867C9D6-9122-494E-8D05-FEEB0E94CF75}
	EndProjectSection
EndProject
Project("{6989167D-11E4-40FE-8C1A-2192A86A7E90}") = "libfortranc", "third_party_open\fortrangis\libfortranc\libfortranc.vfproj", "{9249B679-366D-4838-ADCE-A9A8E6EAEAB4}"
	ProjectSection(ProjectDependencies) = postProject
		{B38AA81E-A244-3E86-BCBB-7B7E187DB218} = {B38AA81E-A244-3E86-BCBB-7B7E187DB218}
	EndProjectSection
EndProject
Project("{6989167D-11E4-40FE-8C1A-2192A86A7E90}") = "libfortrangis", "third_party_open\fortrangis\libfortrangis\libfortrangis.vfproj", "{B8F4B0C9-1EE7-4719-B927-5126F82E9713}"
	ProjectSection(ProjectDependencies) = postProject
		{9249B679-366D-4838-ADCE-A9A8E6EAEAB4} = {9249B679-366D-4838-ADCE-A9A8E6EAEAB4}
		{9867C9D6-9122-494E-8D05-FEEB0E94CF75} = {9867C9D6-9122-494E-8D05-FEEB0E94CF75}
	EndProjectSection
EndProject
Project("{6989167D-11E4-40FE-8C1A-2192A86A7E90}") = "polypack", "third_party_open\polypack\polypack.vfproj", "{36FB187C-1B94-4C1B-8781-C6C9A38C742C}"
EndProject
Project("{2150E333-8FDC-42A3-9474-1A3956D46DE8}") = "fortrangis", "fortrangis", "{3882442C-F8E2-4129-8EBE-16B175D7E89A}"
EndProject
Project("{2150E333-8FDC-42A3-9474-1A3956D46DE8}") = "third_party_open", "third_party_open", "{5AA5132F-A3DE-449D-BE24-F8611F826D09}"
EndProject
Project("{2150E333-8FDC-42A3-9474-1A3956D46DE8}") = "metis", "metis", "{A387BCFB-2F13-4DD4-A181-07BA3F01A47F}"
EndProject
Project("{8BC9CEB8-8B4A-11D0-8D11-00A0C91BC942}") = "metis", "third_party_open\metis\metis-5.1.0\build\windows\libmetis\metis.vcxproj", "{4741F946-CFAA-3469-963D-9F01C053C97E}"
EndProject
Project("{8BC9CEB8-8B4A-11D0-8D11-00A0C91BC942}") = "proj", "third_party_open\proj4\src\proj.vcxproj", "{B38AA81E-A244-3E86-BCBB-7B7E187DB218}"
EndProject
Project("{8BC9CEB8-8B4A-11D0-8D11-00A0C91BC942}") = "shp", "third_party_open\shapelib\src\shp.vcxproj", "{9867C9D6-9122-494E-8D05-FEEB0E94CF75}"
EndProject
Project("{6989167D-11E4-40FE-8C1A-2192A86A7E90}") = "shapelib_test", "third_party_open\shapelib\test\shapelib_test.vfproj", "{EAF6A200-687E-4965-A739-85F6A3E6416F}"
	ProjectSection(ProjectDependencies) = postProject
		{9249B679-366D-4838-ADCE-A9A8E6EAEAB4} = {9249B679-366D-4838-ADCE-A9A8E6EAEAB4}
		{B8F4B0C9-1EE7-4719-B927-5126F82E9713} = {B8F4B0C9-1EE7-4719-B927-5126F82E9713}
		{9867C9D6-9122-494E-8D05-FEEB0E94CF75} = {9867C9D6-9122-494E-8D05-FEEB0E94CF75}
	EndProjectSection
EndProject
Project("{2150E333-8FDC-42A3-9474-1A3956D46DE8}") = "gridgeom", "gridgeom", "{CB48B32E-669A-4B21-B977-4B3DDF97E139}"
EndProject
Project("{6989167D-11E4-40FE-8C1A-2192A86A7E90}") = "gridgeom", "utils_lgpl\gridgeom\packages\gridgeom\gridgeom.vfproj", "{7CD53A26-F17A-4FD8-A8D6-B5D768396523}"
	ProjectSection(ProjectDependencies) = postProject
		{A5638E14-9D2D-49ED-ACA3-A73833756311} = {A5638E14-9D2D-49ED-ACA3-A73833756311}
		{D343152C-DE4D-43BA-B40F-DCE169B95416} = {D343152C-DE4D-43BA-B40F-DCE169B95416}
		{3D34F0B9-2711-4C1B-B59E-5AF94894264B} = {3D34F0B9-2711-4C1B-B59E-5AF94894264B}
		{1ED7D7C9-ACA9-4A50-8217-0901E12B1D70} = {1ED7D7C9-ACA9-4A50-8217-0901E12B1D70}
		{2D6BCBCA-CC6C-49FE-A6AA-61AF62529118} = {2D6BCBCA-CC6C-49FE-A6AA-61AF62529118}
		{62E2E1DA-4AFA-4880-A508-1C4F217C93B1} = {62E2E1DA-4AFA-4880-A508-1C4F217C93B1}
	EndProjectSection
EndProject
Project("{6989167D-11E4-40FE-8C1A-2192A86A7E90}") = "gridgeom_dll", "utils_lgpl\gridgeom\packages\gridgeom\gridgeom_dll.vfproj", "{2629BDAB-2ABD-43BE-A9B1-7165813E19AB}"
	ProjectSection(ProjectDependencies) = postProject
		{A5638E14-9D2D-49ED-ACA3-A73833756311} = {A5638E14-9D2D-49ED-ACA3-A73833756311}
		{7CD53A26-F17A-4FD8-A8D6-B5D768396523} = {7CD53A26-F17A-4FD8-A8D6-B5D768396523}
		{D343152C-DE4D-43BA-B40F-DCE169B95416} = {D343152C-DE4D-43BA-B40F-DCE169B95416}
		{3D34F0B9-2711-4C1B-B59E-5AF94894264B} = {3D34F0B9-2711-4C1B-B59E-5AF94894264B}
		{1ED7D7C9-ACA9-4A50-8217-0901E12B1D70} = {1ED7D7C9-ACA9-4A50-8217-0901E12B1D70}
		{2D6BCBCA-CC6C-49FE-A6AA-61AF62529118} = {2D6BCBCA-CC6C-49FE-A6AA-61AF62529118}
		{62E2E1DA-4AFA-4880-A508-1C4F217C93B1} = {62E2E1DA-4AFA-4880-A508-1C4F217C93B1}
	EndProjectSection
EndProject
Project("{2150E333-8FDC-42A3-9474-1A3956D46DE8}") = "tests", "tests", "{592D6797-6AFB-47FF-8DB1-AF577C5FA318}"
EndProject
Project("{FAE04EC0-301F-11D3-BF4B-00C04F79EFBC}") = "gridgeom.Tests", "utils_lgpl\gridgeom\packages\tests\gridgeom.Tests\gridgeom.Tests.csproj", "{A26ADD1A-A28B-419C-9CBD-E60537A49B22}"
	ProjectSection(ProjectDependencies) = postProject
		{977F480F-21E9-47B0-ACAD-8E6C23D94F13} = {977F480F-21E9-47B0-ACAD-8E6C23D94F13}
		{2629BDAB-2ABD-43BE-A9B1-7165813E19AB} = {2629BDAB-2ABD-43BE-A9B1-7165813E19AB}
		{2D6BCBCA-CC6C-49FE-A6AA-61AF62529118} = {2D6BCBCA-CC6C-49FE-A6AA-61AF62529118}
	EndProjectSection
EndProject
Project("{2150E333-8FDC-42A3-9474-1A3956D46DE8}") = "tests", "tests", "{6213C44B-373B-4018-9398-F71DBCDF59B7}"
EndProject
Project("{FAE04EC0-301F-11D3-BF4B-00C04F79EFBC}") = "UGrid.tests", "utils_lgpl\io_netcdf\packages\tests\UGrid.tests\UGrid.tests.csproj", "{20C4AEC6-AAC8-44AA-842E-325FA771DE9F}"
	ProjectSection(ProjectDependencies) = postProject
		{977F480F-21E9-47B0-ACAD-8E6C23D94F13} = {977F480F-21E9-47B0-ACAD-8E6C23D94F13}
		{F8DB0933-F02C-49B3-8C4A-1C05688BC246} = {F8DB0933-F02C-49B3-8C4A-1C05688BC246}
		{3D34F0B9-2711-4C1B-B59E-5AF94894264B} = {3D34F0B9-2711-4C1B-B59E-5AF94894264B}
	EndProjectSection
EndProject
Project("{FAE04EC0-301F-11D3-BF4B-00C04F79EFBC}") = "General.tests", "utils_lgpl\unittests\General.tests\General.tests.csproj", "{977F480F-21E9-47B0-ACAD-8E6C23D94F13}"
EndProject
Project("{2150E333-8FDC-42A3-9474-1A3956D46DE8}") = "ec_module", "ec_module", "{79A1DB32-818B-4476-A534-D72DFD682CA7}"
EndProject
Project("{6989167D-11E4-40FE-8C1A-2192A86A7E90}") = "ec_module_dll", "utils_lgpl\ec_module\packages\ec_module\ec_module_dll.vfproj", "{F134E55D-8B5B-4C58-95EF-1DC774E03047}"
	ProjectSection(ProjectDependencies) = postProject
		{A5638E14-9D2D-49ED-ACA3-A73833756311} = {A5638E14-9D2D-49ED-ACA3-A73833756311}
		{7CD53A26-F17A-4FD8-A8D6-B5D768396523} = {7CD53A26-F17A-4FD8-A8D6-B5D768396523}
		{D343152C-DE4D-43BA-B40F-DCE169B95416} = {D343152C-DE4D-43BA-B40F-DCE169B95416}
		{51065F4C-23D3-4C5F-AF5B-E70776409D7B} = {51065F4C-23D3-4C5F-AF5B-E70776409D7B}
		{C29AA190-5BE8-4674-AA8A-E858964D3C08} = {C29AA190-5BE8-4674-AA8A-E858964D3C08}
		{1544CEA3-1365-4482-A719-FF5C14BBAE29} = {1544CEA3-1365-4482-A719-FF5C14BBAE29}
		{3D34F0B9-2711-4C1B-B59E-5AF94894264B} = {3D34F0B9-2711-4C1B-B59E-5AF94894264B}
		{1ED7D7C9-ACA9-4A50-8217-0901E12B1D70} = {1ED7D7C9-ACA9-4A50-8217-0901E12B1D70}
		{2D6BCBCA-CC6C-49FE-A6AA-61AF62529118} = {2D6BCBCA-CC6C-49FE-A6AA-61AF62529118}
		{62E2E1DA-4AFA-4880-A508-1C4F217C93B1} = {62E2E1DA-4AFA-4880-A508-1C4F217C93B1}
	EndProjectSection
EndProject
Project("{2150E333-8FDC-42A3-9474-1A3956D46DE8}") = "tests", "tests", "{9C77B69F-DFCF-4F46-9177-CB1A66D44455}"
EndProject
Project("{FAE04EC0-301F-11D3-BF4B-00C04F79EFBC}") = "ECModule.tests", "utils_lgpl\ec_module\packages\tests\ec_module_tests\ECModule.tests.csproj", "{646AC13C-F3FD-404B-A102-4684B80F330B}"
	ProjectSection(ProjectDependencies) = postProject
		{F134E55D-8B5B-4C58-95EF-1DC774E03047} = {F134E55D-8B5B-4C58-95EF-1DC774E03047}
	EndProjectSection
EndProject
Project("{2150E333-8FDC-42A3-9474-1A3956D46DE8}") = "kdtree_wrapper", "kdtree_wrapper", "{D8700DCE-2287-4D58-A2E6-4C3A6CC2CA94}"
EndProject
Project("{6989167D-11E4-40FE-8C1A-2192A86A7E90}") = "kdtree_wrapper", "utils_lgpl\kdtree_wrapper\packages\kdtree_wrapper\kdtree_wrapper.vfproj", "{D343152C-DE4D-43BA-B40F-DCE169B95416}"
	ProjectSection(ProjectDependencies) = postProject
		{1ED7D7C9-ACA9-4A50-8217-0901E12B1D70} = {1ED7D7C9-ACA9-4A50-8217-0901E12B1D70}
		{2D6BCBCA-CC6C-49FE-A6AA-61AF62529118} = {2D6BCBCA-CC6C-49FE-A6AA-61AF62529118}
	EndProjectSection
EndProject
Project("{2150E333-8FDC-42A3-9474-1A3956D46DE8}") = "metistools", "metistools", "{44C96A65-91C2-4AA3-81B0-FCAEBB5B41F7}"
EndProject
Project("{8BC9CEB8-8B4A-11D0-8D11-00A0C91BC942}") = "metisoptions", "utils_lgpl\metistools\packages\metisoptions\metisoptions.vcxproj", "{5B3EFD3B-EEED-4D82-86E6-2EA3B6D6299E}"
	ProjectSection(ProjectDependencies) = postProject
		{4741F946-CFAA-3469-963D-9F01C053C97E} = {4741F946-CFAA-3469-963D-9F01C053C97E}
	EndProjectSection
EndProject
Project("{8BC9CEB8-8B4A-11D0-8D11-00A0C91BC942}") = "netcdf4", "third_party_open\netcdf\netcdf4.vcxproj", "{1544CEA3-1365-4482-A719-FF5C14BBAE29}"
EndProject
Project("{6989167D-11E4-40FE-8C1A-2192A86A7E90}") = "netcdff", "third_party_open\netcdf\netcdff.vfproj", "{C29AA190-5BE8-4674-AA8A-E858964D3C08}"
EndProject
Project("{2150E333-8FDC-42A3-9474-1A3956D46DE8}") = "petsc", "petsc", "{4F90DF6F-E4AE-41B4-AAEA-52DB5B54B7A8}"
EndProject
Project("{6989167D-11E4-40FE-8C1A-2192A86A7E90}") = "petsc", "third_party_open\petsc\petsc.vfproj", "{83DF59A1-8F13-4E8C-B31F-8BF4CC2C82B3}"
EndProject
Project("{2150E333-8FDC-42A3-9474-1A3956D46DE8}") = "nefis", "nefis", "{FC4B9FB5-33FD-4A4D-9646-C626DBEBBD55}"
EndProject
Project("{8BC9CEB8-8B4A-11D0-8D11-00A0C91BC942}") = "nefis", "utils_lgpl\nefis\packages\nefis\nefis.vcxproj", "{A7BAFE5D-1301-48F8-878B-9BECB3DDE241}"
EndProject
Global
	GlobalSection(SolutionConfigurationPlatforms) = preSolution
		Debug|Win32 = Debug|Win32
		Debug|x64 = Debug|x64
		Debug|x86 = Debug|x86
		Release|Win32 = Release|Win32
		Release|x64 = Release|x64
		Release|x86 = Release|x86
	EndGlobalSection
	GlobalSection(ProjectConfigurationPlatforms) = postSolution
		{2D6BCBCA-CC6C-49FE-A6AA-61AF62529118}.Debug|Win32.ActiveCfg = Debug|Win32
		{2D6BCBCA-CC6C-49FE-A6AA-61AF62529118}.Debug|Win32.Build.0 = Debug|Win32
		{2D6BCBCA-CC6C-49FE-A6AA-61AF62529118}.Debug|x64.ActiveCfg = Debug|x64
		{2D6BCBCA-CC6C-49FE-A6AA-61AF62529118}.Debug|x64.Build.0 = Debug|x64
		{2D6BCBCA-CC6C-49FE-A6AA-61AF62529118}.Debug|x86.ActiveCfg = Debug|Win32
		{2D6BCBCA-CC6C-49FE-A6AA-61AF62529118}.Debug|x86.Build.0 = Debug|Win32
		{2D6BCBCA-CC6C-49FE-A6AA-61AF62529118}.Release|Win32.ActiveCfg = Release|Win32
		{2D6BCBCA-CC6C-49FE-A6AA-61AF62529118}.Release|Win32.Build.0 = Release|Win32
		{2D6BCBCA-CC6C-49FE-A6AA-61AF62529118}.Release|x64.ActiveCfg = Release|x64
		{2D6BCBCA-CC6C-49FE-A6AA-61AF62529118}.Release|x64.Build.0 = Release|x64
		{2D6BCBCA-CC6C-49FE-A6AA-61AF62529118}.Release|x86.ActiveCfg = Release|Win32
		{2D6BCBCA-CC6C-49FE-A6AA-61AF62529118}.Release|x86.Build.0 = Release|Win32
		{A5638E14-9D2D-49ED-ACA3-A73833756311}.Debug|Win32.ActiveCfg = Debug|Win32
		{A5638E14-9D2D-49ED-ACA3-A73833756311}.Debug|Win32.Build.0 = Debug|Win32
		{A5638E14-9D2D-49ED-ACA3-A73833756311}.Debug|x64.ActiveCfg = Debug|x64
		{A5638E14-9D2D-49ED-ACA3-A73833756311}.Debug|x64.Build.0 = Debug|x64
		{A5638E14-9D2D-49ED-ACA3-A73833756311}.Debug|x86.ActiveCfg = Debug|Win32
		{A5638E14-9D2D-49ED-ACA3-A73833756311}.Debug|x86.Build.0 = Debug|Win32
		{A5638E14-9D2D-49ED-ACA3-A73833756311}.Release|Win32.ActiveCfg = Release|Win32
		{A5638E14-9D2D-49ED-ACA3-A73833756311}.Release|Win32.Build.0 = Release|Win32
		{A5638E14-9D2D-49ED-ACA3-A73833756311}.Release|x64.ActiveCfg = Release|x64
		{A5638E14-9D2D-49ED-ACA3-A73833756311}.Release|x64.Build.0 = Release|x64
		{A5638E14-9D2D-49ED-ACA3-A73833756311}.Release|x86.ActiveCfg = Release|Win32
		{A5638E14-9D2D-49ED-ACA3-A73833756311}.Release|x86.Build.0 = Release|Win32
		{51065F4C-23D3-4C5F-AF5B-E70776409D7B}.Debug|Win32.ActiveCfg = Debug|Win32
		{51065F4C-23D3-4C5F-AF5B-E70776409D7B}.Debug|Win32.Build.0 = Debug|Win32
		{51065F4C-23D3-4C5F-AF5B-E70776409D7B}.Debug|x64.ActiveCfg = Debug|x64
		{51065F4C-23D3-4C5F-AF5B-E70776409D7B}.Debug|x64.Build.0 = Debug|x64
		{51065F4C-23D3-4C5F-AF5B-E70776409D7B}.Debug|x86.ActiveCfg = Debug|Win32
		{51065F4C-23D3-4C5F-AF5B-E70776409D7B}.Debug|x86.Build.0 = Debug|Win32
		{51065F4C-23D3-4C5F-AF5B-E70776409D7B}.Release|Win32.ActiveCfg = Release|Win32
		{51065F4C-23D3-4C5F-AF5B-E70776409D7B}.Release|Win32.Build.0 = Release|Win32
		{51065F4C-23D3-4C5F-AF5B-E70776409D7B}.Release|x64.ActiveCfg = Release|x64
		{51065F4C-23D3-4C5F-AF5B-E70776409D7B}.Release|x64.Build.0 = Release|x64
		{51065F4C-23D3-4C5F-AF5B-E70776409D7B}.Release|x86.ActiveCfg = Release|Win32
		{51065F4C-23D3-4C5F-AF5B-E70776409D7B}.Release|x86.Build.0 = Release|Win32
		{57CF2433-00B2-4173-AD21-32CA1AE3380C}.Debug|Win32.ActiveCfg = Debug|Win32
		{57CF2433-00B2-4173-AD21-32CA1AE3380C}.Debug|Win32.Build.0 = Debug|Win32
		{57CF2433-00B2-4173-AD21-32CA1AE3380C}.Debug|x64.ActiveCfg = Debug|x64
		{57CF2433-00B2-4173-AD21-32CA1AE3380C}.Debug|x64.Build.0 = Debug|x64
		{57CF2433-00B2-4173-AD21-32CA1AE3380C}.Debug|x86.ActiveCfg = Debug|Win32
		{57CF2433-00B2-4173-AD21-32CA1AE3380C}.Debug|x86.Build.0 = Debug|Win32
		{57CF2433-00B2-4173-AD21-32CA1AE3380C}.Release|Win32.ActiveCfg = Release|Win32
		{57CF2433-00B2-4173-AD21-32CA1AE3380C}.Release|Win32.Build.0 = Release|Win32
		{57CF2433-00B2-4173-AD21-32CA1AE3380C}.Release|x64.ActiveCfg = Release|x64
		{57CF2433-00B2-4173-AD21-32CA1AE3380C}.Release|x64.Build.0 = Release|x64
		{57CF2433-00B2-4173-AD21-32CA1AE3380C}.Release|x86.ActiveCfg = Release|Win32
		{57CF2433-00B2-4173-AD21-32CA1AE3380C}.Release|x86.Build.0 = Release|Win32
		{1ED7D7C9-ACA9-4A50-8217-0901E12B1D70}.Debug|Win32.ActiveCfg = Debug|Win32
		{1ED7D7C9-ACA9-4A50-8217-0901E12B1D70}.Debug|Win32.Build.0 = Debug|Win32
		{1ED7D7C9-ACA9-4A50-8217-0901E12B1D70}.Debug|x64.ActiveCfg = Debug|x64
		{1ED7D7C9-ACA9-4A50-8217-0901E12B1D70}.Debug|x64.Build.0 = Debug|x64
		{1ED7D7C9-ACA9-4A50-8217-0901E12B1D70}.Debug|x86.ActiveCfg = Debug|Win32
		{1ED7D7C9-ACA9-4A50-8217-0901E12B1D70}.Debug|x86.Build.0 = Debug|Win32
		{1ED7D7C9-ACA9-4A50-8217-0901E12B1D70}.Release|Win32.ActiveCfg = Release|Win32
		{1ED7D7C9-ACA9-4A50-8217-0901E12B1D70}.Release|Win32.Build.0 = Release|Win32
		{1ED7D7C9-ACA9-4A50-8217-0901E12B1D70}.Release|x64.ActiveCfg = Release|x64
		{1ED7D7C9-ACA9-4A50-8217-0901E12B1D70}.Release|x64.Build.0 = Release|x64
		{1ED7D7C9-ACA9-4A50-8217-0901E12B1D70}.Release|x86.ActiveCfg = Release|Win32
		{1ED7D7C9-ACA9-4A50-8217-0901E12B1D70}.Release|x86.Build.0 = Release|Win32
		{62E2E1DA-4AFA-4880-A508-1C4F217C93B1}.Debug|Win32.ActiveCfg = Debug|Win32
		{62E2E1DA-4AFA-4880-A508-1C4F217C93B1}.Debug|Win32.Build.0 = Debug|Win32
		{62E2E1DA-4AFA-4880-A508-1C4F217C93B1}.Debug|x64.ActiveCfg = Debug|x64
		{62E2E1DA-4AFA-4880-A508-1C4F217C93B1}.Debug|x64.Build.0 = Debug|x64
		{62E2E1DA-4AFA-4880-A508-1C4F217C93B1}.Debug|x86.ActiveCfg = Debug|Win32
		{62E2E1DA-4AFA-4880-A508-1C4F217C93B1}.Debug|x86.Build.0 = Debug|Win32
		{62E2E1DA-4AFA-4880-A508-1C4F217C93B1}.Release|Win32.ActiveCfg = Release|Win32
		{62E2E1DA-4AFA-4880-A508-1C4F217C93B1}.Release|Win32.Build.0 = Release|Win32
		{62E2E1DA-4AFA-4880-A508-1C4F217C93B1}.Release|x64.ActiveCfg = Release|x64
		{62E2E1DA-4AFA-4880-A508-1C4F217C93B1}.Release|x64.Build.0 = Release|x64
		{62E2E1DA-4AFA-4880-A508-1C4F217C93B1}.Release|x86.ActiveCfg = Release|Win32
		{62E2E1DA-4AFA-4880-A508-1C4F217C93B1}.Release|x86.Build.0 = Release|Win32
		{0F5464E5-BDF2-46B1-849B-DC65433778B3}.Debug|Win32.ActiveCfg = Debug|Win32
		{0F5464E5-BDF2-46B1-849B-DC65433778B3}.Debug|Win32.Build.0 = Debug|Win32
		{0F5464E5-BDF2-46B1-849B-DC65433778B3}.Debug|x64.ActiveCfg = Debug|x64
		{0F5464E5-BDF2-46B1-849B-DC65433778B3}.Debug|x64.Build.0 = Debug|x64
		{0F5464E5-BDF2-46B1-849B-DC65433778B3}.Debug|x86.ActiveCfg = Debug|Win32
		{0F5464E5-BDF2-46B1-849B-DC65433778B3}.Debug|x86.Build.0 = Debug|Win32
		{0F5464E5-BDF2-46B1-849B-DC65433778B3}.Release|Win32.ActiveCfg = Release|Win32
		{0F5464E5-BDF2-46B1-849B-DC65433778B3}.Release|Win32.Build.0 = Release|Win32
		{0F5464E5-BDF2-46B1-849B-DC65433778B3}.Release|x64.ActiveCfg = Release|x64
		{0F5464E5-BDF2-46B1-849B-DC65433778B3}.Release|x64.Build.0 = Release|x64
		{0F5464E5-BDF2-46B1-849B-DC65433778B3}.Release|x86.ActiveCfg = Release|Win32
		{0F5464E5-BDF2-46B1-849B-DC65433778B3}.Release|x86.Build.0 = Release|Win32
		{BB8BB3D9-DDE0-46AE-8D39-28737C48F935}.Debug|Win32.ActiveCfg = Debug|Win32
		{BB8BB3D9-DDE0-46AE-8D39-28737C48F935}.Debug|Win32.Build.0 = Debug|Win32
		{BB8BB3D9-DDE0-46AE-8D39-28737C48F935}.Debug|x64.ActiveCfg = Debug|x64
		{BB8BB3D9-DDE0-46AE-8D39-28737C48F935}.Debug|x64.Build.0 = Debug|x64
		{BB8BB3D9-DDE0-46AE-8D39-28737C48F935}.Debug|x86.ActiveCfg = Debug|Win32
		{BB8BB3D9-DDE0-46AE-8D39-28737C48F935}.Debug|x86.Build.0 = Debug|Win32
		{BB8BB3D9-DDE0-46AE-8D39-28737C48F935}.Release|Win32.ActiveCfg = Release|Win32
		{BB8BB3D9-DDE0-46AE-8D39-28737C48F935}.Release|Win32.Build.0 = Release|Win32
		{BB8BB3D9-DDE0-46AE-8D39-28737C48F935}.Release|x64.ActiveCfg = Release|x64
		{BB8BB3D9-DDE0-46AE-8D39-28737C48F935}.Release|x64.Build.0 = Release|x64
		{BB8BB3D9-DDE0-46AE-8D39-28737C48F935}.Release|x86.ActiveCfg = Release|Win32
		{BB8BB3D9-DDE0-46AE-8D39-28737C48F935}.Release|x86.Build.0 = Release|Win32
		{326342ED-A405-4128-ADFF-9C157FE87FE9}.Debug|Win32.ActiveCfg = Debug|Win32
		{326342ED-A405-4128-ADFF-9C157FE87FE9}.Debug|Win32.Build.0 = Debug|Win32
		{326342ED-A405-4128-ADFF-9C157FE87FE9}.Debug|x64.ActiveCfg = Debug|x64
		{326342ED-A405-4128-ADFF-9C157FE87FE9}.Debug|x64.Build.0 = Debug|x64
		{326342ED-A405-4128-ADFF-9C157FE87FE9}.Debug|x86.ActiveCfg = Debug|Win32
		{326342ED-A405-4128-ADFF-9C157FE87FE9}.Debug|x86.Build.0 = Debug|Win32
		{326342ED-A405-4128-ADFF-9C157FE87FE9}.Release|Win32.ActiveCfg = Release|Win32
		{326342ED-A405-4128-ADFF-9C157FE87FE9}.Release|Win32.Build.0 = Release|Win32
		{326342ED-A405-4128-ADFF-9C157FE87FE9}.Release|x64.ActiveCfg = Release|x64
		{326342ED-A405-4128-ADFF-9C157FE87FE9}.Release|x64.Build.0 = Release|x64
		{326342ED-A405-4128-ADFF-9C157FE87FE9}.Release|x86.ActiveCfg = Release|Win32
		{326342ED-A405-4128-ADFF-9C157FE87FE9}.Release|x86.Build.0 = Release|Win32
		{3D34F0B9-2711-4C1B-B59E-5AF94894264B}.Debug|Win32.ActiveCfg = Debug|Win32
		{3D34F0B9-2711-4C1B-B59E-5AF94894264B}.Debug|Win32.Build.0 = Debug|Win32
		{3D34F0B9-2711-4C1B-B59E-5AF94894264B}.Debug|x64.ActiveCfg = Debug|x64
		{3D34F0B9-2711-4C1B-B59E-5AF94894264B}.Debug|x64.Build.0 = Debug|x64
		{3D34F0B9-2711-4C1B-B59E-5AF94894264B}.Debug|x86.ActiveCfg = Debug|Win32
		{3D34F0B9-2711-4C1B-B59E-5AF94894264B}.Debug|x86.Build.0 = Debug|Win32
		{3D34F0B9-2711-4C1B-B59E-5AF94894264B}.Release|Win32.ActiveCfg = Release|Win32
		{3D34F0B9-2711-4C1B-B59E-5AF94894264B}.Release|Win32.Build.0 = Release|Win32
		{3D34F0B9-2711-4C1B-B59E-5AF94894264B}.Release|x64.ActiveCfg = Release|x64
		{3D34F0B9-2711-4C1B-B59E-5AF94894264B}.Release|x64.Build.0 = Release|x64
		{3D34F0B9-2711-4C1B-B59E-5AF94894264B}.Release|x86.ActiveCfg = Release|Win32
		{3D34F0B9-2711-4C1B-B59E-5AF94894264B}.Release|x86.Build.0 = Release|Win32
		{F8DB0933-F02C-49B3-8C4A-1C05688BC246}.Debug|Win32.ActiveCfg = Debug|Win32
		{F8DB0933-F02C-49B3-8C4A-1C05688BC246}.Debug|Win32.Build.0 = Debug|Win32
		{F8DB0933-F02C-49B3-8C4A-1C05688BC246}.Debug|x64.ActiveCfg = Debug|x64
		{F8DB0933-F02C-49B3-8C4A-1C05688BC246}.Debug|x64.Build.0 = Debug|x64
		{F8DB0933-F02C-49B3-8C4A-1C05688BC246}.Debug|x86.ActiveCfg = Debug|Win32
		{F8DB0933-F02C-49B3-8C4A-1C05688BC246}.Debug|x86.Build.0 = Debug|Win32
		{F8DB0933-F02C-49B3-8C4A-1C05688BC246}.Release|Win32.ActiveCfg = Release|Win32
		{F8DB0933-F02C-49B3-8C4A-1C05688BC246}.Release|x64.ActiveCfg = Release|x64
		{F8DB0933-F02C-49B3-8C4A-1C05688BC246}.Release|x64.Build.0 = Release|x64
		{F8DB0933-F02C-49B3-8C4A-1C05688BC246}.Release|x86.ActiveCfg = Release|Win32
		{F8DB0933-F02C-49B3-8C4A-1C05688BC246}.Release|x86.Build.0 = Release|Win32
		{9249B679-366D-4838-ADCE-A9A8E6EAEAB4}.Debug|Win32.ActiveCfg = Debug|Win32
		{9249B679-366D-4838-ADCE-A9A8E6EAEAB4}.Debug|Win32.Build.0 = Debug|Win32
		{9249B679-366D-4838-ADCE-A9A8E6EAEAB4}.Debug|x64.ActiveCfg = Debug|x64
		{9249B679-366D-4838-ADCE-A9A8E6EAEAB4}.Debug|x64.Build.0 = Debug|x64
		{9249B679-366D-4838-ADCE-A9A8E6EAEAB4}.Debug|x86.ActiveCfg = Debug|Win32
		{9249B679-366D-4838-ADCE-A9A8E6EAEAB4}.Debug|x86.Build.0 = Debug|Win32
		{9249B679-366D-4838-ADCE-A9A8E6EAEAB4}.Release|Win32.ActiveCfg = Release|Win32
		{9249B679-366D-4838-ADCE-A9A8E6EAEAB4}.Release|Win32.Build.0 = Release|Win32
		{9249B679-366D-4838-ADCE-A9A8E6EAEAB4}.Release|x64.ActiveCfg = Release|x64
		{9249B679-366D-4838-ADCE-A9A8E6EAEAB4}.Release|x64.Build.0 = Release|x64
		{9249B679-366D-4838-ADCE-A9A8E6EAEAB4}.Release|x86.ActiveCfg = Release|Win32
		{9249B679-366D-4838-ADCE-A9A8E6EAEAB4}.Release|x86.Build.0 = Release|Win32
		{B8F4B0C9-1EE7-4719-B927-5126F82E9713}.Debug|Win32.ActiveCfg = Debug|Win32
		{B8F4B0C9-1EE7-4719-B927-5126F82E9713}.Debug|Win32.Build.0 = Debug|Win32
		{B8F4B0C9-1EE7-4719-B927-5126F82E9713}.Debug|x64.ActiveCfg = Debug|x64
		{B8F4B0C9-1EE7-4719-B927-5126F82E9713}.Debug|x64.Build.0 = Debug|x64
		{B8F4B0C9-1EE7-4719-B927-5126F82E9713}.Debug|x86.ActiveCfg = Debug|Win32
		{B8F4B0C9-1EE7-4719-B927-5126F82E9713}.Debug|x86.Build.0 = Debug|Win32
		{B8F4B0C9-1EE7-4719-B927-5126F82E9713}.Release|Win32.ActiveCfg = Release|Win32
		{B8F4B0C9-1EE7-4719-B927-5126F82E9713}.Release|Win32.Build.0 = Release|Win32
		{B8F4B0C9-1EE7-4719-B927-5126F82E9713}.Release|x64.ActiveCfg = Release|x64
		{B8F4B0C9-1EE7-4719-B927-5126F82E9713}.Release|x64.Build.0 = Release|x64
		{B8F4B0C9-1EE7-4719-B927-5126F82E9713}.Release|x86.ActiveCfg = Release|Win32
		{B8F4B0C9-1EE7-4719-B927-5126F82E9713}.Release|x86.Build.0 = Release|Win32
		{36FB187C-1B94-4C1B-8781-C6C9A38C742C}.Debug|Win32.ActiveCfg = Debug|Win32
		{36FB187C-1B94-4C1B-8781-C6C9A38C742C}.Debug|Win32.Build.0 = Debug|Win32
		{36FB187C-1B94-4C1B-8781-C6C9A38C742C}.Debug|x64.ActiveCfg = Debug|x64
		{36FB187C-1B94-4C1B-8781-C6C9A38C742C}.Debug|x64.Build.0 = Debug|x64
		{36FB187C-1B94-4C1B-8781-C6C9A38C742C}.Debug|x86.ActiveCfg = Debug|Win32
		{36FB187C-1B94-4C1B-8781-C6C9A38C742C}.Debug|x86.Build.0 = Debug|Win32
		{36FB187C-1B94-4C1B-8781-C6C9A38C742C}.Release|Win32.ActiveCfg = Release|Win32
		{36FB187C-1B94-4C1B-8781-C6C9A38C742C}.Release|Win32.Build.0 = Release|Win32
		{36FB187C-1B94-4C1B-8781-C6C9A38C742C}.Release|x64.ActiveCfg = Release|x64
		{36FB187C-1B94-4C1B-8781-C6C9A38C742C}.Release|x64.Build.0 = Release|x64
		{36FB187C-1B94-4C1B-8781-C6C9A38C742C}.Release|x86.ActiveCfg = Release|Win32
		{36FB187C-1B94-4C1B-8781-C6C9A38C742C}.Release|x86.Build.0 = Release|Win32
		{4741F946-CFAA-3469-963D-9F01C053C97E}.Debug|Win32.ActiveCfg = Debug|Win32
		{4741F946-CFAA-3469-963D-9F01C053C97E}.Debug|Win32.Build.0 = Debug|Win32
		{4741F946-CFAA-3469-963D-9F01C053C97E}.Debug|x64.ActiveCfg = Debug|x64
		{4741F946-CFAA-3469-963D-9F01C053C97E}.Debug|x64.Build.0 = Debug|x64
		{4741F946-CFAA-3469-963D-9F01C053C97E}.Debug|x86.ActiveCfg = Debug|Win32
		{4741F946-CFAA-3469-963D-9F01C053C97E}.Debug|x86.Build.0 = Debug|Win32
		{4741F946-CFAA-3469-963D-9F01C053C97E}.Release|Win32.ActiveCfg = Release|Win32
		{4741F946-CFAA-3469-963D-9F01C053C97E}.Release|Win32.Build.0 = Release|Win32
		{4741F946-CFAA-3469-963D-9F01C053C97E}.Release|x64.ActiveCfg = Release|x64
		{4741F946-CFAA-3469-963D-9F01C053C97E}.Release|x64.Build.0 = Release|x64
		{4741F946-CFAA-3469-963D-9F01C053C97E}.Release|x86.ActiveCfg = Release|Win32
		{4741F946-CFAA-3469-963D-9F01C053C97E}.Release|x86.Build.0 = Release|Win32
		{B38AA81E-A244-3E86-BCBB-7B7E187DB218}.Debug|Win32.ActiveCfg = Debug|Win32
		{B38AA81E-A244-3E86-BCBB-7B7E187DB218}.Debug|Win32.Build.0 = Debug|Win32
		{B38AA81E-A244-3E86-BCBB-7B7E187DB218}.Debug|x64.ActiveCfg = Debug|x64
		{B38AA81E-A244-3E86-BCBB-7B7E187DB218}.Debug|x64.Build.0 = Debug|x64
		{B38AA81E-A244-3E86-BCBB-7B7E187DB218}.Debug|x86.ActiveCfg = Debug|Win32
		{B38AA81E-A244-3E86-BCBB-7B7E187DB218}.Debug|x86.Build.0 = Debug|Win32
		{B38AA81E-A244-3E86-BCBB-7B7E187DB218}.Release|Win32.ActiveCfg = Release|Win32
		{B38AA81E-A244-3E86-BCBB-7B7E187DB218}.Release|Win32.Build.0 = Release|Win32
		{B38AA81E-A244-3E86-BCBB-7B7E187DB218}.Release|x64.ActiveCfg = Release|x64
		{B38AA81E-A244-3E86-BCBB-7B7E187DB218}.Release|x64.Build.0 = Release|x64
		{B38AA81E-A244-3E86-BCBB-7B7E187DB218}.Release|x86.ActiveCfg = Release|Win32
		{B38AA81E-A244-3E86-BCBB-7B7E187DB218}.Release|x86.Build.0 = Release|Win32
		{9867C9D6-9122-494E-8D05-FEEB0E94CF75}.Debug|Win32.ActiveCfg = Debug|Win32
		{9867C9D6-9122-494E-8D05-FEEB0E94CF75}.Debug|Win32.Build.0 = Debug|Win32
		{9867C9D6-9122-494E-8D05-FEEB0E94CF75}.Debug|x64.ActiveCfg = Debug|x64
		{9867C9D6-9122-494E-8D05-FEEB0E94CF75}.Debug|x64.Build.0 = Debug|x64
		{9867C9D6-9122-494E-8D05-FEEB0E94CF75}.Debug|x86.ActiveCfg = Debug|Win32
		{9867C9D6-9122-494E-8D05-FEEB0E94CF75}.Debug|x86.Build.0 = Debug|Win32
		{9867C9D6-9122-494E-8D05-FEEB0E94CF75}.Release|Win32.ActiveCfg = Release|Win32
		{9867C9D6-9122-494E-8D05-FEEB0E94CF75}.Release|Win32.Build.0 = Release|Win32
		{9867C9D6-9122-494E-8D05-FEEB0E94CF75}.Release|x64.ActiveCfg = Release|x64
		{9867C9D6-9122-494E-8D05-FEEB0E94CF75}.Release|x64.Build.0 = Release|x64
		{9867C9D6-9122-494E-8D05-FEEB0E94CF75}.Release|x86.ActiveCfg = Release|Win32
		{9867C9D6-9122-494E-8D05-FEEB0E94CF75}.Release|x86.Build.0 = Release|Win32
		{EAF6A200-687E-4965-A739-85F6A3E6416F}.Debug|Win32.ActiveCfg = Debug|Win32
		{EAF6A200-687E-4965-A739-85F6A3E6416F}.Debug|Win32.Build.0 = Debug|Win32
		{EAF6A200-687E-4965-A739-85F6A3E6416F}.Debug|x64.ActiveCfg = Debug|x64
		{EAF6A200-687E-4965-A739-85F6A3E6416F}.Debug|x64.Build.0 = Debug|x64
		{EAF6A200-687E-4965-A739-85F6A3E6416F}.Debug|x86.ActiveCfg = Debug|Win32
		{EAF6A200-687E-4965-A739-85F6A3E6416F}.Debug|x86.Build.0 = Debug|Win32
		{EAF6A200-687E-4965-A739-85F6A3E6416F}.Release|Win32.ActiveCfg = Release|Win32
		{EAF6A200-687E-4965-A739-85F6A3E6416F}.Release|Win32.Build.0 = Release|Win32
		{EAF6A200-687E-4965-A739-85F6A3E6416F}.Release|x64.ActiveCfg = Release|x64
		{EAF6A200-687E-4965-A739-85F6A3E6416F}.Release|x64.Build.0 = Release|x64
		{EAF6A200-687E-4965-A739-85F6A3E6416F}.Release|x86.ActiveCfg = Release|Win32
		{EAF6A200-687E-4965-A739-85F6A3E6416F}.Release|x86.Build.0 = Release|Win32
		{7CD53A26-F17A-4FD8-A8D6-B5D768396523}.Debug|Win32.ActiveCfg = Debug|Win32
		{7CD53A26-F17A-4FD8-A8D6-B5D768396523}.Debug|Win32.Build.0 = Debug|Win32
		{7CD53A26-F17A-4FD8-A8D6-B5D768396523}.Debug|x64.ActiveCfg = Debug|x64
		{7CD53A26-F17A-4FD8-A8D6-B5D768396523}.Debug|x64.Build.0 = Debug|x64
		{7CD53A26-F17A-4FD8-A8D6-B5D768396523}.Debug|x86.ActiveCfg = Debug|Win32
		{7CD53A26-F17A-4FD8-A8D6-B5D768396523}.Debug|x86.Build.0 = Debug|Win32
		{7CD53A26-F17A-4FD8-A8D6-B5D768396523}.Release|Win32.ActiveCfg = Release|Win32
		{7CD53A26-F17A-4FD8-A8D6-B5D768396523}.Release|Win32.Build.0 = Release|Win32
		{7CD53A26-F17A-4FD8-A8D6-B5D768396523}.Release|x64.ActiveCfg = Release|x64
		{7CD53A26-F17A-4FD8-A8D6-B5D768396523}.Release|x64.Build.0 = Release|x64
		{7CD53A26-F17A-4FD8-A8D6-B5D768396523}.Release|x86.ActiveCfg = Release|Win32
		{7CD53A26-F17A-4FD8-A8D6-B5D768396523}.Release|x86.Build.0 = Release|Win32
		{2629BDAB-2ABD-43BE-A9B1-7165813E19AB}.Debug|Win32.ActiveCfg = Debug|Win32
		{2629BDAB-2ABD-43BE-A9B1-7165813E19AB}.Debug|Win32.Build.0 = Debug|Win32
		{2629BDAB-2ABD-43BE-A9B1-7165813E19AB}.Debug|x64.ActiveCfg = Debug|x64
		{2629BDAB-2ABD-43BE-A9B1-7165813E19AB}.Debug|x64.Build.0 = Debug|x64
		{2629BDAB-2ABD-43BE-A9B1-7165813E19AB}.Debug|x86.ActiveCfg = Debug|Win32
		{2629BDAB-2ABD-43BE-A9B1-7165813E19AB}.Debug|x86.Build.0 = Debug|Win32
		{2629BDAB-2ABD-43BE-A9B1-7165813E19AB}.Release|Win32.ActiveCfg = Release|Win32
		{2629BDAB-2ABD-43BE-A9B1-7165813E19AB}.Release|Win32.Build.0 = Release|Win32
		{2629BDAB-2ABD-43BE-A9B1-7165813E19AB}.Release|x64.ActiveCfg = Release|x64
		{2629BDAB-2ABD-43BE-A9B1-7165813E19AB}.Release|x64.Build.0 = Release|x64
		{2629BDAB-2ABD-43BE-A9B1-7165813E19AB}.Release|x86.ActiveCfg = Release|Win32
		{2629BDAB-2ABD-43BE-A9B1-7165813E19AB}.Release|x86.Build.0 = Release|Win32
		{A26ADD1A-A28B-419C-9CBD-E60537A49B22}.Debug|Win32.ActiveCfg = Debug|x86
		{A26ADD1A-A28B-419C-9CBD-E60537A49B22}.Debug|x64.ActiveCfg = Debug|x64
		{A26ADD1A-A28B-419C-9CBD-E60537A49B22}.Debug|x64.Build.0 = Debug|x64
		{A26ADD1A-A28B-419C-9CBD-E60537A49B22}.Debug|x86.ActiveCfg = Debug|x86
		{A26ADD1A-A28B-419C-9CBD-E60537A49B22}.Release|Win32.ActiveCfg = Release|x86
		{A26ADD1A-A28B-419C-9CBD-E60537A49B22}.Release|x64.ActiveCfg = Release|x64
		{A26ADD1A-A28B-419C-9CBD-E60537A49B22}.Release|x64.Build.0 = Release|x64
		{A26ADD1A-A28B-419C-9CBD-E60537A49B22}.Release|x86.ActiveCfg = Release|x86
		{20C4AEC6-AAC8-44AA-842E-325FA771DE9F}.Debug|Win32.ActiveCfg = Debug|x86
		{20C4AEC6-AAC8-44AA-842E-325FA771DE9F}.Debug|x64.ActiveCfg = Debug|x64
		{20C4AEC6-AAC8-44AA-842E-325FA771DE9F}.Debug|x64.Build.0 = Debug|x64
		{20C4AEC6-AAC8-44AA-842E-325FA771DE9F}.Debug|x86.ActiveCfg = Debug|x86
		{20C4AEC6-AAC8-44AA-842E-325FA771DE9F}.Release|Win32.ActiveCfg = Release|x86
		{20C4AEC6-AAC8-44AA-842E-325FA771DE9F}.Release|x64.ActiveCfg = Release|x64
		{20C4AEC6-AAC8-44AA-842E-325FA771DE9F}.Release|x64.Build.0 = Release|x64
		{20C4AEC6-AAC8-44AA-842E-325FA771DE9F}.Release|x86.ActiveCfg = Release|x86
		{977F480F-21E9-47B0-ACAD-8E6C23D94F13}.Debug|Win32.ActiveCfg = Debug|x86
		{977F480F-21E9-47B0-ACAD-8E6C23D94F13}.Debug|x64.ActiveCfg = Debug|x64
		{977F480F-21E9-47B0-ACAD-8E6C23D94F13}.Debug|x64.Build.0 = Debug|x64
		{977F480F-21E9-47B0-ACAD-8E6C23D94F13}.Debug|x86.ActiveCfg = Debug|x86
		{977F480F-21E9-47B0-ACAD-8E6C23D94F13}.Release|Win32.ActiveCfg = Release|x86
		{977F480F-21E9-47B0-ACAD-8E6C23D94F13}.Release|x64.ActiveCfg = Release|x64
		{977F480F-21E9-47B0-ACAD-8E6C23D94F13}.Release|x64.Build.0 = Release|x64
		{977F480F-21E9-47B0-ACAD-8E6C23D94F13}.Release|x86.ActiveCfg = Release|x86
		{F134E55D-8B5B-4C58-95EF-1DC774E03047}.Debug|Win32.ActiveCfg = Debug|Win32
		{F134E55D-8B5B-4C58-95EF-1DC774E03047}.Debug|Win32.Build.0 = Debug|Win32
		{F134E55D-8B5B-4C58-95EF-1DC774E03047}.Debug|x64.ActiveCfg = Debug|x64
		{F134E55D-8B5B-4C58-95EF-1DC774E03047}.Debug|x64.Build.0 = Debug|x64
		{F134E55D-8B5B-4C58-95EF-1DC774E03047}.Debug|x86.ActiveCfg = Debug|Win32
		{F134E55D-8B5B-4C58-95EF-1DC774E03047}.Debug|x86.Build.0 = Debug|Win32
		{F134E55D-8B5B-4C58-95EF-1DC774E03047}.Release|Win32.ActiveCfg = Release|Win32
		{F134E55D-8B5B-4C58-95EF-1DC774E03047}.Release|Win32.Build.0 = Release|Win32
		{F134E55D-8B5B-4C58-95EF-1DC774E03047}.Release|x64.ActiveCfg = Release|x64
		{F134E55D-8B5B-4C58-95EF-1DC774E03047}.Release|x64.Build.0 = Release|x64
		{F134E55D-8B5B-4C58-95EF-1DC774E03047}.Release|x86.ActiveCfg = Release|Win32
		{F134E55D-8B5B-4C58-95EF-1DC774E03047}.Release|x86.Build.0 = Release|Win32
		{646AC13C-F3FD-404B-A102-4684B80F330B}.Debug|Win32.ActiveCfg = Debug|x86
		{646AC13C-F3FD-404B-A102-4684B80F330B}.Debug|x64.ActiveCfg = Debug|x64
		{646AC13C-F3FD-404B-A102-4684B80F330B}.Debug|x64.Build.0 = Debug|x64
		{646AC13C-F3FD-404B-A102-4684B80F330B}.Debug|x86.ActiveCfg = Debug|x86
		{646AC13C-F3FD-404B-A102-4684B80F330B}.Release|Win32.ActiveCfg = Release|x86
		{646AC13C-F3FD-404B-A102-4684B80F330B}.Release|x64.ActiveCfg = Release|x64
		{646AC13C-F3FD-404B-A102-4684B80F330B}.Release|x86.ActiveCfg = Release|x86
		{D343152C-DE4D-43BA-B40F-DCE169B95416}.Debug|Win32.ActiveCfg = Debug|Win32
		{D343152C-DE4D-43BA-B40F-DCE169B95416}.Debug|Win32.Build.0 = Debug|Win32
		{D343152C-DE4D-43BA-B40F-DCE169B95416}.Debug|x64.ActiveCfg = Debug|x64
		{D343152C-DE4D-43BA-B40F-DCE169B95416}.Debug|x64.Build.0 = Debug|x64
		{D343152C-DE4D-43BA-B40F-DCE169B95416}.Debug|x86.ActiveCfg = Debug|Win32
		{D343152C-DE4D-43BA-B40F-DCE169B95416}.Debug|x86.Build.0 = Debug|Win32
		{D343152C-DE4D-43BA-B40F-DCE169B95416}.Release|Win32.ActiveCfg = Release|Win32
		{D343152C-DE4D-43BA-B40F-DCE169B95416}.Release|Win32.Build.0 = Release|Win32
		{D343152C-DE4D-43BA-B40F-DCE169B95416}.Release|x64.ActiveCfg = Release|x64
		{D343152C-DE4D-43BA-B40F-DCE169B95416}.Release|x64.Build.0 = Release|x64
		{D343152C-DE4D-43BA-B40F-DCE169B95416}.Release|x86.ActiveCfg = Release|Win32
		{D343152C-DE4D-43BA-B40F-DCE169B95416}.Release|x86.Build.0 = Release|Win32
		{5B3EFD3B-EEED-4D82-86E6-2EA3B6D6299E}.Debug|Win32.ActiveCfg = Debug|Win32
		{5B3EFD3B-EEED-4D82-86E6-2EA3B6D6299E}.Debug|Win32.Build.0 = Debug|Win32
		{5B3EFD3B-EEED-4D82-86E6-2EA3B6D6299E}.Debug|x64.ActiveCfg = Debug|x64
		{5B3EFD3B-EEED-4D82-86E6-2EA3B6D6299E}.Debug|x64.Build.0 = Debug|x64
		{5B3EFD3B-EEED-4D82-86E6-2EA3B6D6299E}.Debug|x86.ActiveCfg = Debug|Win32
		{5B3EFD3B-EEED-4D82-86E6-2EA3B6D6299E}.Debug|x86.Build.0 = Debug|Win32
		{5B3EFD3B-EEED-4D82-86E6-2EA3B6D6299E}.Release|Win32.ActiveCfg = Release|Win32
		{5B3EFD3B-EEED-4D82-86E6-2EA3B6D6299E}.Release|Win32.Build.0 = Release|Win32
		{5B3EFD3B-EEED-4D82-86E6-2EA3B6D6299E}.Release|x64.ActiveCfg = Release|x64
		{5B3EFD3B-EEED-4D82-86E6-2EA3B6D6299E}.Release|x64.Build.0 = Release|x64
		{5B3EFD3B-EEED-4D82-86E6-2EA3B6D6299E}.Release|x86.ActiveCfg = Release|Win32
		{5B3EFD3B-EEED-4D82-86E6-2EA3B6D6299E}.Release|x86.Build.0 = Release|Win32
		{1544CEA3-1365-4482-A719-FF5C14BBAE29}.Debug|Win32.ActiveCfg = Debug|Win32
		{1544CEA3-1365-4482-A719-FF5C14BBAE29}.Debug|Win32.Build.0 = Debug|Win32
		{1544CEA3-1365-4482-A719-FF5C14BBAE29}.Debug|x64.ActiveCfg = Debug|x64
		{1544CEA3-1365-4482-A719-FF5C14BBAE29}.Debug|x64.Build.0 = Debug|x64
		{1544CEA3-1365-4482-A719-FF5C14BBAE29}.Debug|x86.ActiveCfg = Debug|x64
		{1544CEA3-1365-4482-A719-FF5C14BBAE29}.Release|Win32.ActiveCfg = Release|Win32
		{1544CEA3-1365-4482-A719-FF5C14BBAE29}.Release|Win32.Build.0 = Release|Win32
		{1544CEA3-1365-4482-A719-FF5C14BBAE29}.Release|x64.ActiveCfg = Release|x64
		{1544CEA3-1365-4482-A719-FF5C14BBAE29}.Release|x64.Build.0 = Release|x64
		{1544CEA3-1365-4482-A719-FF5C14BBAE29}.Release|x86.ActiveCfg = Release|x64
		{C29AA190-5BE8-4674-AA8A-E858964D3C08}.Debug|Win32.ActiveCfg = Debug|Win32
		{C29AA190-5BE8-4674-AA8A-E858964D3C08}.Debug|Win32.Build.0 = Debug|Win32
		{C29AA190-5BE8-4674-AA8A-E858964D3C08}.Debug|x64.ActiveCfg = Debug|x64
		{C29AA190-5BE8-4674-AA8A-E858964D3C08}.Debug|x64.Build.0 = Debug|x64
		{C29AA190-5BE8-4674-AA8A-E858964D3C08}.Debug|x86.ActiveCfg = Debug|x64
		{C29AA190-5BE8-4674-AA8A-E858964D3C08}.Release|Win32.ActiveCfg = Release|Win32
		{C29AA190-5BE8-4674-AA8A-E858964D3C08}.Release|Win32.Build.0 = Release|Win32
		{C29AA190-5BE8-4674-AA8A-E858964D3C08}.Release|x64.ActiveCfg = Release|x64
		{C29AA190-5BE8-4674-AA8A-E858964D3C08}.Release|x64.Build.0 = Release|x64
		{C29AA190-5BE8-4674-AA8A-E858964D3C08}.Release|x86.ActiveCfg = Release|x64
		{83DF59A1-8F13-4E8C-B31F-8BF4CC2C82B3}.Debug|Win32.ActiveCfg = Debug|Win32
		{83DF59A1-8F13-4E8C-B31F-8BF4CC2C82B3}.Debug|Win32.Build.0 = Debug|Win32
		{83DF59A1-8F13-4E8C-B31F-8BF4CC2C82B3}.Debug|x64.ActiveCfg = Debug|x64
		{83DF59A1-8F13-4E8C-B31F-8BF4CC2C82B3}.Debug|x64.Build.0 = Debug|x64
		{83DF59A1-8F13-4E8C-B31F-8BF4CC2C82B3}.Debug|x86.ActiveCfg = Debug|Win32
		{83DF59A1-8F13-4E8C-B31F-8BF4CC2C82B3}.Debug|x86.Build.0 = Debug|Win32
		{83DF59A1-8F13-4E8C-B31F-8BF4CC2C82B3}.Release|Win32.ActiveCfg = Release|Win32
		{83DF59A1-8F13-4E8C-B31F-8BF4CC2C82B3}.Release|Win32.Build.0 = Release|Win32
		{83DF59A1-8F13-4E8C-B31F-8BF4CC2C82B3}.Release|x64.ActiveCfg = Release|x64
		{83DF59A1-8F13-4E8C-B31F-8BF4CC2C82B3}.Release|x64.Build.0 = Release|x64
		{83DF59A1-8F13-4E8C-B31F-8BF4CC2C82B3}.Release|x86.ActiveCfg = Release|Win32
		{83DF59A1-8F13-4E8C-B31F-8BF4CC2C82B3}.Release|x86.Build.0 = Release|Win32
		{A7BAFE5D-1301-48F8-878B-9BECB3DDE241}.Debug|Win32.ActiveCfg = Debug|Win32
		{A7BAFE5D-1301-48F8-878B-9BECB3DDE241}.Debug|Win32.Build.0 = Debug|Win32
		{A7BAFE5D-1301-48F8-878B-9BECB3DDE241}.Debug|x64.ActiveCfg = Debug|x64
		{A7BAFE5D-1301-48F8-878B-9BECB3DDE241}.Debug|x64.Build.0 = Debug|x64
		{A7BAFE5D-1301-48F8-878B-9BECB3DDE241}.Debug|x86.ActiveCfg = Debug|Win32
		{A7BAFE5D-1301-48F8-878B-9BECB3DDE241}.Debug|x86.Build.0 = Debug|Win32
		{A7BAFE5D-1301-48F8-878B-9BECB3DDE241}.Release|Win32.ActiveCfg = Release|Win32
		{A7BAFE5D-1301-48F8-878B-9BECB3DDE241}.Release|Win32.Build.0 = Release|Win32
		{A7BAFE5D-1301-48F8-878B-9BECB3DDE241}.Release|x64.ActiveCfg = Release|x64
		{A7BAFE5D-1301-48F8-878B-9BECB3DDE241}.Release|x64.Build.0 = Release|x64
		{A7BAFE5D-1301-48F8-878B-9BECB3DDE241}.Release|x86.ActiveCfg = Release|Win32
		{A7BAFE5D-1301-48F8-878B-9BECB3DDE241}.Release|x86.Build.0 = Release|Win32
	EndGlobalSection
	GlobalSection(SolutionProperties) = preSolution
		HideSolutionNode = FALSE
	EndGlobalSection
	GlobalSection(NestedProjects) = preSolution
		{2D6BCBCA-CC6C-49FE-A6AA-61AF62529118} = {DC24FFCE-9004-41EA-B599-667BBB5C9BDC}
		{A5638E14-9D2D-49ED-ACA3-A73833756311} = {5AA5132F-A3DE-449D-BE24-F8611F826D09}
		{DC24FFCE-9004-41EA-B599-667BBB5C9BDC} = {E86AA903-25B1-475E-8E53-E4E3F9CEB5FF}
		{51065F4C-23D3-4C5F-AF5B-E70776409D7B} = {DC24FFCE-9004-41EA-B599-667BBB5C9BDC}
		{57CF2433-00B2-4173-AD21-32CA1AE3380C} = {DC24FFCE-9004-41EA-B599-667BBB5C9BDC}
		{1ED7D7C9-ACA9-4A50-8217-0901E12B1D70} = {5AA5132F-A3DE-449D-BE24-F8611F826D09}
		{62E2E1DA-4AFA-4880-A508-1C4F217C93B1} = {79A1DB32-818B-4476-A534-D72DFD682CA7}
		{0F5464E5-BDF2-46B1-849B-DC65433778B3} = {5AA5132F-A3DE-449D-BE24-F8611F826D09}
		{BB8BB3D9-DDE0-46AE-8D39-28737C48F935} = {5AA5132F-A3DE-449D-BE24-F8611F826D09}
		{326342ED-A405-4128-ADFF-9C157FE87FE9} = {5AA5132F-A3DE-449D-BE24-F8611F826D09}
		{FD29F3DD-6863-4E6B-8504-ED3AA173F96B} = {E86AA903-25B1-475E-8E53-E4E3F9CEB5FF}
		{3D34F0B9-2711-4C1B-B59E-5AF94894264B} = {FD29F3DD-6863-4E6B-8504-ED3AA173F96B}
		{F8DB0933-F02C-49B3-8C4A-1C05688BC246} = {FD29F3DD-6863-4E6B-8504-ED3AA173F96B}
		{9249B679-366D-4838-ADCE-A9A8E6EAEAB4} = {3882442C-F8E2-4129-8EBE-16B175D7E89A}
		{B8F4B0C9-1EE7-4719-B927-5126F82E9713} = {3882442C-F8E2-4129-8EBE-16B175D7E89A}
		{36FB187C-1B94-4C1B-8781-C6C9A38C742C} = {5AA5132F-A3DE-449D-BE24-F8611F826D09}
		{3882442C-F8E2-4129-8EBE-16B175D7E89A} = {5AA5132F-A3DE-449D-BE24-F8611F826D09}
		{A387BCFB-2F13-4DD4-A181-07BA3F01A47F} = {5AA5132F-A3DE-449D-BE24-F8611F826D09}
		{4741F946-CFAA-3469-963D-9F01C053C97E} = {A387BCFB-2F13-4DD4-A181-07BA3F01A47F}
		{B38AA81E-A244-3E86-BCBB-7B7E187DB218} = {3882442C-F8E2-4129-8EBE-16B175D7E89A}
		{9867C9D6-9122-494E-8D05-FEEB0E94CF75} = {3882442C-F8E2-4129-8EBE-16B175D7E89A}
		{EAF6A200-687E-4965-A739-85F6A3E6416F} = {3882442C-F8E2-4129-8EBE-16B175D7E89A}
		{CB48B32E-669A-4B21-B977-4B3DDF97E139} = {E86AA903-25B1-475E-8E53-E4E3F9CEB5FF}
		{7CD53A26-F17A-4FD8-A8D6-B5D768396523} = {CB48B32E-669A-4B21-B977-4B3DDF97E139}
		{2629BDAB-2ABD-43BE-A9B1-7165813E19AB} = {CB48B32E-669A-4B21-B977-4B3DDF97E139}
		{592D6797-6AFB-47FF-8DB1-AF577C5FA318} = {CB48B32E-669A-4B21-B977-4B3DDF97E139}
		{A26ADD1A-A28B-419C-9CBD-E60537A49B22} = {592D6797-6AFB-47FF-8DB1-AF577C5FA318}
		{6213C44B-373B-4018-9398-F71DBCDF59B7} = {FD29F3DD-6863-4E6B-8504-ED3AA173F96B}
		{20C4AEC6-AAC8-44AA-842E-325FA771DE9F} = {6213C44B-373B-4018-9398-F71DBCDF59B7}
		{977F480F-21E9-47B0-ACAD-8E6C23D94F13} = {E86AA903-25B1-475E-8E53-E4E3F9CEB5FF}
		{79A1DB32-818B-4476-A534-D72DFD682CA7} = {E86AA903-25B1-475E-8E53-E4E3F9CEB5FF}
		{F134E55D-8B5B-4C58-95EF-1DC774E03047} = {79A1DB32-818B-4476-A534-D72DFD682CA7}
		{9C77B69F-DFCF-4F46-9177-CB1A66D44455} = {79A1DB32-818B-4476-A534-D72DFD682CA7}
		{646AC13C-F3FD-404B-A102-4684B80F330B} = {9C77B69F-DFCF-4F46-9177-CB1A66D44455}
		{D8700DCE-2287-4D58-A2E6-4C3A6CC2CA94} = {E86AA903-25B1-475E-8E53-E4E3F9CEB5FF}
		{D343152C-DE4D-43BA-B40F-DCE169B95416} = {D8700DCE-2287-4D58-A2E6-4C3A6CC2CA94}
		{44C96A65-91C2-4AA3-81B0-FCAEBB5B41F7} = {E86AA903-25B1-475E-8E53-E4E3F9CEB5FF}
		{5B3EFD3B-EEED-4D82-86E6-2EA3B6D6299E} = {44C96A65-91C2-4AA3-81B0-FCAEBB5B41F7}
		{1544CEA3-1365-4482-A719-FF5C14BBAE29} = {5AA5132F-A3DE-449D-BE24-F8611F826D09}
		{C29AA190-5BE8-4674-AA8A-E858964D3C08} = {5AA5132F-A3DE-449D-BE24-F8611F826D09}
		{4F90DF6F-E4AE-41B4-AAEA-52DB5B54B7A8} = {5AA5132F-A3DE-449D-BE24-F8611F826D09}
		{83DF59A1-8F13-4E8C-B31F-8BF4CC2C82B3} = {4F90DF6F-E4AE-41B4-AAEA-52DB5B54B7A8}
		{FC4B9FB5-33FD-4A4D-9646-C626DBEBBD55} = {E86AA903-25B1-475E-8E53-E4E3F9CEB5FF}
		{A7BAFE5D-1301-48F8-878B-9BECB3DDE241} = {FC4B9FB5-33FD-4A4D-9646-C626DBEBBD55}
	EndGlobalSection
	GlobalSection(ExtensibilityGlobals) = postSolution
		SolutionGuid = {A7EE193A-9683-47F9-953D-50459E245E04}
	EndGlobalSection
EndGlobal
