
Microsoft Visual Studio Solution File, Format Version 12.00
# Visual Studio 14
VisualStudioVersion = 14.0.25420.1
MinimumVisualStudioVersion = 10.0.40219.1
Project("{8BC9CEB8-8B4A-11D0-8D11-00A0C91BC942}") = "testods", "tests\testods\testods.vcxproj", "{57452A7E-E57E-4CAE-B78A-5AB21B8425B9}"
	ProjectSection(ProjectDependencies) = postProject
		{A7BAFE5D-1301-48F8-878B-9BECB3DDE241} = {A7BAFE5D-1301-48F8-878B-9BECB3DDE241}
		{9CA9CC5E-1EB9-49B6-83C6-3A4B62F18E5B} = {9CA9CC5E-1EB9-49B6-83C6-3A4B62F18E5B}
	EndProjectSection
EndProject
Project("{8BC9CEB8-8B4A-11D0-8D11-00A0C91BC942}") = "ods_dll", "packages\ods\src\ods_dll.vcxproj", "{F934B12A-77CB-46B0-B48D-AF0864C5EC45}"
	ProjectSection(ProjectDependencies) = postProject
		{9CA9CC5E-1EB9-49B6-83C6-3A4B62F18E5B} = {9CA9CC5E-1EB9-49B6-83C6-3A4B62F18E5B}
	EndProjectSection
EndProject
Project("{6989167D-11E4-40FE-8C1A-2192A86A7E90}") = "ods_f", "packages\ods\srcf\ods_f.vfproj", "{81EF1D07-A227-4D7F-A6CF-992B86A30FE0}"
EndProject
Project("{8BC9CEB8-8B4A-11D0-8D11-00A0C91BC942}") = "nefis", "..\nefis\packages\nefis\nefis.vcxproj", "{A7BAFE5D-1301-48F8-878B-9BECB3DDE241}"
EndProject
Project("{6989167D-11E4-40FE-8C1A-2192A86A7E90}") = "ods_f2", "packages\ods\srcf\ods_f2\ods_f2.vfproj", "{9CA9CC5E-1EB9-49B6-83C6-3A4B62F18E5B}"
EndProject
Global
	GlobalSection(SolutionConfigurationPlatforms) = preSolution
		Debug|Win32 = Debug|Win32
		Debug|x64 = Debug|x64
		Release|Win32 = Release|Win32
		Release|x64 = Release|x64
	EndGlobalSection
	GlobalSection(ProjectConfigurationPlatforms) = postSolution
		{57452A7E-E57E-4CAE-B78A-5AB21B8425B9}.Debug|Win32.ActiveCfg = Debug|Win32
		{57452A7E-E57E-4CAE-B78A-5AB21B8425B9}.Debug|Win32.Build.0 = Debug|Win32
		{57452A7E-E57E-4CAE-B78A-5AB21B8425B9}.Debug|x64.ActiveCfg = Debug|x64
		{57452A7E-E57E-4CAE-B78A-5AB21B8425B9}.Debug|x64.Build.0 = Debug|x64
		{57452A7E-E57E-4CAE-B78A-5AB21B8425B9}.Release|Win32.ActiveCfg = Release|Win32
		{57452A7E-E57E-4CAE-B78A-5AB21B8425B9}.Release|Win32.Build.0 = Release|Win32
		{57452A7E-E57E-4CAE-B78A-5AB21B8425B9}.Release|x64.ActiveCfg = Release|x64
		{57452A7E-E57E-4CAE-B78A-5AB21B8425B9}.Release|x64.Build.0 = Release|x64
		{F934B12A-77CB-46B0-B48D-AF0864C5EC45}.Debug|Win32.ActiveCfg = Debug|Win32
		{F934B12A-77CB-46B0-B48D-AF0864C5EC45}.Debug|Win32.Build.0 = Debug|Win32
		{F934B12A-77CB-46B0-B48D-AF0864C5EC45}.Debug|x64.ActiveCfg = Debug|x64
		{F934B12A-77CB-46B0-B48D-AF0864C5EC45}.Debug|x64.Build.0 = Debug|x64
		{F934B12A-77CB-46B0-B48D-AF0864C5EC45}.Release|Win32.ActiveCfg = Release|Win32
		{F934B12A-77CB-46B0-B48D-AF0864C5EC45}.Release|Win32.Build.0 = Release|Win32
		{F934B12A-77CB-46B0-B48D-AF0864C5EC45}.Release|x64.ActiveCfg = Release|x64
		{F934B12A-77CB-46B0-B48D-AF0864C5EC45}.Release|x64.Build.0 = Release|x64
		{81EF1D07-A227-4D7F-A6CF-992B86A30FE0}.Debug|Win32.ActiveCfg = Debug|Win32
		{81EF1D07-A227-4D7F-A6CF-992B86A30FE0}.Debug|Win32.Build.0 = Debug|Win32
		{81EF1D07-A227-4D7F-A6CF-992B86A30FE0}.Debug|x64.ActiveCfg = Debug|Win32
		{81EF1D07-A227-4D7F-A6CF-992B86A30FE0}.Release|Win32.ActiveCfg = Release|Win32
		{81EF1D07-A227-4D7F-A6CF-992B86A30FE0}.Release|Win32.Build.0 = Release|Win32
		{81EF1D07-A227-4D7F-A6CF-992B86A30FE0}.Release|x64.ActiveCfg = Release|Win32
		{A7BAFE5D-1301-48F8-878B-9BECB3DDE241}.Debug|Win32.ActiveCfg = Debug|Win32
		{A7BAFE5D-1301-48F8-878B-9BECB3DDE241}.Debug|Win32.Build.0 = Debug|Win32
		{A7BAFE5D-1301-48F8-878B-9BECB3DDE241}.Debug|x64.ActiveCfg = Debug|x64
		{A7BAFE5D-1301-48F8-878B-9BECB3DDE241}.Debug|x64.Build.0 = Debug|x64
		{A7BAFE5D-1301-48F8-878B-9BECB3DDE241}.Release|Win32.ActiveCfg = Release|Win32
		{A7BAFE5D-1301-48F8-878B-9BECB3DDE241}.Release|Win32.Build.0 = Release|Win32
		{A7BAFE5D-1301-48F8-878B-9BECB3DDE241}.Release|x64.ActiveCfg = Release|x64
		{A7BAFE5D-1301-48F8-878B-9BECB3DDE241}.Release|x64.Build.0 = Release|x64
		{9CA9CC5E-1EB9-49B6-83C6-3A4B62F18E5B}.Debug|Win32.ActiveCfg = Debug|Win32
		{9CA9CC5E-1EB9-49B6-83C6-3A4B62F18E5B}.Debug|Win32.Build.0 = Debug|Win32
		{9CA9CC5E-1EB9-49B6-83C6-3A4B62F18E5B}.Debug|x64.ActiveCfg = Debug|x64
		{9CA9CC5E-1EB9-49B6-83C6-3A4B62F18E5B}.Debug|x64.Build.0 = Debug|x64
		{9CA9CC5E-1EB9-49B6-83C6-3A4B62F18E5B}.Release|Win32.ActiveCfg = Release|Win32
		{9CA9CC5E-1EB9-49B6-83C6-3A4B62F18E5B}.Release|Win32.Build.0 = Release|Win32
		{9CA9CC5E-1EB9-49B6-83C6-3A4B62F18E5B}.Release|x64.ActiveCfg = Release|x64
		{9CA9CC5E-1EB9-49B6-83C6-3A4B62F18E5B}.Release|x64.Build.0 = Release|x64
	EndGlobalSection
	GlobalSection(SolutionProperties) = preSolution
		HideSolutionNode = FALSE
	EndGlobalSection
EndGlobal
