<?xml version="1.0" encoding="utf-8"?>
<Project ToolsVersion="4.0" xmlns="http://schemas.microsoft.com/developer/msbuild/2003">
  <ItemGroup>
    <ClCompile Include="nad_init.c">
      <Filter>Source Files\Core</Filter>
    </ClCompile>
    <ClCompile Include="PJ_aea.c">
      <Filter>Source Files\PJ</Filter>
    </ClCompile>
    <ClCompile Include="PJ_aeqd.c">
      <Filter>Source Files\PJ</Filter>
    </ClCompile>
    <ClCompile Include="PJ_airy.c">
      <Filter>Source Files\PJ</Filter>
    </ClCompile>
    <ClCompile Include="PJ_aitoff.c">
      <Filter>Source Files\PJ</Filter>
    </ClCompile>
    <ClCompile Include="PJ_august.c">
      <Filter>Source Files\PJ</Filter>
    </ClCompile>
    <ClCompile Include="PJ_bacon.c">
      <Filter>Source Files\PJ</Filter>
    </ClCompile>
    <ClCompile Include="PJ_bipc.c">
      <Filter>Source Files\PJ</Filter>
    </ClCompile>
    <ClCompile Include="PJ_boggs.c">
      <Filter>Source Files\PJ</Filter>
    </ClCompile>
    <ClCompile Include="PJ_bonne.c">
      <Filter>Source Files\PJ</Filter>
    </ClCompile>
    <ClCompile Include="PJ_calcofi.c">
      <Filter>Source Files\PJ</Filter>
    </ClCompile>
    <ClCompile Include="PJ_cass.c">
      <Filter>Source Files\PJ</Filter>
    </ClCompile>
    <ClCompile Include="PJ_cc.c">
      <Filter>Source Files\PJ</Filter>
    </ClCompile>
    <ClCompile Include="PJ_cea.c">
      <Filter>Source Files\PJ</Filter>
    </ClCompile>
    <ClCompile Include="PJ_chamb.c">
      <Filter>Source Files\PJ</Filter>
    </ClCompile>
    <ClCompile Include="PJ_collg.c">
      <Filter>Source Files\PJ</Filter>
    </ClCompile>
    <ClCompile Include="PJ_comill.c">
      <Filter>Source Files\PJ</Filter>
    </ClCompile>
    <ClCompile Include="PJ_crast.c">
      <Filter>Source Files\PJ</Filter>
    </ClCompile>
    <ClCompile Include="PJ_denoy.c">
      <Filter>Source Files\PJ</Filter>
    </ClCompile>
    <ClCompile Include="PJ_eck1.c">
      <Filter>Source Files\PJ</Filter>
    </ClCompile>
    <ClCompile Include="PJ_eck2.c">
      <Filter>Source Files\PJ</Filter>
    </ClCompile>
    <ClCompile Include="PJ_eck3.c">
      <Filter>Source Files\PJ</Filter>
    </ClCompile>
    <ClCompile Include="PJ_eck4.c">
      <Filter>Source Files\PJ</Filter>
    </ClCompile>
    <ClCompile Include="PJ_eck5.c">
      <Filter>Source Files\PJ</Filter>
    </ClCompile>
    <ClCompile Include="PJ_eqc.c">
      <Filter>Source Files\PJ</Filter>
    </ClCompile>
    <ClCompile Include="PJ_eqdc.c">
      <Filter>Source Files\PJ</Filter>
    </ClCompile>
    <ClCompile Include="PJ_fahey.c">
      <Filter>Source Files\PJ</Filter>
    </ClCompile>
    <ClCompile Include="PJ_fouc_s.c">
      <Filter>Source Files\PJ</Filter>
    </ClCompile>
    <ClCompile Include="PJ_gall.c">
      <Filter>Source Files\PJ</Filter>
    </ClCompile>
    <ClCompile Include="PJ_geos.c">
      <Filter>Source Files\PJ</Filter>
    </ClCompile>
    <ClCompile Include="PJ_gins8.c">
      <Filter>Source Files\PJ</Filter>
    </ClCompile>
    <ClCompile Include="PJ_gnom.c">
      <Filter>Source Files\PJ</Filter>
    </ClCompile>
    <ClCompile Include="PJ_gn_sinu.c">
      <Filter>Source Files\PJ</Filter>
    </ClCompile>
    <ClCompile Include="PJ_goode.c">
      <Filter>Source Files\PJ</Filter>
    </ClCompile>
    <ClCompile Include="PJ_gstmerc.c">
      <Filter>Source Files\PJ</Filter>
    </ClCompile>
    <ClCompile Include="PJ_hammer.c">
      <Filter>Source Files\PJ</Filter>
    </ClCompile>
    <ClCompile Include="PJ_hatano.c">
      <Filter>Source Files\PJ</Filter>
    </ClCompile>
    <ClCompile Include="PJ_igh.c">
      <Filter>Source Files\PJ</Filter>
    </ClCompile>
    <ClCompile Include="PJ_isea.c">
      <Filter>Source Files\PJ</Filter>
    </ClCompile>
    <ClCompile Include="PJ_imw_p.c">
      <Filter>Source Files\PJ</Filter>
    </ClCompile>
    <ClCompile Include="PJ_krovak.c">
      <Filter>Source Files\PJ</Filter>
    </ClCompile>
    <ClCompile Include="PJ_labrd.c">
      <Filter>Source Files\PJ</Filter>
    </ClCompile>
    <ClCompile Include="PJ_laea.c">
      <Filter>Source Files\PJ</Filter>
    </ClCompile>
    <ClCompile Include="PJ_lagrng.c">
      <Filter>Source Files\PJ</Filter>
    </ClCompile>
    <ClCompile Include="PJ_larr.c">
      <Filter>Source Files\PJ</Filter>
    </ClCompile>
    <ClCompile Include="PJ_lask.c">
      <Filter>Source Files\PJ</Filter>
    </ClCompile>
    <ClCompile Include="PJ_lcca.c">
      <Filter>Source Files\PJ</Filter>
    </ClCompile>
    <ClCompile Include="PJ_lcc.c">
      <Filter>Source Files\PJ</Filter>
    </ClCompile>
    <ClCompile Include="PJ_loxim.c">
      <Filter>Source Files\PJ</Filter>
    </ClCompile>
    <ClCompile Include="PJ_lsat.c">
      <Filter>Source Files\PJ</Filter>
    </ClCompile>
    <ClCompile Include="PJ_misrsom.c">
      <Filter>Source Files\PJ</Filter>
    </ClCompile>
    <ClCompile Include="PJ_mbt_fps.c">
      <Filter>Source Files\PJ</Filter>
    </ClCompile>
    <ClCompile Include="PJ_mbtfpp.c">
      <Filter>Source Files\PJ</Filter>
    </ClCompile>
    <ClCompile Include="PJ_mbtfpq.c">
      <Filter>Source Files\PJ</Filter>
    </ClCompile>
    <ClCompile Include="PJ_merc.c">
      <Filter>Source Files\PJ</Filter>
    </ClCompile>
    <ClCompile Include="PJ_mill.c">
      <Filter>Source Files\PJ</Filter>
    </ClCompile>
    <ClCompile Include="PJ_mod_ster.c">
      <Filter>Source Files\PJ</Filter>
    </ClCompile>
    <ClCompile Include="PJ_moll.c">
      <Filter>Source Files\PJ</Filter>
    </ClCompile>
    <ClCompile Include="PJ_natearth.c">
      <Filter>Source Files\PJ</Filter>
    </ClCompile>
    <ClCompile Include="PJ_natearth2.c">
      <Filter>Source Files\PJ</Filter>
    </ClCompile>
    <ClCompile Include="PJ_nell.c">
      <Filter>Source Files\PJ</Filter>
    </ClCompile>
    <ClCompile Include="PJ_nell_h.c">
      <Filter>Source Files\PJ</Filter>
    </ClCompile>
    <ClCompile Include="PJ_nocol.c">
      <Filter>Source Files\PJ</Filter>
    </ClCompile>
    <ClCompile Include="PJ_nsper.c">
      <Filter>Source Files\PJ</Filter>
    </ClCompile>
    <ClCompile Include="PJ_nzmg.c">
      <Filter>Source Files\PJ</Filter>
    </ClCompile>
    <ClCompile Include="PJ_ob_tran.c">
      <Filter>Source Files\PJ</Filter>
    </ClCompile>
    <ClCompile Include="PJ_ocea.c">
      <Filter>Source Files\PJ</Filter>
    </ClCompile>
    <ClCompile Include="PJ_oea.c">
      <Filter>Source Files\PJ</Filter>
    </ClCompile>
    <ClCompile Include="PJ_omerc.c">
      <Filter>Source Files\PJ</Filter>
    </ClCompile>
    <ClCompile Include="PJ_ortho.c">
      <Filter>Source Files\PJ</Filter>
    </ClCompile>
    <ClCompile Include="PJ_patterson.c">
      <Filter>Source Files\PJ</Filter>
    </ClCompile>
    <ClCompile Include="PJ_poly.c">
      <Filter>Source Files\PJ</Filter>
    </ClCompile>
    <ClCompile Include="PJ_putp2.c">
      <Filter>Source Files\PJ</Filter>
    </ClCompile>
    <ClCompile Include="PJ_putp3.c">
      <Filter>Source Files\PJ</Filter>
    </ClCompile>
    <ClCompile Include="PJ_putp4p.c">
      <Filter>Source Files\PJ</Filter>
    </ClCompile>
    <ClCompile Include="PJ_putp5.c">
      <Filter>Source Files\PJ</Filter>
    </ClCompile>
    <ClCompile Include="PJ_putp6.c">
      <Filter>Source Files\PJ</Filter>
    </ClCompile>
    <ClCompile Include="PJ_qsc.c">
      <Filter>Source Files\PJ</Filter>
    </ClCompile>
    <ClCompile Include="PJ_robin.c">
      <Filter>Source Files\PJ</Filter>
    </ClCompile>
    <ClCompile Include="PJ_rpoly.c">
      <Filter>Source Files\PJ</Filter>
    </ClCompile>
    <ClCompile Include="PJ_sch.c">
      <Filter>Source Files\PJ</Filter>
    </ClCompile>
    <ClCompile Include="PJ_sconics.c">
      <Filter>Source Files\PJ</Filter>
    </ClCompile>
    <ClCompile Include="PJ_somerc.c">
      <Filter>Source Files\PJ</Filter>
    </ClCompile>
    <ClCompile Include="PJ_sterea.c">
      <Filter>Source Files\PJ</Filter>
    </ClCompile>
    <ClCompile Include="PJ_stere.c">
      <Filter>Source Files\PJ</Filter>
    </ClCompile>
    <ClCompile Include="PJ_sts.c">
      <Filter>Source Files\PJ</Filter>
    </ClCompile>
    <ClCompile Include="PJ_tcc.c">
      <Filter>Source Files\PJ</Filter>
    </ClCompile>
    <ClCompile Include="PJ_tcea.c">
      <Filter>Source Files\PJ</Filter>
    </ClCompile>
    <ClCompile Include="PJ_times.c">
      <Filter>Source Files\PJ</Filter>
    </ClCompile>
    <ClCompile Include="PJ_tmerc.c">
      <Filter>Source Files\PJ</Filter>
    </ClCompile>
    <ClCompile Include="PJ_tpeqd.c">
      <Filter>Source Files\PJ</Filter>
    </ClCompile>
    <ClCompile Include="PJ_urm5.c">
      <Filter>Source Files\PJ</Filter>
    </ClCompile>
    <ClCompile Include="PJ_urmfps.c">
      <Filter>Source Files\PJ</Filter>
    </ClCompile>
    <ClCompile Include="PJ_vandg.c">
      <Filter>Source Files\PJ</Filter>
    </ClCompile>
    <ClCompile Include="PJ_vandg2.c">
      <Filter>Source Files\PJ</Filter>
    </ClCompile>
    <ClCompile Include="PJ_vandg4.c">
      <Filter>Source Files\PJ</Filter>
    </ClCompile>
    <ClCompile Include="PJ_wag2.c">
      <Filter>Source Files\PJ</Filter>
    </ClCompile>
    <ClCompile Include="PJ_wag3.c">
      <Filter>Source Files\PJ</Filter>
    </ClCompile>
    <ClCompile Include="PJ_wag7.c">
      <Filter>Source Files\PJ</Filter>
    </ClCompile>
    <ClCompile Include="PJ_wink1.c">
      <Filter>Source Files\PJ</Filter>
    </ClCompile>
    <ClCompile Include="PJ_wink2.c">
      <Filter>Source Files\PJ</Filter>
    </ClCompile>
    <ClCompile Include="proj_etmerc.c">
      <Filter>Source Files\PJ</Filter>
    </ClCompile>
    <ClCompile Include="aasincos.c">
      <Filter>Source Files\Core</Filter>
    </ClCompile>
    <ClCompile Include="adjlon.c">
      <Filter>Source Files\Core</Filter>
    </ClCompile>
    <ClCompile Include="bch2bps.c">
      <Filter>Source Files\Core</Filter>
    </ClCompile>
    <ClCompile Include="bchgen.c">
      <Filter>Source Files\Core</Filter>
    </ClCompile>
    <ClCompile Include="biveval.c">
      <Filter>Source Files\Core</Filter>
    </ClCompile>
    <ClCompile Include="dmstor.c">
      <Filter>Source Files\Core</Filter>
    </ClCompile>
    <ClCompile Include="emess.c">
      <Filter>Source Files\Core</Filter>
    </ClCompile>
    <ClCompile Include="geocent.c">
      <Filter>Source Files\Core</Filter>
    </ClCompile>
    <ClCompile Include="geodesic.c">
      <Filter>Source Files\Core</Filter>
    </ClCompile>
    <ClCompile Include="mk_cheby.c">
      <Filter>Source Files\Core</Filter>
    </ClCompile>
    <ClCompile Include="nad_cvt.c">
      <Filter>Source Files\Core</Filter>
    </ClCompile>
    <ClCompile Include="nad_intr.c">
      <Filter>Source Files\Core</Filter>
    </ClCompile>
    <ClCompile Include="pj_apply_gridshift.c">
      <Filter>Source Files\Core</Filter>
    </ClCompile>
    <ClCompile Include="pj_apply_vgridshift.c">
      <Filter>Source Files\Core</Filter>
    </ClCompile>
    <ClCompile Include="pj_auth.c">
      <Filter>Source Files\Core</Filter>
    </ClCompile>
    <ClCompile Include="pj_ctx.c">
      <Filter>Source Files\Core</Filter>
    </ClCompile>
    <ClCompile Include="pj_fileapi.c">
      <Filter>Source Files\Core</Filter>
    </ClCompile>
    <ClCompile Include="pj_datum_set.c">
      <Filter>Source Files\Core</Filter>
    </ClCompile>
    <ClCompile Include="pj_datums.c">
      <Filter>Source Files\Core</Filter>
    </ClCompile>
    <ClCompile Include="pj_deriv.c">
      <Filter>Source Files\Core</Filter>
    </ClCompile>
    <ClCompile Include="pj_ell_set.c">
      <Filter>Source Files\Core</Filter>
    </ClCompile>
    <ClCompile Include="pj_ellps.c">
      <Filter>Source Files\Core</Filter>
    </ClCompile>
    <ClCompile Include="pj_errno.c">
      <Filter>Source Files\Core</Filter>
    </ClCompile>
    <ClCompile Include="pj_factors.c">
      <Filter>Source Files\Core</Filter>
    </ClCompile>
    <ClCompile Include="pj_fwd.c">
      <Filter>Source Files\Core</Filter>
    </ClCompile>
    <ClCompile Include="pj_fwd3d.c">
      <Filter>Source Files\Core</Filter>
    </ClCompile>
    <ClCompile Include="pj_gauss.c">
      <Filter>Source Files\Core</Filter>
    </ClCompile>
    <ClCompile Include="pj_gc_reader.c">
      <Filter>Source Files\Core</Filter>
    </ClCompile>
    <ClCompile Include="pj_generic_selftest.c">
      <Filter>Source Files\Core</Filter>
    </ClCompile>
    <ClCompile Include="pj_geocent.c">
      <Filter>Source Files\Core</Filter>
    </ClCompile>
    <ClCompile Include="pj_gridcatalog.c">
      <Filter>Source Files\Core</Filter>
    </ClCompile>
    <ClCompile Include="pj_gridinfo.c">
      <Filter>Source Files\Core</Filter>
    </ClCompile>
    <ClCompile Include="pj_gridlist.c">
      <Filter>Source Files\Core</Filter>
    </ClCompile>
    <ClCompile Include="PJ_healpix.c">
      <Filter>Source Files\Core</Filter>
    </ClCompile>
    <ClCompile Include="pj_init.c">
      <Filter>Source Files\Core</Filter>
    </ClCompile>
    <ClCompile Include="pj_initcache.c">
      <Filter>Source Files\Core</Filter>
    </ClCompile>
    <ClCompile Include="pj_inv.c">
      <Filter>Source Files\Core</Filter>
    </ClCompile>
    <ClCompile Include="pj_inv3d.c">
      <Filter>Source Files\Core</Filter>
    </ClCompile>
    <ClCompile Include="pj_latlong.c">
      <Filter>Source Files\Core</Filter>
    </ClCompile>
    <ClCompile Include="pj_list.c">
      <Filter>Source Files\Core</Filter>
    </ClCompile>
    <ClCompile Include="pj_log.c">
      <Filter>Source Files\Core</Filter>
    </ClCompile>
    <ClCompile Include="pj_malloc.c">
      <Filter>Source Files\Core</Filter>
    </ClCompile>
    <ClCompile Include="pj_mlfn.c">
      <Filter>Source Files\Core</Filter>
    </ClCompile>
    <ClCompile Include="pj_msfn.c">
      <Filter>Source Files\Core</Filter>
    </ClCompile>
    <ClCompile Include="pj_mutex.c">
      <Filter>Source Files\Core</Filter>
    </ClCompile>
    <ClCompile Include="pj_open_lib.c">
      <Filter>Source Files\Core</Filter>
    </ClCompile>
    <ClCompile Include="pj_param.c">
      <Filter>Source Files\Core</Filter>
    </ClCompile>
    <ClCompile Include="pj_phi2.c">
      <Filter>Source Files\Core</Filter>
    </ClCompile>
    <ClCompile Include="pj_pr_list.c">
      <Filter>Source Files\Core</Filter>
    </ClCompile>
    <ClCompile Include="pj_qsfn.c">
      <Filter>Source Files\Core</Filter>
    </ClCompile>
    <ClCompile Include="pj_release.c">
      <Filter>Source Files\Core</Filter>
    </ClCompile>
    <ClCompile Include="pj_run_selftests.c">
      <Filter>Source Files\Core</Filter>
    </ClCompile>
    <ClCompile Include="pj_strerrno.c">
      <Filter>Source Files\Core</Filter>
    </ClCompile>
    <ClCompile Include="pj_transform.c">
      <Filter>Source Files\Core</Filter>
    </ClCompile>
    <ClCompile Include="pj_tsfn.c">
      <Filter>Source Files\Core</Filter>
    </ClCompile>
    <ClCompile Include="pj_units.c">
      <Filter>Source Files\Core</Filter>
    </ClCompile>
    <ClCompile Include="pj_utils.c">
      <Filter>Source Files\Core</Filter>
    </ClCompile>
    <ClCompile Include="pj_zpoly1.c">
      <Filter>Source Files\Core</Filter>
    </ClCompile>
    <ClCompile Include="proj_mdist.c">
      <Filter>Source Files\Core</Filter>
    </ClCompile>
    <ClCompile Include="proj_rouss.c">
      <Filter>Source Files\Core</Filter>
    </ClCompile>
    <ClCompile Include="rtodms.c">
      <Filter>Source Files\Core</Filter>
    </ClCompile>
    <ClCompile Include="vector1.c">
      <Filter>Source Files\Core</Filter>
    </ClCompile>
    <ClCompile Include="pj_strtod.c">
      <Filter>Source Files\Core</Filter>
    </ClCompile>
  </ItemGroup>
  <ItemGroup>
    <ClInclude Include="emess.h">
      <Filter>Source Files\Core</Filter>
    </ClInclude>
    <ClInclude Include="geocent.h">
      <Filter>Source Files\Core</Filter>
    </ClInclude>
    <ClInclude Include="pj_list.h">
      <Filter>Source Files\Core</Filter>
    </ClInclude>
    <ClInclude Include="proj_config.h">
      <Filter>Source Files\Core</Filter>
    </ClInclude>
    <ClInclude Include="projects.h">
      <Filter>Header Files</Filter>
    </ClInclude>
    <ClInclude Include="proj_api.h">
      <Filter>Header Files</Filter>
    </ClInclude>
    <ClInclude Include="geodesic.h">
      <Filter>Header Files</Filter>
    </ClInclude>
  </ItemGroup>
  <ItemGroup>
    <Filter Include="Source Files\Core">
      <UniqueIdentifier>{C3AA78A0-0FB2-37C0-9401-FEE12D0BAC67}</UniqueIdentifier>
    </Filter>
    <Filter Include="Source Files\PJ">
      <UniqueIdentifier>{EB9BAB74-DBAB-393E-A6DD-6CF6D18BF7FD}</UniqueIdentifier>
    </Filter>
    <Filter Include="Source Files">
      <UniqueIdentifier>{3E99E86D-AB86-36CD-8609-0D3CA12B4827}</UniqueIdentifier>
    </Filter>
    <Filter Include="Header Files">
      <UniqueIdentifier>{37A66F83-145F-3492-BC3B-697451F497D2}</UniqueIdentifier>
    </Filter>
  </ItemGroup>
</Project>