
Microsoft Visual Studio Solution File, Format Version 11.00
# Visual Studio 2010
Project("{6989167D-11E4-40FE-8C1A-2192A86A7E90}") = "ec_module", "..\ec_module.vfproj", "{62E2E1DA-4AFA-4880-A508-1C4F217C93B1}"
	ProjectSection(ProjectDependencies) = postProject
		{2D6BCBCA-CC6C-49FE-A6AA-61AF62529118} = {2D6BCBCA-CC6C-49FE-A6AA-61AF62529118}
	EndProjectSection
EndProject
Project("{6989167D-11E4-40FE-8C1A-2192A86A7E90}") = "ectest", "ectest\ectest.vfproj", "{EC02E4B5-485C-4810-9D0F-E5F5C332A5CA}"
	ProjectSection(ProjectDependencies) = postProject
		{2D6BCBCA-CC6C-49FE-A6AA-61AF62529118} = {2D6BCBCA-CC6C-49FE-A6AA-61AF62529118}
		{62E2E1DA-4AFA-4880-A508-1C4F217C93B1} = {62E2E1DA-4AFA-4880-A508-1C4F217C93B1}
	EndProjectSection
EndProject
Project("{6989167D-11E4-40FE-8C1A-2192A86A7E90}") = "deltares_common", "..\..\..\..\deltares_common\packages\deltares_common\deltares_common.vfproj", "{2D6BCBCA-CC6C-49FE-A6AA-61AF62529118}"
EndProject
Global
	GlobalSection(SolutionConfigurationPlatforms) = preSolution
		Debug|Win32 = Debug|Win32
		Debug|x64 = Debug|x64
		Release|Win32 = Release|Win32
		Release|x64 = Release|x64
	EndGlobalSection
	GlobalSection(ProjectConfigurationPlatforms) = postSolution
		{62E2E1DA-4AFA-4880-A508-1C4F217C93B1}.Debug|Win32.ActiveCfg = Debug|Win32
		{62E2E1DA-4AFA-4880-A508-1C4F217C93B1}.Debug|Win32.Build.0 = Debug|Win32
		{62E2E1DA-4AFA-4880-A508-1C4F217C93B1}.Debug|x64.ActiveCfg = Debug|x64
		{62E2E1DA-4AFA-4880-A508-1C4F217C93B1}.Debug|x64.Build.0 = Debug|x64
		{62E2E1DA-4AFA-4880-A508-1C4F217C93B1}.Release|Win32.ActiveCfg = Release|Win32
		{62E2E1DA-4AFA-4880-A508-1C4F217C93B1}.Release|Win32.Build.0 = Release|Win32
		{62E2E1DA-4AFA-4880-A508-1C4F217C93B1}.Release|x64.ActiveCfg = Release|x64
		{62E2E1DA-4AFA-4880-A508-1C4F217C93B1}.Release|x64.Build.0 = Release|x64
		{EC02E4B5-485C-4810-9D0F-E5F5C332A5CA}.Debug|Win32.ActiveCfg = Debug|Win32
		{EC02E4B5-485C-4810-9D0F-E5F5C332A5CA}.Debug|Win32.Build.0 = Debug|Win32
		{EC02E4B5-485C-4810-9D0F-E5F5C332A5CA}.Debug|x64.ActiveCfg = Debug|Win32
		{EC02E4B5-485C-4810-9D0F-E5F5C332A5CA}.Release|Win32.ActiveCfg = Release|Win32
		{EC02E4B5-485C-4810-9D0F-E5F5C332A5CA}.Release|Win32.Build.0 = Release|Win32
		{EC02E4B5-485C-4810-9D0F-E5F5C332A5CA}.Release|x64.ActiveCfg = Release|Win32
		{2D6BCBCA-CC6C-49FE-A6AA-61AF62529118}.Debug|Win32.ActiveCfg = Debug|Win32
		{2D6BCBCA-CC6C-49FE-A6AA-61AF62529118}.Debug|Win32.Build.0 = Debug|Win32
		{2D6BCBCA-CC6C-49FE-A6AA-61AF62529118}.Debug|x64.ActiveCfg = Debug|x64
		{2D6BCBCA-CC6C-49FE-A6AA-61AF62529118}.Debug|x64.Build.0 = Debug|x64
		{2D6BCBCA-CC6C-49FE-A6AA-61AF62529118}.Release|Win32.ActiveCfg = Release|Win32
		{2D6BCBCA-CC6C-49FE-A6AA-61AF62529118}.Release|Win32.Build.0 = Release|Win32
		{2D6BCBCA-CC6C-49FE-A6AA-61AF62529118}.Release|x64.ActiveCfg = Release|x64
		{2D6BCBCA-CC6C-49FE-A6AA-61AF62529118}.Release|x64.Build.0 = Release|x64
	EndGlobalSection
	GlobalSection(SolutionProperties) = preSolution
		HideSolutionNode = FALSE
	EndGlobalSection
EndGlobal
