
Microsoft Visual Studio Solution File, Format Version 11.00
# Visual Studio 2010
Project("{8BC9CEB8-8B4A-11D0-8D11-00A0C91BC942}") = "elements", "examples\elements.vcxproj", "{92E71A67-1B6D-5E13-D0CB-E919AEB9E614}"
	ProjectSection(ProjectDependencies) = postProject
		{04E4012E-FB4E-5BF8-79E5-C057C766F4B3} = {04E4012E-FB4E-5BF8-79E5-C057C766F4B3}
	EndProjectSection
EndProject
Project("{8BC9CEB8-8B4A-11D0-8D11-00A0C91BC942}") = "expat", "lib\expat.vcxproj", "{60031DC0-59BC-B95B-014F-936E4A8C27A1}"
EndProject
Project("{8BC9CEB8-8B4A-11D0-8D11-00A0C91BC942}") = "expat_static", "lib\expat_static.vcxproj", "{04E4012E-FB4E-5BF8-79E5-C057C766F4B3}"
EndProject
Project("{8BC9CEB8-8B4A-11D0-8D11-00A0C91BC942}") = "expatw", "lib\expatw.vcxproj", "{DDA8BBA7-6574-257E-DB84-528D019444FB}"
EndProject
Project("{8BC9CEB8-8B4A-11D0-8D11-00A0C91BC942}") = "expatw_static", "lib\expatw_static.vcxproj", "{7850AC0C-1D83-F9E7-B30F-865D97CEC214}"
EndProject
Project("{8BC9CEB8-8B4A-11D0-8D11-00A0C91BC942}") = "outline", "examples\outline.vcxproj", "{9D6F242A-B05C-0286-96C3-35CEDF2B5414}"
	ProjectSection(ProjectDependencies) = postProject
		{60031DC0-59BC-B95B-014F-936E4A8C27A1} = {60031DC0-59BC-B95B-014F-936E4A8C27A1}
	EndProjectSection
EndProject
Project("{8BC9CEB8-8B4A-11D0-8D11-00A0C91BC942}") = "xmlwf", "xmlwf\xmlwf.vcxproj", "{BB18BCEE-B281-3B1F-8B35-A367C8B4F83C}"
	ProjectSection(ProjectDependencies) = postProject
		{60031DC0-59BC-B95B-014F-936E4A8C27A1} = {60031DC0-59BC-B95B-014F-936E4A8C27A1}
	EndProjectSection
EndProject
Global
	GlobalSection(SolutionConfigurationPlatforms) = preSolution
		Debug|Win32 = Debug|Win32
		Release|Win32 = Release|Win32
		Template|Win32 = Template|Win32
	EndGlobalSection
	GlobalSection(ProjectConfigurationPlatforms) = postSolution
		{92E71A67-1B6D-5E13-D0CB-E919AEB9E614}.Debug|Win32.ActiveCfg = Debug|Win32
		{92E71A67-1B6D-5E13-D0CB-E919AEB9E614}.Debug|Win32.Build.0 = Debug|Win32
		{92E71A67-1B6D-5E13-D0CB-E919AEB9E614}.Release|Win32.ActiveCfg = Release|Win32
		{92E71A67-1B6D-5E13-D0CB-E919AEB9E614}.Release|Win32.Build.0 = Release|Win32
		{92E71A67-1B6D-5E13-D0CB-E919AEB9E614}.Template|Win32.ActiveCfg = Release|Win32
		{92E71A67-1B6D-5E13-D0CB-E919AEB9E614}.Template|Win32.Build.0 = Release|Win32
		{60031DC0-59BC-B95B-014F-936E4A8C27A1}.Debug|Win32.ActiveCfg = Debug|Win32
		{60031DC0-59BC-B95B-014F-936E4A8C27A1}.Debug|Win32.Build.0 = Debug|Win32
		{60031DC0-59BC-B95B-014F-936E4A8C27A1}.Release|Win32.ActiveCfg = Release|Win32
		{60031DC0-59BC-B95B-014F-936E4A8C27A1}.Release|Win32.Build.0 = Release|Win32
		{60031DC0-59BC-B95B-014F-936E4A8C27A1}.Template|Win32.ActiveCfg = Template|Win32
		{60031DC0-59BC-B95B-014F-936E4A8C27A1}.Template|Win32.Build.0 = Template|Win32
		{04E4012E-FB4E-5BF8-79E5-C057C766F4B3}.Debug|Win32.ActiveCfg = Debug|Win32
		{04E4012E-FB4E-5BF8-79E5-C057C766F4B3}.Debug|Win32.Build.0 = Debug|Win32
		{04E4012E-FB4E-5BF8-79E5-C057C766F4B3}.Release|Win32.ActiveCfg = Release|Win32
		{04E4012E-FB4E-5BF8-79E5-C057C766F4B3}.Release|Win32.Build.0 = Release|Win32
		{04E4012E-FB4E-5BF8-79E5-C057C766F4B3}.Template|Win32.ActiveCfg = Template|Win32
		{04E4012E-FB4E-5BF8-79E5-C057C766F4B3}.Template|Win32.Build.0 = Template|Win32
		{DDA8BBA7-6574-257E-DB84-528D019444FB}.Debug|Win32.ActiveCfg = Debug|Win32
		{DDA8BBA7-6574-257E-DB84-528D019444FB}.Debug|Win32.Build.0 = Debug|Win32
		{DDA8BBA7-6574-257E-DB84-528D019444FB}.Release|Win32.ActiveCfg = Release|Win32
		{DDA8BBA7-6574-257E-DB84-528D019444FB}.Release|Win32.Build.0 = Release|Win32
		{DDA8BBA7-6574-257E-DB84-528D019444FB}.Template|Win32.ActiveCfg = Template|Win32
		{DDA8BBA7-6574-257E-DB84-528D019444FB}.Template|Win32.Build.0 = Template|Win32
		{7850AC0C-1D83-F9E7-B30F-865D97CEC214}.Debug|Win32.ActiveCfg = Debug|Win32
		{7850AC0C-1D83-F9E7-B30F-865D97CEC214}.Debug|Win32.Build.0 = Debug|Win32
		{7850AC0C-1D83-F9E7-B30F-865D97CEC214}.Release|Win32.ActiveCfg = Release|Win32
		{7850AC0C-1D83-F9E7-B30F-865D97CEC214}.Release|Win32.Build.0 = Release|Win32
		{7850AC0C-1D83-F9E7-B30F-865D97CEC214}.Template|Win32.ActiveCfg = Template|Win32
		{7850AC0C-1D83-F9E7-B30F-865D97CEC214}.Template|Win32.Build.0 = Template|Win32
		{9D6F242A-B05C-0286-96C3-35CEDF2B5414}.Debug|Win32.ActiveCfg = Debug|Win32
		{9D6F242A-B05C-0286-96C3-35CEDF2B5414}.Debug|Win32.Build.0 = Debug|Win32
		{9D6F242A-B05C-0286-96C3-35CEDF2B5414}.Release|Win32.ActiveCfg = Release|Win32
		{9D6F242A-B05C-0286-96C3-35CEDF2B5414}.Release|Win32.Build.0 = Release|Win32
		{9D6F242A-B05C-0286-96C3-35CEDF2B5414}.Template|Win32.ActiveCfg = Template|Win32
		{9D6F242A-B05C-0286-96C3-35CEDF2B5414}.Template|Win32.Build.0 = Template|Win32
		{BB18BCEE-B281-3B1F-8B35-A367C8B4F83C}.Debug|Win32.ActiveCfg = Debug|Win32
		{BB18BCEE-B281-3B1F-8B35-A367C8B4F83C}.Debug|Win32.Build.0 = Debug|Win32
		{BB18BCEE-B281-3B1F-8B35-A367C8B4F83C}.Release|Win32.ActiveCfg = Release|Win32
		{BB18BCEE-B281-3B1F-8B35-A367C8B4F83C}.Release|Win32.Build.0 = Release|Win32
		{BB18BCEE-B281-3B1F-8B35-A367C8B4F83C}.Template|Win32.ActiveCfg = Template|Win32
		{BB18BCEE-B281-3B1F-8B35-A367C8B4F83C}.Template|Win32.Build.0 = Template|Win32
	EndGlobalSection
	GlobalSection(SolutionProperties) = preSolution
		HideSolutionNode = FALSE
	EndGlobalSection
EndGlobal
