Microsoft Visual Studio Solution File, Format Version 12.00
# Visual Studio 14
VisualStudioVersion = 14.0.25420.1
MinimumVisualStudioVersion = 10.0.40219.1
Project("{6989167D-11E4-40FE-8C1A-2192A86A7E90}") = "deltares_common", "utils_lgpl\deltares_common\packages\deltares_common\deltares_common.vfproj", "{2D6BCBCA-CC6C-49FE-A6AA-61AF62529118}"
EndProject
Project("{8BC9CEB8-8B4A-11D0-8D11-00A0C91BC942}") = "triangle_c", "third_party_open\triangle\triangle_c.vcxproj", "{A5638E14-9D2D-49ED-ACA3-A73833756311}"
EndProject
Project("{FAE04EC0-301F-11D3-BF4B-00C04F79EFBC}") = "unstruc_dll_csharp", "csharp\unstruc_dll_csharp\unstruc_dll_csharp.csproj", "{8161EAC2-AD3A-403E-9709-965AFC85B159}"
	ProjectSection(ProjectDependencies) = postProject
		{A5638E14-9D2D-49ED-ACA3-A73833756311} = {A5638E14-9D2D-49ED-ACA3-A73833756311}
		{7E353143-2F1D-4B12-A029-A265111BBC8D} = {7E353143-2F1D-4B12-A029-A265111BBC8D}
		{2D6BCBCA-CC6C-49FE-A6AA-61AF62529118} = {2D6BCBCA-CC6C-49FE-A6AA-61AF62529118}
		{62E2E1DA-4AFA-4880-A508-1C4F217C93B1} = {62E2E1DA-4AFA-4880-A508-1C4F217C93B1}
	EndProjectSection
EndProject
Project("{FAE04EC0-301F-11D3-BF4B-00C04F79EFBC}") = "unstruc_dll_csharp.tests", "csharp\unstruc_dll_csharp.tests\unstruc_dll_csharp.tests.csproj", "{385C39E4-1DDC-4261-9D04-EF9B9E8527E2}"
	ProjectSection(ProjectDependencies) = postProject
		{A5638E14-9D2D-49ED-ACA3-A73833756311} = {A5638E14-9D2D-49ED-ACA3-A73833756311}
		{7E353143-2F1D-4B12-A029-A265111BBC8D} = {7E353143-2F1D-4B12-A029-A265111BBC8D}
		{2D6BCBCA-CC6C-49FE-A6AA-61AF62529118} = {2D6BCBCA-CC6C-49FE-A6AA-61AF62529118}
		{62E2E1DA-4AFA-4880-A508-1C4F217C93B1} = {62E2E1DA-4AFA-4880-A508-1C4F217C93B1}
	EndProjectSection
EndProject
Project("{FAE04EC0-301F-11D3-BF4B-00C04F79EFBC}") = "unstruc_gui", "csharp\unstruc_gui\unstruc_gui.csproj", "{1FAED173-7DC9-44D2-8165-129F0E79C464}"
	ProjectSection(ProjectDependencies) = postProject
		{A5638E14-9D2D-49ED-ACA3-A73833756311} = {A5638E14-9D2D-49ED-ACA3-A73833756311}
		{7E353143-2F1D-4B12-A029-A265111BBC8D} = {7E353143-2F1D-4B12-A029-A265111BBC8D}
		{2D6BCBCA-CC6C-49FE-A6AA-61AF62529118} = {2D6BCBCA-CC6C-49FE-A6AA-61AF62529118}
		{62E2E1DA-4AFA-4880-A508-1C4F217C93B1} = {62E2E1DA-4AFA-4880-A508-1C4F217C93B1}
	EndProjectSection
EndProject
Project("{FAE04EC0-301F-11D3-BF4B-00C04F79EFBC}") = "unstruc_gui.tests", "csharp\unstruc_gui.tests\unstruc_gui.tests.csproj", "{6009D223-7649-4998-9031-94EE01A4B34D}"
	ProjectSection(ProjectDependencies) = postProject
		{A5638E14-9D2D-49ED-ACA3-A73833756311} = {A5638E14-9D2D-49ED-ACA3-A73833756311}
		{7E353143-2F1D-4B12-A029-A265111BBC8D} = {7E353143-2F1D-4B12-A029-A265111BBC8D}
		{2D6BCBCA-CC6C-49FE-A6AA-61AF62529118} = {2D6BCBCA-CC6C-49FE-A6AA-61AF62529118}
		{62E2E1DA-4AFA-4880-A508-1C4F217C93B1} = {62E2E1DA-4AFA-4880-A508-1C4F217C93B1}
	EndProjectSection
EndProject
Project("{2150E333-8FDC-42A3-9474-1A3956D46DE8}") = "csharp", "csharp", "{2E371214-67B7-4147-821A-CB736B3F2D67}"
EndProject
Project("{2150E333-8FDC-42A3-9474-1A3956D46DE8}") = "third_party", "third_party", "{F0D290F5-97A5-475C-B555-FD699FE64141}"
EndProject
Project("{2150E333-8FDC-42A3-9474-1A3956D46DE8}") = "utils_gpl", "utils_gpl", "{18B0562E-D9F4-4B3F-BC4F-8934F53B25E6}"
EndProject
Project("{2150E333-8FDC-42A3-9474-1A3956D46DE8}") = "morphology", "morphology", "{6A830278-52BF-4A9A-903B-370FCC22865A}"
EndProject
Project("{6989167D-11E4-40FE-8C1A-2192A86A7E90}") = "morphology_kernel", "utils_gpl\morphology\packages\morphology_kernel\morphology_kernel.vfproj", "{5F3AF3FA-1CF3-4D3D-A105-8859BE35B757}"
	ProjectSection(ProjectDependencies) = postProject
		{59281EC5-5DAF-44C9-9B26-5A1F8DE3CB44} = {59281EC5-5DAF-44C9-9B26-5A1F8DE3CB44}
		{2D6BCBCA-CC6C-49FE-A6AA-61AF62529118} = {2D6BCBCA-CC6C-49FE-A6AA-61AF62529118}
		{07B2B1F8-A388-4446-B2AC-C9AA6414CBB0} = {07B2B1F8-A388-4446-B2AC-C9AA6414CBB0}
	EndProjectSection
EndProject
Project("{6989167D-11E4-40FE-8C1A-2192A86A7E90}") = "morphology_io", "utils_gpl\morphology\packages\morphology_io\morphology_io.vfproj", "{7DC83DF4-B1C3-4107-A6D9-92A0FB4BF1A9}"
	ProjectSection(ProjectDependencies) = postProject
		{2D6BCBCA-CC6C-49FE-A6AA-61AF62529118} = {2D6BCBCA-CC6C-49FE-A6AA-61AF62529118}
		{62E2E1DA-4AFA-4880-A508-1C4F217C93B1} = {62E2E1DA-4AFA-4880-A508-1C4F217C93B1}
		{07B2B1F8-A388-4446-B2AC-C9AA6414CBB0} = {07B2B1F8-A388-4446-B2AC-C9AA6414CBB0}
		{5F3AF3FA-1CF3-4D3D-A105-8859BE35B757} = {5F3AF3FA-1CF3-4D3D-A105-8859BE35B757}
	EndProjectSection
EndProject
Project("{8BC9CEB8-8B4A-11D0-8D11-00A0C91BC942}") = "morphology_plugins_c", "utils_gpl\morphology\packages\morphology_plugins_c\morphology_plugins_c.vcxproj", "{59281EC5-5DAF-44C9-9B26-5A1F8DE3CB44}"
EndProject
Project("{2150E333-8FDC-42A3-9474-1A3956D46DE8}") = "utils_lgpl", "utils_lgpl", "{E86AA903-25B1-475E-8E53-E4E3F9CEB5FF}"
EndProject
Project("{2150E333-8FDC-42A3-9474-1A3956D46DE8}") = "deltares_common", "deltares_common", "{DC24FFCE-9004-41EA-B599-667BBB5C9BDC}"
EndProject
Project("{8BC9CEB8-8B4A-11D0-8D11-00A0C91BC942}") = "deltares_common_c", "utils_lgpl\deltares_common\packages\deltares_common_c\deltares_common_c.vcxproj", "{51065F4C-23D3-4C5F-AF5B-E70776409D7B}"
EndProject
Project("{6989167D-11E4-40FE-8C1A-2192A86A7E90}") = "deltares_common_mpi", "utils_lgpl\deltares_common\packages\deltares_common_mpi\deltares_common_mpi.vfproj", "{57CF2433-00B2-4173-AD21-32CA1AE3380C}"
	ProjectSection(ProjectDependencies) = postProject
		{2D6BCBCA-CC6C-49FE-A6AA-61AF62529118} = {2D6BCBCA-CC6C-49FE-A6AA-61AF62529118}
	EndProjectSection
EndProject
Project("{6989167D-11E4-40FE-8C1A-2192A86A7E90}") = "kdtree2", "third_party_open\kdtree2\src-f90\kdtree2.vfproj", "{1ED7D7C9-ACA9-4A50-8217-0901E12B1D70}"
EndProject
Project("{2150E333-8FDC-42A3-9474-1A3956D46DE8}") = "flow1d_library", "flow1d_library", "{D0851473-931B-4719-806D-FDA6C18574FD}"
EndProject
Project("{6989167D-11E4-40FE-8C1A-2192A86A7E90}") = "flow1d", "utils_gpl\flow1d\packages\flow1d\flow1d.vfproj", "{F20A9EDA-095D-4849-B4F6-4953A285770D}"
	ProjectSection(ProjectDependencies) = postProject
		{55700C8A-9C9E-4515-A3B7-E0A2F1CB2C79} = {55700C8A-9C9E-4515-A3B7-E0A2F1CB2C79}
		{BFB56993-FC93-4B0D-9F60-6738A83B7619} = {BFB56993-FC93-4B0D-9F60-6738A83B7619}
		{2D6BCBCA-CC6C-49FE-A6AA-61AF62529118} = {2D6BCBCA-CC6C-49FE-A6AA-61AF62529118}
	EndProjectSection
EndProject
Project("{6989167D-11E4-40FE-8C1A-2192A86A7E90}") = "flow1d_core", "utils_gpl\flow1d\packages\flow1d_core\flow1d_core.vfproj", "{BFB56993-FC93-4B0D-9F60-6738A83B7619}"
	ProjectSection(ProjectDependencies) = postProject
		{2D6BCBCA-CC6C-49FE-A6AA-61AF62529118} = {2D6BCBCA-CC6C-49FE-A6AA-61AF62529118}
	EndProjectSection
EndProject
Project("{6989167D-11E4-40FE-8C1A-2192A86A7E90}") = "flow1d_io", "utils_gpl\flow1d\packages\flow1d_io\flow1d_io.vfproj", "{55700C8A-9C9E-4515-A3B7-E0A2F1CB2C79}"
	ProjectSection(ProjectDependencies) = postProject
		{7CD53A26-F17A-4FD8-A8D6-B5D768396523} = {7CD53A26-F17A-4FD8-A8D6-B5D768396523}
		{C29AA190-5BE8-4674-AA8A-E858964D3C08} = {C29AA190-5BE8-4674-AA8A-E858964D3C08}
		{BFB56993-FC93-4B0D-9F60-6738A83B7619} = {BFB56993-FC93-4B0D-9F60-6738A83B7619}
		{3D34F0B9-2711-4C1B-B59E-5AF94894264B} = {3D34F0B9-2711-4C1B-B59E-5AF94894264B}
		{2D6BCBCA-CC6C-49FE-A6AA-61AF62529118} = {2D6BCBCA-CC6C-49FE-A6AA-61AF62529118}
		{62E2E1DA-4AFA-4880-A508-1C4F217C93B1} = {62E2E1DA-4AFA-4880-A508-1C4F217C93B1}
	EndProjectSection
EndProject
Project("{6989167D-11E4-40FE-8C1A-2192A86A7E90}") = "ec_module", "utils_lgpl\ec_module\packages\ec_module\ec_module.vfproj", "{62E2E1DA-4AFA-4880-A508-1C4F217C93B1}"
	ProjectSection(ProjectDependencies) = postProject
		{D343152C-DE4D-43BA-B40F-DCE169B95416} = {D343152C-DE4D-43BA-B40F-DCE169B95416}
		{51065F4C-23D3-4C5F-AF5B-E70776409D7B} = {51065F4C-23D3-4C5F-AF5B-E70776409D7B}
		{C29AA190-5BE8-4674-AA8A-E858964D3C08} = {C29AA190-5BE8-4674-AA8A-E858964D3C08}
		{1ED7D7C9-ACA9-4A50-8217-0901E12B1D70} = {1ED7D7C9-ACA9-4A50-8217-0901E12B1D70}
		{2D6BCBCA-CC6C-49FE-A6AA-61AF62529118} = {2D6BCBCA-CC6C-49FE-A6AA-61AF62529118}
	EndProjectSection
EndProject
Project("{6989167D-11E4-40FE-8C1A-2192A86A7E90}") = "morphology_data", "utils_gpl\morphology\packages\morphology_data\morphology_data.vfproj", "{07B2B1F8-A388-4446-B2AC-C9AA6414CBB0}"
	ProjectSection(ProjectDependencies) = postProject
		{2D6BCBCA-CC6C-49FE-A6AA-61AF62529118} = {2D6BCBCA-CC6C-49FE-A6AA-61AF62529118}
	EndProjectSection
EndProject
Project("{2150E333-8FDC-42A3-9474-1A3956D46DE8}") = "trachytopes", "trachytopes", "{8332BEB7-BBBF-4E6E-9D8F-F85BD280DF1F}"
EndProject
Project("{6989167D-11E4-40FE-8C1A-2192A86A7E90}") = "trachytopes_io", "utils_gpl\trachytopes\packages\trachytopes_io\trachytopes_io.vfproj", "{9ECC8C04-148A-40A6-B1ED-926F0C20760A}"
	ProjectSection(ProjectDependencies) = postProject
		{57CF2433-00B2-4173-AD21-32CA1AE3380C} = {57CF2433-00B2-4173-AD21-32CA1AE3380C}
		{2D6BCBCA-CC6C-49FE-A6AA-61AF62529118} = {2D6BCBCA-CC6C-49FE-A6AA-61AF62529118}
		{8878D8EB-7133-41ED-AC4E-C938ED1301CD} = {8878D8EB-7133-41ED-AC4E-C938ED1301CD}
	EndProjectSection
EndProject
Project("{6989167D-11E4-40FE-8C1A-2192A86A7E90}") = "trachytopes_kernel", "utils_gpl\trachytopes\packages\trachytopes_kernel\trachytopes_kernel.vfproj", "{8878D8EB-7133-41ED-AC4E-C938ED1301CD}"
	ProjectSection(ProjectDependencies) = postProject
		{2D6BCBCA-CC6C-49FE-A6AA-61AF62529118} = {2D6BCBCA-CC6C-49FE-A6AA-61AF62529118}
	EndProjectSection
EndProject
Project("{2150E333-8FDC-42A3-9474-1A3956D46DE8}") = "utils", "utils", "{1B2B44F2-FAEA-4332-A33B-41D83068B375}"
EndProject
Project("{2150E333-8FDC-42A3-9474-1A3956D46DE8}") = "dflowfm", "dflowfm", "{8070C46C-9CC5-49EA-915D-EB95FBB7AA83}"
EndProject
Project("{6989167D-11E4-40FE-8C1A-2192A86A7E90}") = "dflowfm_kernel", "src\dflowfm_kernel\dflowfm_kernel.vfproj", "{53832B54-D882-4BF4-B319-7C1C80A042CC}"
	ProjectSection(ProjectDependencies) = postProject
		{9ECC8C04-148A-40A6-B1ED-926F0C20760A} = {9ECC8C04-148A-40A6-B1ED-926F0C20760A}
		{A5638E14-9D2D-49ED-ACA3-A73833756311} = {A5638E14-9D2D-49ED-ACA3-A73833756311}
		{7CD53A26-F17A-4FD8-A8D6-B5D768396523} = {7CD53A26-F17A-4FD8-A8D6-B5D768396523}
		{D343152C-DE4D-43BA-B40F-DCE169B95416} = {D343152C-DE4D-43BA-B40F-DCE169B95416}
		{57CF2433-00B2-4173-AD21-32CA1AE3380C} = {57CF2433-00B2-4173-AD21-32CA1AE3380C}
		{5B3EFD3B-EEED-4D82-86E6-2EA3B6D6299E} = {5B3EFD3B-EEED-4D82-86E6-2EA3B6D6299E}
		{5250F13E-C280-42FC-8CDF-74E96A500605} = {5250F13E-C280-42FC-8CDF-74E96A500605}
		{4741F946-CFAA-3469-963D-9F01C053C97E} = {4741F946-CFAA-3469-963D-9F01C053C97E}
		{51065F4C-23D3-4C5F-AF5B-E70776409D7B} = {51065F4C-23D3-4C5F-AF5B-E70776409D7B}
		{55700C8A-9C9E-4515-A3B7-E0A2F1CB2C79} = {55700C8A-9C9E-4515-A3B7-E0A2F1CB2C79}
		{C29AA190-5BE8-4674-AA8A-E858964D3C08} = {C29AA190-5BE8-4674-AA8A-E858964D3C08}
		{BFB56993-FC93-4B0D-9F60-6738A83B7619} = {BFB56993-FC93-4B0D-9F60-6738A83B7619}
		{1544CEA3-1365-4482-A719-FF5C14BBAE29} = {1544CEA3-1365-4482-A719-FF5C14BBAE29}
		{3D34F0B9-2711-4C1B-B59E-5AF94894264B} = {3D34F0B9-2711-4C1B-B59E-5AF94894264B}
		{59281EC5-5DAF-44C9-9B26-5A1F8DE3CB44} = {59281EC5-5DAF-44C9-9B26-5A1F8DE3CB44}
		{B8F4B0C9-1EE7-4719-B927-5126F82E9713} = {B8F4B0C9-1EE7-4719-B927-5126F82E9713}
		{1ED7D7C9-ACA9-4A50-8217-0901E12B1D70} = {1ED7D7C9-ACA9-4A50-8217-0901E12B1D70}
		{2D6BCBCA-CC6C-49FE-A6AA-61AF62529118} = {2D6BCBCA-CC6C-49FE-A6AA-61AF62529118}
		{9867C9D6-9122-494E-8D05-FEEB0E94CF75} = {9867C9D6-9122-494E-8D05-FEEB0E94CF75}
		{F20A9EDA-095D-4849-B4F6-4953A285770D} = {F20A9EDA-095D-4849-B4F6-4953A285770D}
		{62E2E1DA-4AFA-4880-A508-1C4F217C93B1} = {62E2E1DA-4AFA-4880-A508-1C4F217C93B1}
		{0F5464E5-BDF2-46B1-849B-DC65433778B3} = {0F5464E5-BDF2-46B1-849B-DC65433778B3}
		{8878D8EB-7133-41ED-AC4E-C938ED1301CD} = {8878D8EB-7133-41ED-AC4E-C938ED1301CD}
		{7DC83DF4-B1C3-4107-A6D9-92A0FB4BF1A9} = {7DC83DF4-B1C3-4107-A6D9-92A0FB4BF1A9}
		{07B2B1F8-A388-4446-B2AC-C9AA6414CBB0} = {07B2B1F8-A388-4446-B2AC-C9AA6414CBB0}
		{5F3AF3FA-1CF3-4D3D-A105-8859BE35B757} = {5F3AF3FA-1CF3-4D3D-A105-8859BE35B757}
	EndProjectSection
EndProject
Project("{6989167D-11E4-40FE-8C1A-2192A86A7E90}") = "dflowfm", "src\dflowfm_exe\dflowfm.vfproj", "{DDB199FE-9139-4589-821A-DDE86CBA53BB}"
	ProjectSection(ProjectDependencies) = postProject
		{9ECC8C04-148A-40A6-B1ED-926F0C20760A} = {9ECC8C04-148A-40A6-B1ED-926F0C20760A}
		{A5638E14-9D2D-49ED-ACA3-A73833756311} = {A5638E14-9D2D-49ED-ACA3-A73833756311}
		{B38AA81E-A244-3E86-BCBB-7B7E187DB218} = {B38AA81E-A244-3E86-BCBB-7B7E187DB218}
		{7CD53A26-F17A-4FD8-A8D6-B5D768396523} = {7CD53A26-F17A-4FD8-A8D6-B5D768396523}
		{D343152C-DE4D-43BA-B40F-DCE169B95416} = {D343152C-DE4D-43BA-B40F-DCE169B95416}
		{57CF2433-00B2-4173-AD21-32CA1AE3380C} = {57CF2433-00B2-4173-AD21-32CA1AE3380C}
		{5B3EFD3B-EEED-4D82-86E6-2EA3B6D6299E} = {5B3EFD3B-EEED-4D82-86E6-2EA3B6D6299E}
		{51065F4C-23D3-4C5F-AF5B-E70776409D7B} = {51065F4C-23D3-4C5F-AF5B-E70776409D7B}
		{53832B54-D882-4BF4-B319-7C1C80A042CC} = {53832B54-D882-4BF4-B319-7C1C80A042CC}
		{9249B679-366D-4838-ADCE-A9A8E6EAEAB4} = {9249B679-366D-4838-ADCE-A9A8E6EAEAB4}
		{36FB187C-1B94-4C1B-8781-C6C9A38C742C} = {36FB187C-1B94-4C1B-8781-C6C9A38C742C}
		{55700C8A-9C9E-4515-A3B7-E0A2F1CB2C79} = {55700C8A-9C9E-4515-A3B7-E0A2F1CB2C79}
		{C29AA190-5BE8-4674-AA8A-E858964D3C08} = {C29AA190-5BE8-4674-AA8A-E858964D3C08}
		{BFB56993-FC93-4B0D-9F60-6738A83B7619} = {BFB56993-FC93-4B0D-9F60-6738A83B7619}
		{3D34F0B9-2711-4C1B-B59E-5AF94894264B} = {3D34F0B9-2711-4C1B-B59E-5AF94894264B}
		{59281EC5-5DAF-44C9-9B26-5A1F8DE3CB44} = {59281EC5-5DAF-44C9-9B26-5A1F8DE3CB44}
		{B8F4B0C9-1EE7-4719-B927-5126F82E9713} = {B8F4B0C9-1EE7-4719-B927-5126F82E9713}
		{1ED7D7C9-ACA9-4A50-8217-0901E12B1D70} = {1ED7D7C9-ACA9-4A50-8217-0901E12B1D70}
		{2D6BCBCA-CC6C-49FE-A6AA-61AF62529118} = {2D6BCBCA-CC6C-49FE-A6AA-61AF62529118}
		{9867C9D6-9122-494E-8D05-FEEB0E94CF75} = {9867C9D6-9122-494E-8D05-FEEB0E94CF75}
		{F20A9EDA-095D-4849-B4F6-4953A285770D} = {F20A9EDA-095D-4849-B4F6-4953A285770D}
		{62E2E1DA-4AFA-4880-A508-1C4F217C93B1} = {62E2E1DA-4AFA-4880-A508-1C4F217C93B1}
		{0F5464E5-BDF2-46B1-849B-DC65433778B3} = {0F5464E5-BDF2-46B1-849B-DC65433778B3}
		{8878D8EB-7133-41ED-AC4E-C938ED1301CD} = {8878D8EB-7133-41ED-AC4E-C938ED1301CD}
		{7DC83DF4-B1C3-4107-A6D9-92A0FB4BF1A9} = {7DC83DF4-B1C3-4107-A6D9-92A0FB4BF1A9}
		{07B2B1F8-A388-4446-B2AC-C9AA6414CBB0} = {07B2B1F8-A388-4446-B2AC-C9AA6414CBB0}
		{5F3AF3FA-1CF3-4D3D-A105-8859BE35B757} = {5F3AF3FA-1CF3-4D3D-A105-8859BE35B757}
	EndProjectSection
EndProject
Project("{6989167D-11E4-40FE-8C1A-2192A86A7E90}") = "dflowfm_dll", "src\dflowfm_lib\dflowfm_dll.vfproj", "{7E353143-2F1D-4B12-A029-A265111BBC8D}"
	ProjectSection(ProjectDependencies) = postProject
		{9ECC8C04-148A-40A6-B1ED-926F0C20760A} = {9ECC8C04-148A-40A6-B1ED-926F0C20760A}
		{A5638E14-9D2D-49ED-ACA3-A73833756311} = {A5638E14-9D2D-49ED-ACA3-A73833756311}
		{B38AA81E-A244-3E86-BCBB-7B7E187DB218} = {B38AA81E-A244-3E86-BCBB-7B7E187DB218}
		{7CD53A26-F17A-4FD8-A8D6-B5D768396523} = {7CD53A26-F17A-4FD8-A8D6-B5D768396523}
		{D343152C-DE4D-43BA-B40F-DCE169B95416} = {D343152C-DE4D-43BA-B40F-DCE169B95416}
		{57CF2433-00B2-4173-AD21-32CA1AE3380C} = {57CF2433-00B2-4173-AD21-32CA1AE3380C}
		{5B3EFD3B-EEED-4D82-86E6-2EA3B6D6299E} = {5B3EFD3B-EEED-4D82-86E6-2EA3B6D6299E}
		{51065F4C-23D3-4C5F-AF5B-E70776409D7B} = {51065F4C-23D3-4C5F-AF5B-E70776409D7B}
		{53832B54-D882-4BF4-B319-7C1C80A042CC} = {53832B54-D882-4BF4-B319-7C1C80A042CC}
		{9249B679-366D-4838-ADCE-A9A8E6EAEAB4} = {9249B679-366D-4838-ADCE-A9A8E6EAEAB4}
		{36FB187C-1B94-4C1B-8781-C6C9A38C742C} = {36FB187C-1B94-4C1B-8781-C6C9A38C742C}
		{55700C8A-9C9E-4515-A3B7-E0A2F1CB2C79} = {55700C8A-9C9E-4515-A3B7-E0A2F1CB2C79}
		{C29AA190-5BE8-4674-AA8A-E858964D3C08} = {C29AA190-5BE8-4674-AA8A-E858964D3C08}
		{BFB56993-FC93-4B0D-9F60-6738A83B7619} = {BFB56993-FC93-4B0D-9F60-6738A83B7619}
		{3D34F0B9-2711-4C1B-B59E-5AF94894264B} = {3D34F0B9-2711-4C1B-B59E-5AF94894264B}
		{59281EC5-5DAF-44C9-9B26-5A1F8DE3CB44} = {59281EC5-5DAF-44C9-9B26-5A1F8DE3CB44}
		{B8F4B0C9-1EE7-4719-B927-5126F82E9713} = {B8F4B0C9-1EE7-4719-B927-5126F82E9713}
		{1ED7D7C9-ACA9-4A50-8217-0901E12B1D70} = {1ED7D7C9-ACA9-4A50-8217-0901E12B1D70}
		{2D6BCBCA-CC6C-49FE-A6AA-61AF62529118} = {2D6BCBCA-CC6C-49FE-A6AA-61AF62529118}
		{9867C9D6-9122-494E-8D05-FEEB0E94CF75} = {9867C9D6-9122-494E-8D05-FEEB0E94CF75}
		{F20A9EDA-095D-4849-B4F6-4953A285770D} = {F20A9EDA-095D-4849-B4F6-4953A285770D}
		{62E2E1DA-4AFA-4880-A508-1C4F217C93B1} = {62E2E1DA-4AFA-4880-A508-1C4F217C93B1}
		{0F5464E5-BDF2-46B1-849B-DC65433778B3} = {0F5464E5-BDF2-46B1-849B-DC65433778B3}
		{8878D8EB-7133-41ED-AC4E-C938ED1301CD} = {8878D8EB-7133-41ED-AC4E-C938ED1301CD}
		{7DC83DF4-B1C3-4107-A6D9-92A0FB4BF1A9} = {7DC83DF4-B1C3-4107-A6D9-92A0FB4BF1A9}
		{07B2B1F8-A388-4446-B2AC-C9AA6414CBB0} = {07B2B1F8-A388-4446-B2AC-C9AA6414CBB0}
		{5F3AF3FA-1CF3-4D3D-A105-8859BE35B757} = {5F3AF3FA-1CF3-4D3D-A105-8859BE35B757}
		{DDB199FE-9139-4589-821A-DDE86CBA53BB} = {DDB199FE-9139-4589-821A-DDE86CBA53BB}
	EndProjectSection
EndProject
Project("{8BC9CEB8-8B4A-11D0-8D11-00A0C91BC942}") = "libsigwatch", "third_party_open\libsigwatch\libsigwatch.vcxproj", "{0F5464E5-BDF2-46B1-849B-DC65433778B3}"
EndProject
Project("{6989167D-11E4-40FE-8C1A-2192A86A7E90}") = "interacter_stub", "third_party\interacter\src\interacter_stub.vfproj", "{BB8BB3D9-DDE0-46AE-8D39-28737C48F935}"
EndProject
Project("{6989167D-11E4-40FE-8C1A-2192A86A7E90}") = "dflowfm-cli", "src\dflowfm-cli_exe\dflowfm-cli.vfproj", "{4B73DE37-A591-4627-8F49-476130C1D7F0}"
	ProjectSection(ProjectDependencies) = postProject
		{9ECC8C04-148A-40A6-B1ED-926F0C20760A} = {9ECC8C04-148A-40A6-B1ED-926F0C20760A}
		{A5638E14-9D2D-49ED-ACA3-A73833756311} = {A5638E14-9D2D-49ED-ACA3-A73833756311}
		{B38AA81E-A244-3E86-BCBB-7B7E187DB218} = {B38AA81E-A244-3E86-BCBB-7B7E187DB218}
		{7CD53A26-F17A-4FD8-A8D6-B5D768396523} = {7CD53A26-F17A-4FD8-A8D6-B5D768396523}
		{D343152C-DE4D-43BA-B40F-DCE169B95416} = {D343152C-DE4D-43BA-B40F-DCE169B95416}
		{57CF2433-00B2-4173-AD21-32CA1AE3380C} = {57CF2433-00B2-4173-AD21-32CA1AE3380C}
		{5B3EFD3B-EEED-4D82-86E6-2EA3B6D6299E} = {5B3EFD3B-EEED-4D82-86E6-2EA3B6D6299E}
		{51065F4C-23D3-4C5F-AF5B-E70776409D7B} = {51065F4C-23D3-4C5F-AF5B-E70776409D7B}
		{53832B54-D882-4BF4-B319-7C1C80A042CC} = {53832B54-D882-4BF4-B319-7C1C80A042CC}
		{9249B679-366D-4838-ADCE-A9A8E6EAEAB4} = {9249B679-366D-4838-ADCE-A9A8E6EAEAB4}
		{36FB187C-1B94-4C1B-8781-C6C9A38C742C} = {36FB187C-1B94-4C1B-8781-C6C9A38C742C}
		{55700C8A-9C9E-4515-A3B7-E0A2F1CB2C79} = {55700C8A-9C9E-4515-A3B7-E0A2F1CB2C79}
		{C29AA190-5BE8-4674-AA8A-E858964D3C08} = {C29AA190-5BE8-4674-AA8A-E858964D3C08}
		{BFB56993-FC93-4B0D-9F60-6738A83B7619} = {BFB56993-FC93-4B0D-9F60-6738A83B7619}
		{3D34F0B9-2711-4C1B-B59E-5AF94894264B} = {3D34F0B9-2711-4C1B-B59E-5AF94894264B}
		{59281EC5-5DAF-44C9-9B26-5A1F8DE3CB44} = {59281EC5-5DAF-44C9-9B26-5A1F8DE3CB44}
		{B8F4B0C9-1EE7-4719-B927-5126F82E9713} = {B8F4B0C9-1EE7-4719-B927-5126F82E9713}
		{1ED7D7C9-ACA9-4A50-8217-0901E12B1D70} = {1ED7D7C9-ACA9-4A50-8217-0901E12B1D70}
		{2D6BCBCA-CC6C-49FE-A6AA-61AF62529118} = {2D6BCBCA-CC6C-49FE-A6AA-61AF62529118}
		{9867C9D6-9122-494E-8D05-FEEB0E94CF75} = {9867C9D6-9122-494E-8D05-FEEB0E94CF75}
		{BB8BB3D9-DDE0-46AE-8D39-28737C48F935} = {BB8BB3D9-DDE0-46AE-8D39-28737C48F935}
		{F20A9EDA-095D-4849-B4F6-4953A285770D} = {F20A9EDA-095D-4849-B4F6-4953A285770D}
		{62E2E1DA-4AFA-4880-A508-1C4F217C93B1} = {62E2E1DA-4AFA-4880-A508-1C4F217C93B1}
		{0F5464E5-BDF2-46B1-849B-DC65433778B3} = {0F5464E5-BDF2-46B1-849B-DC65433778B3}
		{8878D8EB-7133-41ED-AC4E-C938ED1301CD} = {8878D8EB-7133-41ED-AC4E-C938ED1301CD}
		{7DC83DF4-B1C3-4107-A6D9-92A0FB4BF1A9} = {7DC83DF4-B1C3-4107-A6D9-92A0FB4BF1A9}
		{07B2B1F8-A388-4446-B2AC-C9AA6414CBB0} = {07B2B1F8-A388-4446-B2AC-C9AA6414CBB0}
		{5F3AF3FA-1CF3-4D3D-A105-8859BE35B757} = {5F3AF3FA-1CF3-4D3D-A105-8859BE35B757}
	EndProjectSection
EndProject
Project("{2150E333-8FDC-42A3-9474-1A3956D46DE8}") = "dflowfm-tools", "dflowfm-tools", "{F210F811-9138-45DC-8D73-4630C80CC23E}"
EndProject
Project("{6989167D-11E4-40FE-8C1A-2192A86A7E90}") = "dfmoutput", "tools\dfmoutput\dfmoutput.vfproj", "{571CDF4C-F84F-444C-9ED7-135D31CDE995}"
	ProjectSection(ProjectDependencies) = postProject
		{C29AA190-5BE8-4674-AA8A-E858964D3C08} = {C29AA190-5BE8-4674-AA8A-E858964D3C08}
		{3D34F0B9-2711-4C1B-B59E-5AF94894264B} = {3D34F0B9-2711-4C1B-B59E-5AF94894264B}
		{2D6BCBCA-CC6C-49FE-A6AA-61AF62529118} = {2D6BCBCA-CC6C-49FE-A6AA-61AF62529118}
		{326342ED-A405-4128-ADFF-9C157FE87FE9} = {326342ED-A405-4128-ADFF-9C157FE87FE9}
	EndProjectSection
EndProject
Project("{6989167D-11E4-40FE-8C1A-2192A86A7E90}") = "libFLAP", "third_party_open\FLAP\src\libFLAP.vfproj", "{326342ED-A405-4128-ADFF-9C157FE87FE9}"
EndProject
Project("{6989167D-11E4-40FE-8C1A-2192A86A7E90}") = "f90_netcdf", "third_party_open\netcdf\src\win32\2005\f90_netcdf\f90_netcdf.vfproj", "{C29AA190-5BE8-4674-AA8A-E858964D3C08}"
	ProjectSection(ProjectDependencies) = postProject
		{5250F13E-C280-42FC-8CDF-74E96A500605} = {5250F13E-C280-42FC-8CDF-74E96A500605}
		{1544CEA3-1365-4482-A719-FF5C14BBAE29} = {1544CEA3-1365-4482-A719-FF5C14BBAE29}
	EndProjectSection
EndProject
Project("{8BC9CEB8-8B4A-11D0-8D11-00A0C91BC942}") = "f77_netcdf", "third_party_open\netcdf\src\win32\2005\f77_netcdf\f77_netcdf.vcxproj", "{5250F13E-C280-42FC-8CDF-74E96A500605}"
EndProject
Project("{8BC9CEB8-8B4A-11D0-8D11-00A0C91BC942}") = "netcdf", "third_party_open\netcdf\src\win32\2005\libsrc\netcdf.vcxproj", "{1544CEA3-1365-4482-A719-FF5C14BBAE29}"
EndProject
Project("{2150E333-8FDC-42A3-9474-1A3956D46DE8}") = "io_netcdf", "io_netcdf", "{FD29F3DD-6863-4E6B-8504-ED3AA173F96B}"
EndProject
Project("{6989167D-11E4-40FE-8C1A-2192A86A7E90}") = "io_netcdf", "utils_lgpl\io_netcdf\packages\io_netcdf\io_netcdf.vfproj", "{3D34F0B9-2711-4C1B-B59E-5AF94894264B}"
	ProjectSection(ProjectDependencies) = postProject
		{C29AA190-5BE8-4674-AA8A-E858964D3C08} = {C29AA190-5BE8-4674-AA8A-E858964D3C08}
		{B8F4B0C9-1EE7-4719-B927-5126F82E9713} = {B8F4B0C9-1EE7-4719-B927-5126F82E9713}
		{2D6BCBCA-CC6C-49FE-A6AA-61AF62529118} = {2D6BCBCA-CC6C-49FE-A6AA-61AF62529118}
	EndProjectSection
EndProject
Project("{6989167D-11E4-40FE-8C1A-2192A86A7E90}") = "io_netcdf_dll", "utils_lgpl\io_netcdf\packages\io_netcdf\io_netcdf_dll.vfproj", "{F8DB0933-F02C-49B3-8C4A-1C05688BC246}"
	ProjectSection(ProjectDependencies) = postProject
		{C29AA190-5BE8-4674-AA8A-E858964D3C08} = {C29AA190-5BE8-4674-AA8A-E858964D3C08}
		{3D34F0B9-2711-4C1B-B59E-5AF94894264B} = {3D34F0B9-2711-4C1B-B59E-5AF94894264B}
		{2D6BCBCA-CC6C-49FE-A6AA-61AF62529118} = {2D6BCBCA-CC6C-49FE-A6AA-61AF62529118}
	EndProjectSection
EndProject
Project("{6989167D-11E4-40FE-8C1A-2192A86A7E90}") = "libfortranc", "third_party_open\fortrangis\libfortranc\libfortranc.vfproj", "{9249B679-366D-4838-ADCE-A9A8E6EAEAB4}"
	ProjectSection(ProjectDependencies) = postProject
		{B38AA81E-A244-3E86-BCBB-7B7E187DB218} = {B38AA81E-A244-3E86-BCBB-7B7E187DB218}
	EndProjectSection
EndProject
Project("{6989167D-11E4-40FE-8C1A-2192A86A7E90}") = "libfortrangis", "third_party_open\fortrangis\libfortrangis\libfortrangis.vfproj", "{B8F4B0C9-1EE7-4719-B927-5126F82E9713}"
	ProjectSection(ProjectDependencies) = postProject
		{9249B679-366D-4838-ADCE-A9A8E6EAEAB4} = {9249B679-366D-4838-ADCE-A9A8E6EAEAB4}
		{9867C9D6-9122-494E-8D05-FEEB0E94CF75} = {9867C9D6-9122-494E-8D05-FEEB0E94CF75}
	EndProjectSection
EndProject
Project("{6989167D-11E4-40FE-8C1A-2192A86A7E90}") = "polypack", "third_party_open\polypack\polypack.vfproj", "{36FB187C-1B94-4C1B-8781-C6C9A38C742C}"
EndProject
Project("{2150E333-8FDC-42A3-9474-1A3956D46DE8}") = "fortrangis", "fortrangis", "{3882442C-F8E2-4129-8EBE-16B175D7E89A}"
EndProject
Project("{2150E333-8FDC-42A3-9474-1A3956D46DE8}") = "third_party_open", "third_party_open", "{5AA5132F-A3DE-449D-BE24-F8611F826D09}"
EndProject
Project("{2150E333-8FDC-42A3-9474-1A3956D46DE8}") = "metis", "metis", "{A387BCFB-2F13-4DD4-A181-07BA3F01A47F}"
EndProject
Project("{8BC9CEB8-8B4A-11D0-8D11-00A0C91BC942}") = "metis", "third_party_open\metis\metis-5.1.0\build\windows\libmetis\metis.vcxproj", "{4741F946-CFAA-3469-963D-9F01C053C97E}"
EndProject
Project("{8BC9CEB8-8B4A-11D0-8D11-00A0C91BC942}") = "proj", "third_party_open\proj4\src\proj.vcxproj", "{B38AA81E-A244-3E86-BCBB-7B7E187DB218}"
EndProject
Project("{8BC9CEB8-8B4A-11D0-8D11-00A0C91BC942}") = "shp", "third_party_open\shapelib\src\shp.vcxproj", "{9867C9D6-9122-494E-8D05-FEEB0E94CF75}"
EndProject
Project("{6989167D-11E4-40FE-8C1A-2192A86A7E90}") = "shapelib_test", "third_party_open\shapelib\test\shapelib_test.vfproj", "{EAF6A200-687E-4965-A739-85F6A3E6416F}"
	ProjectSection(ProjectDependencies) = postProject
		{9249B679-366D-4838-ADCE-A9A8E6EAEAB4} = {9249B679-366D-4838-ADCE-A9A8E6EAEAB4}
		{B8F4B0C9-1EE7-4719-B927-5126F82E9713} = {B8F4B0C9-1EE7-4719-B927-5126F82E9713}
		{9867C9D6-9122-494E-8D05-FEEB0E94CF75} = {9867C9D6-9122-494E-8D05-FEEB0E94CF75}
	EndProjectSection
EndProject
Project("{2150E333-8FDC-42A3-9474-1A3956D46DE8}") = "gridgeom", "gridgeom", "{CB48B32E-669A-4B21-B977-4B3DDF97E139}"
EndProject
Project("{6989167D-11E4-40FE-8C1A-2192A86A7E90}") = "gridgeom", "utils_lgpl\gridgeom\packages\gridgeom\gridgeom.vfproj", "{7CD53A26-F17A-4FD8-A8D6-B5D768396523}"
	ProjectSection(ProjectDependencies) = postProject
		{A5638E14-9D2D-49ED-ACA3-A73833756311} = {A5638E14-9D2D-49ED-ACA3-A73833756311}
		{D343152C-DE4D-43BA-B40F-DCE169B95416} = {D343152C-DE4D-43BA-B40F-DCE169B95416}
		{3D34F0B9-2711-4C1B-B59E-5AF94894264B} = {3D34F0B9-2711-4C1B-B59E-5AF94894264B}
		{1ED7D7C9-ACA9-4A50-8217-0901E12B1D70} = {1ED7D7C9-ACA9-4A50-8217-0901E12B1D70}
		{2D6BCBCA-CC6C-49FE-A6AA-61AF62529118} = {2D6BCBCA-CC6C-49FE-A6AA-61AF62529118}
		{62E2E1DA-4AFA-4880-A508-1C4F217C93B1} = {62E2E1DA-4AFA-4880-A508-1C4F217C93B1}
	EndProjectSection
EndProject
Project("{6989167D-11E4-40FE-8C1A-2192A86A7E90}") = "gridgeom_dll", "utils_lgpl\gridgeom\packages\gridgeom\gridgeom_dll.vfproj", "{2629BDAB-2ABD-43BE-A9B1-7165813E19AB}"
	ProjectSection(ProjectDependencies) = postProject
		{A5638E14-9D2D-49ED-ACA3-A73833756311} = {A5638E14-9D2D-49ED-ACA3-A73833756311}
		{7CD53A26-F17A-4FD8-A8D6-B5D768396523} = {7CD53A26-F17A-4FD8-A8D6-B5D768396523}
		{D343152C-DE4D-43BA-B40F-DCE169B95416} = {D343152C-DE4D-43BA-B40F-DCE169B95416}
		{3D34F0B9-2711-4C1B-B59E-5AF94894264B} = {3D34F0B9-2711-4C1B-B59E-5AF94894264B}
		{1ED7D7C9-ACA9-4A50-8217-0901E12B1D70} = {1ED7D7C9-ACA9-4A50-8217-0901E12B1D70}
		{2D6BCBCA-CC6C-49FE-A6AA-61AF62529118} = {2D6BCBCA-CC6C-49FE-A6AA-61AF62529118}
		{62E2E1DA-4AFA-4880-A508-1C4F217C93B1} = {62E2E1DA-4AFA-4880-A508-1C4F217C93B1}
	EndProjectSection
EndProject
Project("{2150E333-8FDC-42A3-9474-1A3956D46DE8}") = "tests", "tests", "{592D6797-6AFB-47FF-8DB1-AF577C5FA318}"
EndProject
Project("{FAE04EC0-301F-11D3-BF4B-00C04F79EFBC}") = "gridgeom.Tests", "utils_lgpl\gridgeom\packages\tests\gridgeom.Tests\gridgeom.Tests.csproj", "{A26ADD1A-A28B-419C-9CBD-E60537A49B22}"
	ProjectSection(ProjectDependencies) = postProject
		{977F480F-21E9-47B0-ACAD-8E6C23D94F13} = {977F480F-21E9-47B0-ACAD-8E6C23D94F13}
		{2629BDAB-2ABD-43BE-A9B1-7165813E19AB} = {2629BDAB-2ABD-43BE-A9B1-7165813E19AB}
		{2D6BCBCA-CC6C-49FE-A6AA-61AF62529118} = {2D6BCBCA-CC6C-49FE-A6AA-61AF62529118}
	EndProjectSection
EndProject
Project("{2150E333-8FDC-42A3-9474-1A3956D46DE8}") = "tests", "tests", "{6213C44B-373B-4018-9398-F71DBCDF59B7}"
EndProject
Project("{FAE04EC0-301F-11D3-BF4B-00C04F79EFBC}") = "UGrid.tests", "utils_lgpl\io_netcdf\packages\tests\UGrid.tests\UGrid.tests.csproj", "{20C4AEC6-AAC8-44AA-842E-325FA771DE9F}"
	ProjectSection(ProjectDependencies) = postProject
		{977F480F-21E9-47B0-ACAD-8E6C23D94F13} = {977F480F-21E9-47B0-ACAD-8E6C23D94F13}
		{F8DB0933-F02C-49B3-8C4A-1C05688BC246} = {F8DB0933-F02C-49B3-8C4A-1C05688BC246}
		{3D34F0B9-2711-4C1B-B59E-5AF94894264B} = {3D34F0B9-2711-4C1B-B59E-5AF94894264B}
	EndProjectSection
EndProject
Project("{FAE04EC0-301F-11D3-BF4B-00C04F79EFBC}") = "General.tests", "utils_lgpl\unittests\General.tests\General.tests.csproj", "{977F480F-21E9-47B0-ACAD-8E6C23D94F13}"
EndProject
Project("{6989167D-11E4-40FE-8C1A-2192A86A7E90}") = "ec_module_dll", "utils_lgpl\ec_module\packages\ec_module\ec_module_dll.vfproj", "{782863D7-FBBC-460A-A2D6-E4927A2FA67D}"
	ProjectSection(ProjectDependencies) = postProject
		{A5638E14-9D2D-49ED-ACA3-A73833756311} = {A5638E14-9D2D-49ED-ACA3-A73833756311}
		{D343152C-DE4D-43BA-B40F-DCE169B95416} = {D343152C-DE4D-43BA-B40F-DCE169B95416}
		{51065F4C-23D3-4C5F-AF5B-E70776409D7B} = {51065F4C-23D3-4C5F-AF5B-E70776409D7B}
		{1ED7D7C9-ACA9-4A50-8217-0901E12B1D70} = {1ED7D7C9-ACA9-4A50-8217-0901E12B1D70}
		{2D6BCBCA-CC6C-49FE-A6AA-61AF62529118} = {2D6BCBCA-CC6C-49FE-A6AA-61AF62529118}
		{62E2E1DA-4AFA-4880-A508-1C4F217C93B1} = {62E2E1DA-4AFA-4880-A508-1C4F217C93B1}
	EndProjectSection
EndProject
Project("{2150E333-8FDC-42A3-9474-1A3956D46DE8}") = "ec_module", "ec_module", "{F0403545-FDF6-477C-B96D-0765ECBA9CC4}"
EndProject
Project("{2150E333-8FDC-42A3-9474-1A3956D46DE8}") = "tests", "tests", "{46073DCE-3CBC-4D23-87F7-B3E4E9B8C11F}"
EndProject
Project("{FAE04EC0-301F-11D3-BF4B-00C04F79EFBC}") = "ECModule.tests", "utils_lgpl\ec_module\packages\tests\ec_module_tests\ECModule.tests.csproj", "{646AC13C-F3FD-404B-A102-4684B80F330B}"
	ProjectSection(ProjectDependencies) = postProject
		{782863D7-FBBC-460A-A2D6-E4927A2FA67D} = {782863D7-FBBC-460A-A2D6-E4927A2FA67D}
	EndProjectSection
EndProject
Project("{2150E333-8FDC-42A3-9474-1A3956D46DE8}") = "kdtree_wrapper", "kdtree_wrapper", "{A0516F1B-8EF3-4C43-9819-43C497004E81}"
EndProject
Project("{6989167D-11E4-40FE-8C1A-2192A86A7E90}") = "kdtree_wrapper", "utils_lgpl\kdtree_wrapper\packages\kdtree_wrapper\kdtree_wrapper.vfproj", "{D343152C-DE4D-43BA-B40F-DCE169B95416}"
	ProjectSection(ProjectDependencies) = postProject
		{1ED7D7C9-ACA9-4A50-8217-0901E12B1D70} = {1ED7D7C9-ACA9-4A50-8217-0901E12B1D70}
		{2D6BCBCA-CC6C-49FE-A6AA-61AF62529118} = {2D6BCBCA-CC6C-49FE-A6AA-61AF62529118}
	EndProjectSection
EndProject
Project("{8BC9CEB8-8B4A-11D0-8D11-00A0C91BC942}") = "metisoptions", "utils_lgpl\metistools\packages\metisoptions\metisoptions.vcxproj", "{5B3EFD3B-EEED-4D82-86E6-2EA3B6D6299E}"
	ProjectSection(ProjectDependencies) = postProject
		{4741F946-CFAA-3469-963D-9F01C053C97E} = {4741F946-CFAA-3469-963D-9F01C053C97E}
	EndProjectSection
EndProject
Global
	GlobalSection(SolutionConfigurationPlatforms) = preSolution
		Debug|Any CPU = Debug|Any CPU
		Debug|Win32 = Debug|Win32
		Debug|x64 = Debug|x64
		Debug|x86 = Debug|x86
		Release|Any CPU = Release|Any CPU
		Release|Win32 = Release|Win32
		Release|x64 = Release|x64
		Release|x86 = Release|x86
	EndGlobalSection
	GlobalSection(ProjectConfigurationPlatforms) = postSolution
		{2D6BCBCA-CC6C-49FE-A6AA-61AF62529118}.Debug|Any CPU.ActiveCfg = Debug|Win32
		{2D6BCBCA-CC6C-49FE-A6AA-61AF62529118}.Debug|Win32.ActiveCfg = Debug|Win32
		{2D6BCBCA-CC6C-49FE-A6AA-61AF62529118}.Debug|Win32.Build.0 = Debug|Win32
		{2D6BCBCA-CC6C-49FE-A6AA-61AF62529118}.Debug|x64.ActiveCfg = Debug|x64
		{2D6BCBCA-CC6C-49FE-A6AA-61AF62529118}.Debug|x64.Build.0 = Debug|x64
		{2D6BCBCA-CC6C-49FE-A6AA-61AF62529118}.Debug|x86.ActiveCfg = Debug|Win32
		{2D6BCBCA-CC6C-49FE-A6AA-61AF62529118}.Debug|x86.Build.0 = Debug|Win32
		{2D6BCBCA-CC6C-49FE-A6AA-61AF62529118}.Release|Any CPU.ActiveCfg = Release|Win32
		{2D6BCBCA-CC6C-49FE-A6AA-61AF62529118}.Release|Win32.ActiveCfg = Release|Win32
		{2D6BCBCA-CC6C-49FE-A6AA-61AF62529118}.Release|Win32.Build.0 = Release|Win32
		{2D6BCBCA-CC6C-49FE-A6AA-61AF62529118}.Release|x64.ActiveCfg = Release|x64
		{2D6BCBCA-CC6C-49FE-A6AA-61AF62529118}.Release|x64.Build.0 = Release|x64
		{2D6BCBCA-CC6C-49FE-A6AA-61AF62529118}.Release|x86.ActiveCfg = Release|Win32
		{2D6BCBCA-CC6C-49FE-A6AA-61AF62529118}.Release|x86.Build.0 = Release|Win32
		{A5638E14-9D2D-49ED-ACA3-A73833756311}.Debug|Any CPU.ActiveCfg = Debug|Win32
		{A5638E14-9D2D-49ED-ACA3-A73833756311}.Debug|Win32.ActiveCfg = Debug|Win32
		{A5638E14-9D2D-49ED-ACA3-A73833756311}.Debug|Win32.Build.0 = Debug|Win32
		{A5638E14-9D2D-49ED-ACA3-A73833756311}.Debug|x64.ActiveCfg = Debug|x64
		{A5638E14-9D2D-49ED-ACA3-A73833756311}.Debug|x64.Build.0 = Debug|x64
		{A5638E14-9D2D-49ED-ACA3-A73833756311}.Debug|x86.ActiveCfg = Debug|Win32
		{A5638E14-9D2D-49ED-ACA3-A73833756311}.Debug|x86.Build.0 = Debug|Win32
		{A5638E14-9D2D-49ED-ACA3-A73833756311}.Release|Any CPU.ActiveCfg = Release|Win32
		{A5638E14-9D2D-49ED-ACA3-A73833756311}.Release|Win32.ActiveCfg = Release|Win32
		{A5638E14-9D2D-49ED-ACA3-A73833756311}.Release|Win32.Build.0 = Release|Win32
		{A5638E14-9D2D-49ED-ACA3-A73833756311}.Release|x64.ActiveCfg = Release|x64
		{A5638E14-9D2D-49ED-ACA3-A73833756311}.Release|x64.Build.0 = Release|x64
		{A5638E14-9D2D-49ED-ACA3-A73833756311}.Release|x86.ActiveCfg = Release|Win32
		{A5638E14-9D2D-49ED-ACA3-A73833756311}.Release|x86.Build.0 = Release|Win32
		{8161EAC2-AD3A-403E-9709-965AFC85B159}.Debug|Any CPU.ActiveCfg = Debug|Any CPU
		{8161EAC2-AD3A-403E-9709-965AFC85B159}.Debug|Any CPU.Build.0 = Debug|Any CPU
		{8161EAC2-AD3A-403E-9709-965AFC85B159}.Debug|Win32.ActiveCfg = Debug|x86
		{8161EAC2-AD3A-403E-9709-965AFC85B159}.Debug|Win32.Build.0 = Debug|x86
		{8161EAC2-AD3A-403E-9709-965AFC85B159}.Debug|x64.ActiveCfg = Debug|x64
		{8161EAC2-AD3A-403E-9709-965AFC85B159}.Debug|x64.Build.0 = Debug|x64
		{8161EAC2-AD3A-403E-9709-965AFC85B159}.Debug|x86.ActiveCfg = Debug|x86
		{8161EAC2-AD3A-403E-9709-965AFC85B159}.Debug|x86.Build.0 = Debug|x86
		{8161EAC2-AD3A-403E-9709-965AFC85B159}.Release|Any CPU.ActiveCfg = Release|Any CPU
		{8161EAC2-AD3A-403E-9709-965AFC85B159}.Release|Any CPU.Build.0 = Release|Any CPU
		{8161EAC2-AD3A-403E-9709-965AFC85B159}.Release|Win32.ActiveCfg = Release|x86
		{8161EAC2-AD3A-403E-9709-965AFC85B159}.Release|Win32.Build.0 = Release|x86
		{8161EAC2-AD3A-403E-9709-965AFC85B159}.Release|x64.ActiveCfg = Release|x64
		{8161EAC2-AD3A-403E-9709-965AFC85B159}.Release|x64.Build.0 = Release|x64
		{8161EAC2-AD3A-403E-9709-965AFC85B159}.Release|x86.ActiveCfg = Release|x86
		{8161EAC2-AD3A-403E-9709-965AFC85B159}.Release|x86.Build.0 = Release|x86
		{385C39E4-1DDC-4261-9D04-EF9B9E8527E2}.Debug|Any CPU.ActiveCfg = Debug|Any CPU
		{385C39E4-1DDC-4261-9D04-EF9B9E8527E2}.Debug|Any CPU.Build.0 = Debug|Any CPU
		{385C39E4-1DDC-4261-9D04-EF9B9E8527E2}.Debug|Win32.ActiveCfg = Debug|x86
		{385C39E4-1DDC-4261-9D04-EF9B9E8527E2}.Debug|Win32.Build.0 = Debug|x86
		{385C39E4-1DDC-4261-9D04-EF9B9E8527E2}.Debug|x64.ActiveCfg = Debug|x64
		{385C39E4-1DDC-4261-9D04-EF9B9E8527E2}.Debug|x64.Build.0 = Debug|x64
		{385C39E4-1DDC-4261-9D04-EF9B9E8527E2}.Debug|x86.ActiveCfg = Debug|x86
		{385C39E4-1DDC-4261-9D04-EF9B9E8527E2}.Debug|x86.Build.0 = Debug|x86
		{385C39E4-1DDC-4261-9D04-EF9B9E8527E2}.Release|Any CPU.ActiveCfg = Release|Any CPU
		{385C39E4-1DDC-4261-9D04-EF9B9E8527E2}.Release|Any CPU.Build.0 = Release|Any CPU
		{385C39E4-1DDC-4261-9D04-EF9B9E8527E2}.Release|Win32.ActiveCfg = Release|x86
		{385C39E4-1DDC-4261-9D04-EF9B9E8527E2}.Release|Win32.Build.0 = Release|x86
		{385C39E4-1DDC-4261-9D04-EF9B9E8527E2}.Release|x64.ActiveCfg = Release|x64
		{385C39E4-1DDC-4261-9D04-EF9B9E8527E2}.Release|x64.Build.0 = Release|x64
		{385C39E4-1DDC-4261-9D04-EF9B9E8527E2}.Release|x86.ActiveCfg = Release|x86
		{385C39E4-1DDC-4261-9D04-EF9B9E8527E2}.Release|x86.Build.0 = Release|x86
		{1FAED173-7DC9-44D2-8165-129F0E79C464}.Debug|Any CPU.ActiveCfg = Debug|Any CPU
		{1FAED173-7DC9-44D2-8165-129F0E79C464}.Debug|Any CPU.Build.0 = Debug|Any CPU
		{1FAED173-7DC9-44D2-8165-129F0E79C464}.Debug|Win32.ActiveCfg = Debug|x86
		{1FAED173-7DC9-44D2-8165-129F0E79C464}.Debug|Win32.Build.0 = Debug|x86
		{1FAED173-7DC9-44D2-8165-129F0E79C464}.Debug|x64.ActiveCfg = Debug|x64
		{1FAED173-7DC9-44D2-8165-129F0E79C464}.Debug|x64.Build.0 = Debug|x64
		{1FAED173-7DC9-44D2-8165-129F0E79C464}.Debug|x86.ActiveCfg = Debug|x86
		{1FAED173-7DC9-44D2-8165-129F0E79C464}.Debug|x86.Build.0 = Debug|x86
		{1FAED173-7DC9-44D2-8165-129F0E79C464}.Release|Any CPU.ActiveCfg = Release|Any CPU
		{1FAED173-7DC9-44D2-8165-129F0E79C464}.Release|Any CPU.Build.0 = Release|Any CPU
		{1FAED173-7DC9-44D2-8165-129F0E79C464}.Release|Win32.ActiveCfg = Release|x86
		{1FAED173-7DC9-44D2-8165-129F0E79C464}.Release|Win32.Build.0 = Release|x86
		{1FAED173-7DC9-44D2-8165-129F0E79C464}.Release|x64.ActiveCfg = Release|x64
		{1FAED173-7DC9-44D2-8165-129F0E79C464}.Release|x64.Build.0 = Release|x64
		{1FAED173-7DC9-44D2-8165-129F0E79C464}.Release|x86.ActiveCfg = Release|x86
		{1FAED173-7DC9-44D2-8165-129F0E79C464}.Release|x86.Build.0 = Release|x86
		{6009D223-7649-4998-9031-94EE01A4B34D}.Debug|Any CPU.ActiveCfg = Debug|Any CPU
		{6009D223-7649-4998-9031-94EE01A4B34D}.Debug|Any CPU.Build.0 = Debug|Any CPU
		{6009D223-7649-4998-9031-94EE01A4B34D}.Debug|Win32.ActiveCfg = Debug|x86
		{6009D223-7649-4998-9031-94EE01A4B34D}.Debug|Win32.Build.0 = Debug|x86
		{6009D223-7649-4998-9031-94EE01A4B34D}.Debug|x64.ActiveCfg = Debug|x64
		{6009D223-7649-4998-9031-94EE01A4B34D}.Debug|x64.Build.0 = Debug|x64
		{6009D223-7649-4998-9031-94EE01A4B34D}.Debug|x86.ActiveCfg = Debug|x86
		{6009D223-7649-4998-9031-94EE01A4B34D}.Debug|x86.Build.0 = Debug|x86
		{6009D223-7649-4998-9031-94EE01A4B34D}.Release|Any CPU.ActiveCfg = Release|Any CPU
		{6009D223-7649-4998-9031-94EE01A4B34D}.Release|Any CPU.Build.0 = Release|Any CPU
		{6009D223-7649-4998-9031-94EE01A4B34D}.Release|Win32.ActiveCfg = Release|x86
		{6009D223-7649-4998-9031-94EE01A4B34D}.Release|Win32.Build.0 = Release|x86
		{6009D223-7649-4998-9031-94EE01A4B34D}.Release|x64.ActiveCfg = Release|x64
		{6009D223-7649-4998-9031-94EE01A4B34D}.Release|x64.Build.0 = Release|x64
		{6009D223-7649-4998-9031-94EE01A4B34D}.Release|x86.ActiveCfg = Release|x86
		{6009D223-7649-4998-9031-94EE01A4B34D}.Release|x86.Build.0 = Release|x86
		{5F3AF3FA-1CF3-4D3D-A105-8859BE35B757}.Debug|Any CPU.ActiveCfg = Debug|Win32
		{5F3AF3FA-1CF3-4D3D-A105-8859BE35B757}.Debug|Win32.ActiveCfg = Debug|Win32
		{5F3AF3FA-1CF3-4D3D-A105-8859BE35B757}.Debug|Win32.Build.0 = Debug|Win32
		{5F3AF3FA-1CF3-4D3D-A105-8859BE35B757}.Debug|x64.ActiveCfg = Debug|x64
		{5F3AF3FA-1CF3-4D3D-A105-8859BE35B757}.Debug|x64.Build.0 = Debug|x64
		{5F3AF3FA-1CF3-4D3D-A105-8859BE35B757}.Debug|x86.ActiveCfg = Debug|Win32
		{5F3AF3FA-1CF3-4D3D-A105-8859BE35B757}.Debug|x86.Build.0 = Debug|Win32
		{5F3AF3FA-1CF3-4D3D-A105-8859BE35B757}.Release|Any CPU.ActiveCfg = Release|Win32
		{5F3AF3FA-1CF3-4D3D-A105-8859BE35B757}.Release|Win32.ActiveCfg = Release|Win32
		{5F3AF3FA-1CF3-4D3D-A105-8859BE35B757}.Release|Win32.Build.0 = Release|Win32
		{5F3AF3FA-1CF3-4D3D-A105-8859BE35B757}.Release|x64.ActiveCfg = Release|x64
		{5F3AF3FA-1CF3-4D3D-A105-8859BE35B757}.Release|x64.Build.0 = Release|x64
		{5F3AF3FA-1CF3-4D3D-A105-8859BE35B757}.Release|x86.ActiveCfg = Release|Win32
		{5F3AF3FA-1CF3-4D3D-A105-8859BE35B757}.Release|x86.Build.0 = Release|Win32
		{7DC83DF4-B1C3-4107-A6D9-92A0FB4BF1A9}.Debug|Any CPU.ActiveCfg = Debug|Win32
		{7DC83DF4-B1C3-4107-A6D9-92A0FB4BF1A9}.Debug|Win32.ActiveCfg = Debug|Win32
		{7DC83DF4-B1C3-4107-A6D9-92A0FB4BF1A9}.Debug|Win32.Build.0 = Debug|Win32
		{7DC83DF4-B1C3-4107-A6D9-92A0FB4BF1A9}.Debug|x64.ActiveCfg = Debug|x64
		{7DC83DF4-B1C3-4107-A6D9-92A0FB4BF1A9}.Debug|x64.Build.0 = Debug|x64
		{7DC83DF4-B1C3-4107-A6D9-92A0FB4BF1A9}.Debug|x86.ActiveCfg = Debug|Win32
		{7DC83DF4-B1C3-4107-A6D9-92A0FB4BF1A9}.Debug|x86.Build.0 = Debug|Win32
		{7DC83DF4-B1C3-4107-A6D9-92A0FB4BF1A9}.Release|Any CPU.ActiveCfg = Release|Win32
		{7DC83DF4-B1C3-4107-A6D9-92A0FB4BF1A9}.Release|Win32.ActiveCfg = Release|Win32
		{7DC83DF4-B1C3-4107-A6D9-92A0FB4BF1A9}.Release|Win32.Build.0 = Release|Win32
		{7DC83DF4-B1C3-4107-A6D9-92A0FB4BF1A9}.Release|x64.ActiveCfg = Release|x64
		{7DC83DF4-B1C3-4107-A6D9-92A0FB4BF1A9}.Release|x64.Build.0 = Release|x64
		{7DC83DF4-B1C3-4107-A6D9-92A0FB4BF1A9}.Release|x86.ActiveCfg = Release|Win32
		{7DC83DF4-B1C3-4107-A6D9-92A0FB4BF1A9}.Release|x86.Build.0 = Release|Win32
		{59281EC5-5DAF-44C9-9B26-5A1F8DE3CB44}.Debug|Any CPU.ActiveCfg = Debug|Win32
		{59281EC5-5DAF-44C9-9B26-5A1F8DE3CB44}.Debug|Win32.ActiveCfg = Debug|Win32
		{59281EC5-5DAF-44C9-9B26-5A1F8DE3CB44}.Debug|Win32.Build.0 = Debug|Win32
		{59281EC5-5DAF-44C9-9B26-5A1F8DE3CB44}.Debug|x64.ActiveCfg = Debug|x64
		{59281EC5-5DAF-44C9-9B26-5A1F8DE3CB44}.Debug|x64.Build.0 = Debug|x64
		{59281EC5-5DAF-44C9-9B26-5A1F8DE3CB44}.Debug|x86.ActiveCfg = Debug|Win32
		{59281EC5-5DAF-44C9-9B26-5A1F8DE3CB44}.Debug|x86.Build.0 = Debug|Win32
		{59281EC5-5DAF-44C9-9B26-5A1F8DE3CB44}.Release|Any CPU.ActiveCfg = Release|Win32
		{59281EC5-5DAF-44C9-9B26-5A1F8DE3CB44}.Release|Win32.ActiveCfg = Release|Win32
		{59281EC5-5DAF-44C9-9B26-5A1F8DE3CB44}.Release|Win32.Build.0 = Release|Win32
		{59281EC5-5DAF-44C9-9B26-5A1F8DE3CB44}.Release|x64.ActiveCfg = Release|x64
		{59281EC5-5DAF-44C9-9B26-5A1F8DE3CB44}.Release|x64.Build.0 = Release|x64
		{59281EC5-5DAF-44C9-9B26-5A1F8DE3CB44}.Release|x86.ActiveCfg = Release|Win32
		{59281EC5-5DAF-44C9-9B26-5A1F8DE3CB44}.Release|x86.Build.0 = Release|Win32
		{51065F4C-23D3-4C5F-AF5B-E70776409D7B}.Debug|Any CPU.ActiveCfg = Debug|Win32
		{51065F4C-23D3-4C5F-AF5B-E70776409D7B}.Debug|Win32.ActiveCfg = Debug|Win32
		{51065F4C-23D3-4C5F-AF5B-E70776409D7B}.Debug|Win32.Build.0 = Debug|Win32
		{51065F4C-23D3-4C5F-AF5B-E70776409D7B}.Debug|x64.ActiveCfg = Debug|x64
		{51065F4C-23D3-4C5F-AF5B-E70776409D7B}.Debug|x64.Build.0 = Debug|x64
		{51065F4C-23D3-4C5F-AF5B-E70776409D7B}.Debug|x86.ActiveCfg = Debug|Win32
		{51065F4C-23D3-4C5F-AF5B-E70776409D7B}.Debug|x86.Build.0 = Debug|Win32
		{51065F4C-23D3-4C5F-AF5B-E70776409D7B}.Release|Any CPU.ActiveCfg = Release|Win32
		{51065F4C-23D3-4C5F-AF5B-E70776409D7B}.Release|Win32.ActiveCfg = Release|Win32
		{51065F4C-23D3-4C5F-AF5B-E70776409D7B}.Release|Win32.Build.0 = Release|Win32
		{51065F4C-23D3-4C5F-AF5B-E70776409D7B}.Release|x64.ActiveCfg = Release|x64
		{51065F4C-23D3-4C5F-AF5B-E70776409D7B}.Release|x64.Build.0 = Release|x64
		{51065F4C-23D3-4C5F-AF5B-E70776409D7B}.Release|x86.ActiveCfg = Release|Win32
		{51065F4C-23D3-4C5F-AF5B-E70776409D7B}.Release|x86.Build.0 = Release|Win32
		{57CF2433-00B2-4173-AD21-32CA1AE3380C}.Debug|Any CPU.ActiveCfg = Debug|Win32
		{57CF2433-00B2-4173-AD21-32CA1AE3380C}.Debug|Win32.ActiveCfg = Debug|Win32
		{57CF2433-00B2-4173-AD21-32CA1AE3380C}.Debug|Win32.Build.0 = Debug|Win32
		{57CF2433-00B2-4173-AD21-32CA1AE3380C}.Debug|x64.ActiveCfg = Debug|x64
		{57CF2433-00B2-4173-AD21-32CA1AE3380C}.Debug|x64.Build.0 = Debug|x64
		{57CF2433-00B2-4173-AD21-32CA1AE3380C}.Debug|x86.ActiveCfg = Debug|Win32
		{57CF2433-00B2-4173-AD21-32CA1AE3380C}.Debug|x86.Build.0 = Debug|Win32
		{57CF2433-00B2-4173-AD21-32CA1AE3380C}.Release|Any CPU.ActiveCfg = Release|Win32
		{57CF2433-00B2-4173-AD21-32CA1AE3380C}.Release|Win32.ActiveCfg = Release|Win32
		{57CF2433-00B2-4173-AD21-32CA1AE3380C}.Release|Win32.Build.0 = Release|Win32
		{57CF2433-00B2-4173-AD21-32CA1AE3380C}.Release|x64.ActiveCfg = Release|x64
		{57CF2433-00B2-4173-AD21-32CA1AE3380C}.Release|x64.Build.0 = Release|x64
		{57CF2433-00B2-4173-AD21-32CA1AE3380C}.Release|x86.ActiveCfg = Release|Win32
		{57CF2433-00B2-4173-AD21-32CA1AE3380C}.Release|x86.Build.0 = Release|Win32
		{1ED7D7C9-ACA9-4A50-8217-0901E12B1D70}.Debug|Any CPU.ActiveCfg = Debug|Win32
		{1ED7D7C9-ACA9-4A50-8217-0901E12B1D70}.Debug|Win32.ActiveCfg = Debug|Win32
		{1ED7D7C9-ACA9-4A50-8217-0901E12B1D70}.Debug|Win32.Build.0 = Debug|Win32
		{1ED7D7C9-ACA9-4A50-8217-0901E12B1D70}.Debug|x64.ActiveCfg = Debug|x64
		{1ED7D7C9-ACA9-4A50-8217-0901E12B1D70}.Debug|x64.Build.0 = Debug|x64
		{1ED7D7C9-ACA9-4A50-8217-0901E12B1D70}.Debug|x86.ActiveCfg = Debug|Win32
		{1ED7D7C9-ACA9-4A50-8217-0901E12B1D70}.Debug|x86.Build.0 = Debug|Win32
		{1ED7D7C9-ACA9-4A50-8217-0901E12B1D70}.Release|Any CPU.ActiveCfg = Release|Win32
		{1ED7D7C9-ACA9-4A50-8217-0901E12B1D70}.Release|Win32.ActiveCfg = Release|Win32
		{1ED7D7C9-ACA9-4A50-8217-0901E12B1D70}.Release|Win32.Build.0 = Release|Win32
		{1ED7D7C9-ACA9-4A50-8217-0901E12B1D70}.Release|x64.ActiveCfg = Release|x64
		{1ED7D7C9-ACA9-4A50-8217-0901E12B1D70}.Release|x64.Build.0 = Release|x64
		{1ED7D7C9-ACA9-4A50-8217-0901E12B1D70}.Release|x86.ActiveCfg = Release|Win32
		{1ED7D7C9-ACA9-4A50-8217-0901E12B1D70}.Release|x86.Build.0 = Release|Win32
		{F20A9EDA-095D-4849-B4F6-4953A285770D}.Debug|Any CPU.ActiveCfg = Debug|x64
		{F20A9EDA-095D-4849-B4F6-4953A285770D}.Debug|Win32.ActiveCfg = Debug|Win32
		{F20A9EDA-095D-4849-B4F6-4953A285770D}.Debug|Win32.Build.0 = Debug|Win32
		{F20A9EDA-095D-4849-B4F6-4953A285770D}.Debug|x64.ActiveCfg = Debug|x64
		{F20A9EDA-095D-4849-B4F6-4953A285770D}.Debug|x64.Build.0 = Debug|x64
		{F20A9EDA-095D-4849-B4F6-4953A285770D}.Debug|x86.ActiveCfg = Debug|Win32
		{F20A9EDA-095D-4849-B4F6-4953A285770D}.Debug|x86.Build.0 = Debug|Win32
		{F20A9EDA-095D-4849-B4F6-4953A285770D}.Release|Any CPU.ActiveCfg = Release|x64
		{F20A9EDA-095D-4849-B4F6-4953A285770D}.Release|Win32.ActiveCfg = Release|Win32
		{F20A9EDA-095D-4849-B4F6-4953A285770D}.Release|Win32.Build.0 = Release|Win32
		{F20A9EDA-095D-4849-B4F6-4953A285770D}.Release|x64.ActiveCfg = Release|x64
		{F20A9EDA-095D-4849-B4F6-4953A285770D}.Release|x64.Build.0 = Release|x64
		{F20A9EDA-095D-4849-B4F6-4953A285770D}.Release|x86.ActiveCfg = Release|Win32
		{F20A9EDA-095D-4849-B4F6-4953A285770D}.Release|x86.Build.0 = Release|Win32
		{BFB56993-FC93-4B0D-9F60-6738A83B7619}.Debug|Any CPU.ActiveCfg = Debug|Win32
		{BFB56993-FC93-4B0D-9F60-6738A83B7619}.Debug|Win32.ActiveCfg = Debug|Win32
		{BFB56993-FC93-4B0D-9F60-6738A83B7619}.Debug|Win32.Build.0 = Debug|Win32
		{BFB56993-FC93-4B0D-9F60-6738A83B7619}.Debug|x64.ActiveCfg = Debug|x64
		{BFB56993-FC93-4B0D-9F60-6738A83B7619}.Debug|x64.Build.0 = Debug|x64
		{BFB56993-FC93-4B0D-9F60-6738A83B7619}.Debug|x86.ActiveCfg = Debug|Win32
		{BFB56993-FC93-4B0D-9F60-6738A83B7619}.Debug|x86.Build.0 = Debug|Win32
		{BFB56993-FC93-4B0D-9F60-6738A83B7619}.Release|Any CPU.ActiveCfg = Release|Win32
		{BFB56993-FC93-4B0D-9F60-6738A83B7619}.Release|Win32.ActiveCfg = Release|Win32
		{BFB56993-FC93-4B0D-9F60-6738A83B7619}.Release|Win32.Build.0 = Release|Win32
		{BFB56993-FC93-4B0D-9F60-6738A83B7619}.Release|x64.ActiveCfg = Release|x64
		{BFB56993-FC93-4B0D-9F60-6738A83B7619}.Release|x64.Build.0 = Release|x64
		{BFB56993-FC93-4B0D-9F60-6738A83B7619}.Release|x86.ActiveCfg = Release|Win32
		{BFB56993-FC93-4B0D-9F60-6738A83B7619}.Release|x86.Build.0 = Release|Win32
		{55700C8A-9C9E-4515-A3B7-E0A2F1CB2C79}.Debug|Any CPU.ActiveCfg = Debug|Win32
		{55700C8A-9C9E-4515-A3B7-E0A2F1CB2C79}.Debug|Win32.ActiveCfg = Debug|Win32
		{55700C8A-9C9E-4515-A3B7-E0A2F1CB2C79}.Debug|Win32.Build.0 = Debug|Win32
		{55700C8A-9C9E-4515-A3B7-E0A2F1CB2C79}.Debug|x64.ActiveCfg = Debug|x64
		{55700C8A-9C9E-4515-A3B7-E0A2F1CB2C79}.Debug|x64.Build.0 = Debug|x64
		{55700C8A-9C9E-4515-A3B7-E0A2F1CB2C79}.Debug|x86.ActiveCfg = Debug|Win32
		{55700C8A-9C9E-4515-A3B7-E0A2F1CB2C79}.Debug|x86.Build.0 = Debug|Win32
		{55700C8A-9C9E-4515-A3B7-E0A2F1CB2C79}.Release|Any CPU.ActiveCfg = Release|x64
		{55700C8A-9C9E-4515-A3B7-E0A2F1CB2C79}.Release|Win32.ActiveCfg = Release|Win32
		{55700C8A-9C9E-4515-A3B7-E0A2F1CB2C79}.Release|Win32.Build.0 = Release|Win32
		{55700C8A-9C9E-4515-A3B7-E0A2F1CB2C79}.Release|x64.ActiveCfg = Release|x64
		{55700C8A-9C9E-4515-A3B7-E0A2F1CB2C79}.Release|x64.Build.0 = Release|x64
		{55700C8A-9C9E-4515-A3B7-E0A2F1CB2C79}.Release|x86.ActiveCfg = Release|Win32
		{55700C8A-9C9E-4515-A3B7-E0A2F1CB2C79}.Release|x86.Build.0 = Release|Win32
		{62E2E1DA-4AFA-4880-A508-1C4F217C93B1}.Debug|Any CPU.ActiveCfg = Debug|Win32
		{62E2E1DA-4AFA-4880-A508-1C4F217C93B1}.Debug|Win32.ActiveCfg = Debug|Win32
		{62E2E1DA-4AFA-4880-A508-1C4F217C93B1}.Debug|Win32.Build.0 = Debug|Win32
		{62E2E1DA-4AFA-4880-A508-1C4F217C93B1}.Debug|x64.ActiveCfg = Debug|x64
		{62E2E1DA-4AFA-4880-A508-1C4F217C93B1}.Debug|x64.Build.0 = Debug|x64
		{62E2E1DA-4AFA-4880-A508-1C4F217C93B1}.Debug|x86.ActiveCfg = Debug|Win32
		{62E2E1DA-4AFA-4880-A508-1C4F217C93B1}.Debug|x86.Build.0 = Debug|Win32
		{62E2E1DA-4AFA-4880-A508-1C4F217C93B1}.Release|Any CPU.ActiveCfg = Release|Win32
		{62E2E1DA-4AFA-4880-A508-1C4F217C93B1}.Release|Win32.ActiveCfg = Release|Win32
		{62E2E1DA-4AFA-4880-A508-1C4F217C93B1}.Release|Win32.Build.0 = Release|Win32
		{62E2E1DA-4AFA-4880-A508-1C4F217C93B1}.Release|x64.ActiveCfg = Release|x64
		{62E2E1DA-4AFA-4880-A508-1C4F217C93B1}.Release|x64.Build.0 = Release|x64
		{62E2E1DA-4AFA-4880-A508-1C4F217C93B1}.Release|x86.ActiveCfg = Release|Win32
		{62E2E1DA-4AFA-4880-A508-1C4F217C93B1}.Release|x86.Build.0 = Release|Win32
		{07B2B1F8-A388-4446-B2AC-C9AA6414CBB0}.Debug|Any CPU.ActiveCfg = Debug|Win32
		{07B2B1F8-A388-4446-B2AC-C9AA6414CBB0}.Debug|Win32.ActiveCfg = Debug|Win32
		{07B2B1F8-A388-4446-B2AC-C9AA6414CBB0}.Debug|Win32.Build.0 = Debug|Win32
		{07B2B1F8-A388-4446-B2AC-C9AA6414CBB0}.Debug|x64.ActiveCfg = Debug|x64
		{07B2B1F8-A388-4446-B2AC-C9AA6414CBB0}.Debug|x64.Build.0 = Debug|x64
		{07B2B1F8-A388-4446-B2AC-C9AA6414CBB0}.Debug|x86.ActiveCfg = Debug|Win32
		{07B2B1F8-A388-4446-B2AC-C9AA6414CBB0}.Debug|x86.Build.0 = Debug|Win32
		{07B2B1F8-A388-4446-B2AC-C9AA6414CBB0}.Release|Any CPU.ActiveCfg = Release|Win32
		{07B2B1F8-A388-4446-B2AC-C9AA6414CBB0}.Release|Win32.ActiveCfg = Release|Win32
		{07B2B1F8-A388-4446-B2AC-C9AA6414CBB0}.Release|Win32.Build.0 = Release|Win32
		{07B2B1F8-A388-4446-B2AC-C9AA6414CBB0}.Release|x64.ActiveCfg = Release|x64
		{07B2B1F8-A388-4446-B2AC-C9AA6414CBB0}.Release|x64.Build.0 = Release|x64
		{07B2B1F8-A388-4446-B2AC-C9AA6414CBB0}.Release|x86.ActiveCfg = Release|Win32
		{07B2B1F8-A388-4446-B2AC-C9AA6414CBB0}.Release|x86.Build.0 = Release|Win32
		{9ECC8C04-148A-40A6-B1ED-926F0C20760A}.Debug|Any CPU.ActiveCfg = Debug|x64
		{9ECC8C04-148A-40A6-B1ED-926F0C20760A}.Debug|Win32.ActiveCfg = Debug|Win32
		{9ECC8C04-148A-40A6-B1ED-926F0C20760A}.Debug|Win32.Build.0 = Debug|Win32
		{9ECC8C04-148A-40A6-B1ED-926F0C20760A}.Debug|x64.ActiveCfg = Debug|x64
		{9ECC8C04-148A-40A6-B1ED-926F0C20760A}.Debug|x64.Build.0 = Debug|x64
		{9ECC8C04-148A-40A6-B1ED-926F0C20760A}.Debug|x86.ActiveCfg = Debug|Win32
		{9ECC8C04-148A-40A6-B1ED-926F0C20760A}.Debug|x86.Build.0 = Debug|Win32
		{9ECC8C04-148A-40A6-B1ED-926F0C20760A}.Release|Any CPU.ActiveCfg = Release|x64
		{9ECC8C04-148A-40A6-B1ED-926F0C20760A}.Release|Win32.ActiveCfg = Release|Win32
		{9ECC8C04-148A-40A6-B1ED-926F0C20760A}.Release|Win32.Build.0 = Release|Win32
		{9ECC8C04-148A-40A6-B1ED-926F0C20760A}.Release|x64.ActiveCfg = Release|x64
		{9ECC8C04-148A-40A6-B1ED-926F0C20760A}.Release|x64.Build.0 = Release|x64
		{9ECC8C04-148A-40A6-B1ED-926F0C20760A}.Release|x86.ActiveCfg = Release|Win32
		{9ECC8C04-148A-40A6-B1ED-926F0C20760A}.Release|x86.Build.0 = Release|Win32
		{8878D8EB-7133-41ED-AC4E-C938ED1301CD}.Debug|Any CPU.ActiveCfg = Debug|x64
		{8878D8EB-7133-41ED-AC4E-C938ED1301CD}.Debug|Win32.ActiveCfg = Debug|Win32
		{8878D8EB-7133-41ED-AC4E-C938ED1301CD}.Debug|Win32.Build.0 = Debug|Win32
		{8878D8EB-7133-41ED-AC4E-C938ED1301CD}.Debug|x64.ActiveCfg = Debug|x64
		{8878D8EB-7133-41ED-AC4E-C938ED1301CD}.Debug|x64.Build.0 = Debug|x64
		{8878D8EB-7133-41ED-AC4E-C938ED1301CD}.Debug|x86.ActiveCfg = Debug|Win32
		{8878D8EB-7133-41ED-AC4E-C938ED1301CD}.Debug|x86.Build.0 = Debug|Win32
		{8878D8EB-7133-41ED-AC4E-C938ED1301CD}.Release|Any CPU.ActiveCfg = Release|x64
		{8878D8EB-7133-41ED-AC4E-C938ED1301CD}.Release|Win32.ActiveCfg = Release|Win32
		{8878D8EB-7133-41ED-AC4E-C938ED1301CD}.Release|Win32.Build.0 = Release|Win32
		{8878D8EB-7133-41ED-AC4E-C938ED1301CD}.Release|x64.ActiveCfg = Release|x64
		{8878D8EB-7133-41ED-AC4E-C938ED1301CD}.Release|x64.Build.0 = Release|x64
		{8878D8EB-7133-41ED-AC4E-C938ED1301CD}.Release|x86.ActiveCfg = Release|Win32
		{8878D8EB-7133-41ED-AC4E-C938ED1301CD}.Release|x86.Build.0 = Release|Win32
		{53832B54-D882-4BF4-B319-7C1C80A042CC}.Debug|Any CPU.ActiveCfg = Debug|Win32
		{53832B54-D882-4BF4-B319-7C1C80A042CC}.Debug|Win32.ActiveCfg = Debug|Win32
		{53832B54-D882-4BF4-B319-7C1C80A042CC}.Debug|Win32.Build.0 = Debug|Win32
		{53832B54-D882-4BF4-B319-7C1C80A042CC}.Debug|x64.ActiveCfg = Debug|x64
		{53832B54-D882-4BF4-B319-7C1C80A042CC}.Debug|x64.Build.0 = Debug|x64
		{53832B54-D882-4BF4-B319-7C1C80A042CC}.Debug|x86.ActiveCfg = Debug|Win32
		{53832B54-D882-4BF4-B319-7C1C80A042CC}.Debug|x86.Build.0 = Debug|Win32
		{53832B54-D882-4BF4-B319-7C1C80A042CC}.Release|Any CPU.ActiveCfg = Release|Win32
		{53832B54-D882-4BF4-B319-7C1C80A042CC}.Release|Win32.ActiveCfg = Release|Win32
		{53832B54-D882-4BF4-B319-7C1C80A042CC}.Release|Win32.Build.0 = Release|Win32
		{53832B54-D882-4BF4-B319-7C1C80A042CC}.Release|x64.ActiveCfg = Release|x64
		{53832B54-D882-4BF4-B319-7C1C80A042CC}.Release|x64.Build.0 = Release|x64
		{53832B54-D882-4BF4-B319-7C1C80A042CC}.Release|x86.ActiveCfg = Release|Win32
		{53832B54-D882-4BF4-B319-7C1C80A042CC}.Release|x86.Build.0 = Release|Win32
		{DDB199FE-9139-4589-821A-DDE86CBA53BB}.Debug|Any CPU.ActiveCfg = Debug|Win32
		{DDB199FE-9139-4589-821A-DDE86CBA53BB}.Debug|Win32.ActiveCfg = Debug|Win32
		{DDB199FE-9139-4589-821A-DDE86CBA53BB}.Debug|Win32.Build.0 = Debug|Win32
		{DDB199FE-9139-4589-821A-DDE86CBA53BB}.Debug|x64.ActiveCfg = Debug|x64
		{DDB199FE-9139-4589-821A-DDE86CBA53BB}.Debug|x64.Build.0 = Debug|x64
		{DDB199FE-9139-4589-821A-DDE86CBA53BB}.Debug|x86.ActiveCfg = Debug|Win32
		{DDB199FE-9139-4589-821A-DDE86CBA53BB}.Debug|x86.Build.0 = Debug|Win32
		{DDB199FE-9139-4589-821A-DDE86CBA53BB}.Release|Any CPU.ActiveCfg = Release|Win32
		{DDB199FE-9139-4589-821A-DDE86CBA53BB}.Release|Win32.ActiveCfg = Release|Win32
		{DDB199FE-9139-4589-821A-DDE86CBA53BB}.Release|Win32.Build.0 = Release|Win32
		{DDB199FE-9139-4589-821A-DDE86CBA53BB}.Release|x64.ActiveCfg = Release|x64
		{DDB199FE-9139-4589-821A-DDE86CBA53BB}.Release|x64.Build.0 = Release|x64
		{DDB199FE-9139-4589-821A-DDE86CBA53BB}.Release|x86.ActiveCfg = Release|Win32
		{DDB199FE-9139-4589-821A-DDE86CBA53BB}.Release|x86.Build.0 = Release|Win32
		{7E353143-2F1D-4B12-A029-A265111BBC8D}.Debug|Any CPU.ActiveCfg = Debug|Win32
		{7E353143-2F1D-4B12-A029-A265111BBC8D}.Debug|Win32.ActiveCfg = Debug|Win32
		{7E353143-2F1D-4B12-A029-A265111BBC8D}.Debug|Win32.Build.0 = Debug|Win32
		{7E353143-2F1D-4B12-A029-A265111BBC8D}.Debug|x64.ActiveCfg = Debug|x64
		{7E353143-2F1D-4B12-A029-A265111BBC8D}.Debug|x64.Build.0 = Debug|x64
		{7E353143-2F1D-4B12-A029-A265111BBC8D}.Debug|x86.ActiveCfg = Debug|Win32
		{7E353143-2F1D-4B12-A029-A265111BBC8D}.Debug|x86.Build.0 = Debug|Win32
		{7E353143-2F1D-4B12-A029-A265111BBC8D}.Release|Any CPU.ActiveCfg = Release|Win32
		{7E353143-2F1D-4B12-A029-A265111BBC8D}.Release|Win32.ActiveCfg = Release|Win32
		{7E353143-2F1D-4B12-A029-A265111BBC8D}.Release|Win32.Build.0 = Release|Win32
		{7E353143-2F1D-4B12-A029-A265111BBC8D}.Release|x64.ActiveCfg = Release|x64
		{7E353143-2F1D-4B12-A029-A265111BBC8D}.Release|x64.Build.0 = Release|x64
		{7E353143-2F1D-4B12-A029-A265111BBC8D}.Release|x86.ActiveCfg = Release|Win32
		{7E353143-2F1D-4B12-A029-A265111BBC8D}.Release|x86.Build.0 = Release|Win32
		{0F5464E5-BDF2-46B1-849B-DC65433778B3}.Debug|Any CPU.ActiveCfg = Debug|Win32
		{0F5464E5-BDF2-46B1-849B-DC65433778B3}.Debug|Win32.ActiveCfg = Debug|Win32
		{0F5464E5-BDF2-46B1-849B-DC65433778B3}.Debug|Win32.Build.0 = Debug|Win32
		{0F5464E5-BDF2-46B1-849B-DC65433778B3}.Debug|x64.ActiveCfg = Debug|x64
		{0F5464E5-BDF2-46B1-849B-DC65433778B3}.Debug|x64.Build.0 = Debug|x64
		{0F5464E5-BDF2-46B1-849B-DC65433778B3}.Debug|x86.ActiveCfg = Debug|Win32
		{0F5464E5-BDF2-46B1-849B-DC65433778B3}.Debug|x86.Build.0 = Debug|Win32
		{0F5464E5-BDF2-46B1-849B-DC65433778B3}.Release|Any CPU.ActiveCfg = Release|Win32
		{0F5464E5-BDF2-46B1-849B-DC65433778B3}.Release|Win32.ActiveCfg = Release|Win32
		{0F5464E5-BDF2-46B1-849B-DC65433778B3}.Release|Win32.Build.0 = Release|Win32
		{0F5464E5-BDF2-46B1-849B-DC65433778B3}.Release|x64.ActiveCfg = Release|x64
		{0F5464E5-BDF2-46B1-849B-DC65433778B3}.Release|x64.Build.0 = Release|x64
		{0F5464E5-BDF2-46B1-849B-DC65433778B3}.Release|x86.ActiveCfg = Release|Win32
		{0F5464E5-BDF2-46B1-849B-DC65433778B3}.Release|x86.Build.0 = Release|Win32
		{BB8BB3D9-DDE0-46AE-8D39-28737C48F935}.Debug|Any CPU.ActiveCfg = Debug|Win32
		{BB8BB3D9-DDE0-46AE-8D39-28737C48F935}.Debug|Win32.ActiveCfg = Debug|Win32
		{BB8BB3D9-DDE0-46AE-8D39-28737C48F935}.Debug|Win32.Build.0 = Debug|Win32
		{BB8BB3D9-DDE0-46AE-8D39-28737C48F935}.Debug|x64.ActiveCfg = Debug|x64
		{BB8BB3D9-DDE0-46AE-8D39-28737C48F935}.Debug|x64.Build.0 = Debug|x64
		{BB8BB3D9-DDE0-46AE-8D39-28737C48F935}.Debug|x86.ActiveCfg = Debug|Win32
		{BB8BB3D9-DDE0-46AE-8D39-28737C48F935}.Debug|x86.Build.0 = Debug|Win32
		{BB8BB3D9-DDE0-46AE-8D39-28737C48F935}.Release|Any CPU.ActiveCfg = Release|Win32
		{BB8BB3D9-DDE0-46AE-8D39-28737C48F935}.Release|Win32.ActiveCfg = Release|Win32
		{BB8BB3D9-DDE0-46AE-8D39-28737C48F935}.Release|Win32.Build.0 = Release|Win32
		{BB8BB3D9-DDE0-46AE-8D39-28737C48F935}.Release|x64.ActiveCfg = Release|x64
		{BB8BB3D9-DDE0-46AE-8D39-28737C48F935}.Release|x64.Build.0 = Release|x64
		{BB8BB3D9-DDE0-46AE-8D39-28737C48F935}.Release|x86.ActiveCfg = Release|Win32
		{BB8BB3D9-DDE0-46AE-8D39-28737C48F935}.Release|x86.Build.0 = Release|Win32
		{4B73DE37-A591-4627-8F49-476130C1D7F0}.Debug|Any CPU.ActiveCfg = Debug|Win32
		{4B73DE37-A591-4627-8F49-476130C1D7F0}.Debug|Win32.ActiveCfg = Debug|Win32
		{4B73DE37-A591-4627-8F49-476130C1D7F0}.Debug|Win32.Build.0 = Debug|Win32
		{4B73DE37-A591-4627-8F49-476130C1D7F0}.Debug|x64.ActiveCfg = Debug|x64
		{4B73DE37-A591-4627-8F49-476130C1D7F0}.Debug|x64.Build.0 = Debug|x64
		{4B73DE37-A591-4627-8F49-476130C1D7F0}.Debug|x86.ActiveCfg = Debug|Win32
		{4B73DE37-A591-4627-8F49-476130C1D7F0}.Debug|x86.Build.0 = Debug|Win32
		{4B73DE37-A591-4627-8F49-476130C1D7F0}.Release|Any CPU.ActiveCfg = Release|Win32
		{4B73DE37-A591-4627-8F49-476130C1D7F0}.Release|Win32.ActiveCfg = Release|Win32
		{4B73DE37-A591-4627-8F49-476130C1D7F0}.Release|Win32.Build.0 = Release|Win32
		{4B73DE37-A591-4627-8F49-476130C1D7F0}.Release|x64.ActiveCfg = Release|x64
		{4B73DE37-A591-4627-8F49-476130C1D7F0}.Release|x64.Build.0 = Release|x64
		{4B73DE37-A591-4627-8F49-476130C1D7F0}.Release|x86.ActiveCfg = Release|Win32
		{4B73DE37-A591-4627-8F49-476130C1D7F0}.Release|x86.Build.0 = Release|Win32
		{571CDF4C-F84F-444C-9ED7-135D31CDE995}.Debug|Any CPU.ActiveCfg = Debug|Win32
		{571CDF4C-F84F-444C-9ED7-135D31CDE995}.Debug|Win32.ActiveCfg = Debug|Win32
		{571CDF4C-F84F-444C-9ED7-135D31CDE995}.Debug|Win32.Build.0 = Debug|Win32
		{571CDF4C-F84F-444C-9ED7-135D31CDE995}.Debug|x64.ActiveCfg = Debug|x64
		{571CDF4C-F84F-444C-9ED7-135D31CDE995}.Debug|x64.Build.0 = Debug|x64
		{571CDF4C-F84F-444C-9ED7-135D31CDE995}.Debug|x86.ActiveCfg = Debug|Win32
		{571CDF4C-F84F-444C-9ED7-135D31CDE995}.Debug|x86.Build.0 = Debug|Win32
		{571CDF4C-F84F-444C-9ED7-135D31CDE995}.Release|Any CPU.ActiveCfg = Release|Win32
		{571CDF4C-F84F-444C-9ED7-135D31CDE995}.Release|Win32.ActiveCfg = Release|Win32
		{571CDF4C-F84F-444C-9ED7-135D31CDE995}.Release|Win32.Build.0 = Release|Win32
		{571CDF4C-F84F-444C-9ED7-135D31CDE995}.Release|x64.ActiveCfg = Release|x64
		{571CDF4C-F84F-444C-9ED7-135D31CDE995}.Release|x64.Build.0 = Release|x64
		{571CDF4C-F84F-444C-9ED7-135D31CDE995}.Release|x86.ActiveCfg = Release|Win32
		{571CDF4C-F84F-444C-9ED7-135D31CDE995}.Release|x86.Build.0 = Release|Win32
		{326342ED-A405-4128-ADFF-9C157FE87FE9}.Debug|Any CPU.ActiveCfg = Debug|Win32
		{326342ED-A405-4128-ADFF-9C157FE87FE9}.Debug|Win32.ActiveCfg = Debug|Win32
		{326342ED-A405-4128-ADFF-9C157FE87FE9}.Debug|Win32.Build.0 = Debug|Win32
		{326342ED-A405-4128-ADFF-9C157FE87FE9}.Debug|x64.ActiveCfg = Debug|x64
		{326342ED-A405-4128-ADFF-9C157FE87FE9}.Debug|x64.Build.0 = Debug|x64
		{326342ED-A405-4128-ADFF-9C157FE87FE9}.Debug|x86.ActiveCfg = Debug|Win32
		{326342ED-A405-4128-ADFF-9C157FE87FE9}.Debug|x86.Build.0 = Debug|Win32
		{326342ED-A405-4128-ADFF-9C157FE87FE9}.Release|Any CPU.ActiveCfg = Release|Win32
		{326342ED-A405-4128-ADFF-9C157FE87FE9}.Release|Win32.ActiveCfg = Release|Win32
		{326342ED-A405-4128-ADFF-9C157FE87FE9}.Release|Win32.Build.0 = Release|Win32
		{326342ED-A405-4128-ADFF-9C157FE87FE9}.Release|x64.ActiveCfg = Release|x64
		{326342ED-A405-4128-ADFF-9C157FE87FE9}.Release|x64.Build.0 = Release|x64
		{326342ED-A405-4128-ADFF-9C157FE87FE9}.Release|x86.ActiveCfg = Release|Win32
		{326342ED-A405-4128-ADFF-9C157FE87FE9}.Release|x86.Build.0 = Release|Win32
		{C29AA190-5BE8-4674-AA8A-E858964D3C08}.Debug|Any CPU.ActiveCfg = Debug|Win32
		{C29AA190-5BE8-4674-AA8A-E858964D3C08}.Debug|Win32.ActiveCfg = Debug|Win32
		{C29AA190-5BE8-4674-AA8A-E858964D3C08}.Debug|Win32.Build.0 = Debug|Win32
		{C29AA190-5BE8-4674-AA8A-E858964D3C08}.Debug|x64.ActiveCfg = Debug|x64
		{C29AA190-5BE8-4674-AA8A-E858964D3C08}.Debug|x64.Build.0 = Debug|x64
		{C29AA190-5BE8-4674-AA8A-E858964D3C08}.Debug|x86.ActiveCfg = Debug|Win32
		{C29AA190-5BE8-4674-AA8A-E858964D3C08}.Debug|x86.Build.0 = Debug|Win32
		{C29AA190-5BE8-4674-AA8A-E858964D3C08}.Release|Any CPU.ActiveCfg = Release|Win32
		{C29AA190-5BE8-4674-AA8A-E858964D3C08}.Release|Win32.ActiveCfg = Release|Win32
		{C29AA190-5BE8-4674-AA8A-E858964D3C08}.Release|Win32.Build.0 = Release|Win32
		{C29AA190-5BE8-4674-AA8A-E858964D3C08}.Release|x64.ActiveCfg = Release|x64
		{C29AA190-5BE8-4674-AA8A-E858964D3C08}.Release|x64.Build.0 = Release|x64
		{C29AA190-5BE8-4674-AA8A-E858964D3C08}.Release|x86.ActiveCfg = Release|Win32
		{C29AA190-5BE8-4674-AA8A-E858964D3C08}.Release|x86.Build.0 = Release|Win32
		{5250F13E-C280-42FC-8CDF-74E96A500605}.Debug|Any CPU.ActiveCfg = Debug|Win32
		{5250F13E-C280-42FC-8CDF-74E96A500605}.Debug|Win32.ActiveCfg = Debug|Win32
		{5250F13E-C280-42FC-8CDF-74E96A500605}.Debug|Win32.Build.0 = Debug|Win32
		{5250F13E-C280-42FC-8CDF-74E96A500605}.Debug|x64.ActiveCfg = Debug|x64
		{5250F13E-C280-42FC-8CDF-74E96A500605}.Debug|x64.Build.0 = Debug|x64
		{5250F13E-C280-42FC-8CDF-74E96A500605}.Debug|x86.ActiveCfg = Debug|Win32
		{5250F13E-C280-42FC-8CDF-74E96A500605}.Debug|x86.Build.0 = Debug|Win32
		{5250F13E-C280-42FC-8CDF-74E96A500605}.Release|Any CPU.ActiveCfg = Release|Win32
		{5250F13E-C280-42FC-8CDF-74E96A500605}.Release|Win32.ActiveCfg = Release|Win32
		{5250F13E-C280-42FC-8CDF-74E96A500605}.Release|Win32.Build.0 = Release|Win32
		{5250F13E-C280-42FC-8CDF-74E96A500605}.Release|x64.ActiveCfg = Release|x64
		{5250F13E-C280-42FC-8CDF-74E96A500605}.Release|x64.Build.0 = Release|x64
		{5250F13E-C280-42FC-8CDF-74E96A500605}.Release|x86.ActiveCfg = Release|Win32
		{5250F13E-C280-42FC-8CDF-74E96A500605}.Release|x86.Build.0 = Release|Win32
		{1544CEA3-1365-4482-A719-FF5C14BBAE29}.Debug|Any CPU.ActiveCfg = Debug|Win32
		{1544CEA3-1365-4482-A719-FF5C14BBAE29}.Debug|Win32.ActiveCfg = Debug|Win32
		{1544CEA3-1365-4482-A719-FF5C14BBAE29}.Debug|Win32.Build.0 = Debug|Win32
		{1544CEA3-1365-4482-A719-FF5C14BBAE29}.Debug|x64.ActiveCfg = Debug|x64
		{1544CEA3-1365-4482-A719-FF5C14BBAE29}.Debug|x64.Build.0 = Debug|x64
		{1544CEA3-1365-4482-A719-FF5C14BBAE29}.Debug|x86.ActiveCfg = Debug|Win32
		{1544CEA3-1365-4482-A719-FF5C14BBAE29}.Debug|x86.Build.0 = Debug|Win32
		{1544CEA3-1365-4482-A719-FF5C14BBAE29}.Release|Any CPU.ActiveCfg = Release|Win32
		{1544CEA3-1365-4482-A719-FF5C14BBAE29}.Release|Win32.ActiveCfg = Release|Win32
		{1544CEA3-1365-4482-A719-FF5C14BBAE29}.Release|Win32.Build.0 = Release|Win32
		{1544CEA3-1365-4482-A719-FF5C14BBAE29}.Release|x64.ActiveCfg = Release|x64
		{1544CEA3-1365-4482-A719-FF5C14BBAE29}.Release|x64.Build.0 = Release|x64
		{1544CEA3-1365-4482-A719-FF5C14BBAE29}.Release|x86.ActiveCfg = Release|Win32
		{1544CEA3-1365-4482-A719-FF5C14BBAE29}.Release|x86.Build.0 = Release|Win32
		{3D34F0B9-2711-4C1B-B59E-5AF94894264B}.Debug|Any CPU.ActiveCfg = Debug|Win32
		{3D34F0B9-2711-4C1B-B59E-5AF94894264B}.Debug|Win32.ActiveCfg = Debug|Win32
		{3D34F0B9-2711-4C1B-B59E-5AF94894264B}.Debug|Win32.Build.0 = Debug|Win32
		{3D34F0B9-2711-4C1B-B59E-5AF94894264B}.Debug|x64.ActiveCfg = Debug|x64
		{3D34F0B9-2711-4C1B-B59E-5AF94894264B}.Debug|x64.Build.0 = Debug|x64
		{3D34F0B9-2711-4C1B-B59E-5AF94894264B}.Debug|x86.ActiveCfg = Debug|Win32
		{3D34F0B9-2711-4C1B-B59E-5AF94894264B}.Debug|x86.Build.0 = Debug|Win32
		{3D34F0B9-2711-4C1B-B59E-5AF94894264B}.Release|Any CPU.ActiveCfg = Release|Win32
		{3D34F0B9-2711-4C1B-B59E-5AF94894264B}.Release|Win32.ActiveCfg = Release|Win32
		{3D34F0B9-2711-4C1B-B59E-5AF94894264B}.Release|Win32.Build.0 = Release|Win32
		{3D34F0B9-2711-4C1B-B59E-5AF94894264B}.Release|x64.ActiveCfg = Release|x64
		{3D34F0B9-2711-4C1B-B59E-5AF94894264B}.Release|x64.Build.0 = Release|x64
		{3D34F0B9-2711-4C1B-B59E-5AF94894264B}.Release|x86.ActiveCfg = Release|Win32
		{3D34F0B9-2711-4C1B-B59E-5AF94894264B}.Release|x86.Build.0 = Release|Win32
		{F8DB0933-F02C-49B3-8C4A-1C05688BC246}.Debug|Any CPU.ActiveCfg = Debug|Win32
		{F8DB0933-F02C-49B3-8C4A-1C05688BC246}.Debug|Win32.ActiveCfg = Debug|Win32
		{F8DB0933-F02C-49B3-8C4A-1C05688BC246}.Debug|Win32.Build.0 = Debug|Win32
		{F8DB0933-F02C-49B3-8C4A-1C05688BC246}.Debug|x64.ActiveCfg = Debug|x64
		{F8DB0933-F02C-49B3-8C4A-1C05688BC246}.Debug|x64.Build.0 = Debug|x64
		{F8DB0933-F02C-49B3-8C4A-1C05688BC246}.Debug|x86.ActiveCfg = Debug|Win32
		{F8DB0933-F02C-49B3-8C4A-1C05688BC246}.Debug|x86.Build.0 = Debug|Win32
		{F8DB0933-F02C-49B3-8C4A-1C05688BC246}.Release|Any CPU.ActiveCfg = Release|Win32
		{F8DB0933-F02C-49B3-8C4A-1C05688BC246}.Release|Win32.ActiveCfg = Release|Win32
		{F8DB0933-F02C-49B3-8C4A-1C05688BC246}.Release|x64.ActiveCfg = Release|x64
		{F8DB0933-F02C-49B3-8C4A-1C05688BC246}.Release|x64.Build.0 = Release|x64
		{F8DB0933-F02C-49B3-8C4A-1C05688BC246}.Release|x86.ActiveCfg = Release|Win32
		{F8DB0933-F02C-49B3-8C4A-1C05688BC246}.Release|x86.Build.0 = Release|Win32
		{9249B679-366D-4838-ADCE-A9A8E6EAEAB4}.Debug|Any CPU.ActiveCfg = Debug|Win32
		{9249B679-366D-4838-ADCE-A9A8E6EAEAB4}.Debug|Win32.ActiveCfg = Debug|Win32
		{9249B679-366D-4838-ADCE-A9A8E6EAEAB4}.Debug|Win32.Build.0 = Debug|Win32
		{9249B679-366D-4838-ADCE-A9A8E6EAEAB4}.Debug|x64.ActiveCfg = Debug|x64
		{9249B679-366D-4838-ADCE-A9A8E6EAEAB4}.Debug|x64.Build.0 = Debug|x64
		{9249B679-366D-4838-ADCE-A9A8E6EAEAB4}.Debug|x86.ActiveCfg = Debug|Win32
		{9249B679-366D-4838-ADCE-A9A8E6EAEAB4}.Debug|x86.Build.0 = Debug|Win32
		{9249B679-366D-4838-ADCE-A9A8E6EAEAB4}.Release|Any CPU.ActiveCfg = Release|Win32
		{9249B679-366D-4838-ADCE-A9A8E6EAEAB4}.Release|Win32.ActiveCfg = Release|Win32
		{9249B679-366D-4838-ADCE-A9A8E6EAEAB4}.Release|Win32.Build.0 = Release|Win32
		{9249B679-366D-4838-ADCE-A9A8E6EAEAB4}.Release|x64.ActiveCfg = Release|x64
		{9249B679-366D-4838-ADCE-A9A8E6EAEAB4}.Release|x64.Build.0 = Release|x64
		{9249B679-366D-4838-ADCE-A9A8E6EAEAB4}.Release|x86.ActiveCfg = Release|Win32
		{9249B679-366D-4838-ADCE-A9A8E6EAEAB4}.Release|x86.Build.0 = Release|Win32
		{B8F4B0C9-1EE7-4719-B927-5126F82E9713}.Debug|Any CPU.ActiveCfg = Debug|Win32
		{B8F4B0C9-1EE7-4719-B927-5126F82E9713}.Debug|Win32.ActiveCfg = Debug|Win32
		{B8F4B0C9-1EE7-4719-B927-5126F82E9713}.Debug|Win32.Build.0 = Debug|Win32
		{B8F4B0C9-1EE7-4719-B927-5126F82E9713}.Debug|x64.ActiveCfg = Debug|x64
		{B8F4B0C9-1EE7-4719-B927-5126F82E9713}.Debug|x64.Build.0 = Debug|x64
		{B8F4B0C9-1EE7-4719-B927-5126F82E9713}.Debug|x86.ActiveCfg = Debug|Win32
		{B8F4B0C9-1EE7-4719-B927-5126F82E9713}.Debug|x86.Build.0 = Debug|Win32
		{B8F4B0C9-1EE7-4719-B927-5126F82E9713}.Release|Any CPU.ActiveCfg = Release|Win32
		{B8F4B0C9-1EE7-4719-B927-5126F82E9713}.Release|Win32.ActiveCfg = Release|Win32
		{B8F4B0C9-1EE7-4719-B927-5126F82E9713}.Release|Win32.Build.0 = Release|Win32
		{B8F4B0C9-1EE7-4719-B927-5126F82E9713}.Release|x64.ActiveCfg = Release|x64
		{B8F4B0C9-1EE7-4719-B927-5126F82E9713}.Release|x64.Build.0 = Release|x64
		{B8F4B0C9-1EE7-4719-B927-5126F82E9713}.Release|x86.ActiveCfg = Release|Win32
		{B8F4B0C9-1EE7-4719-B927-5126F82E9713}.Release|x86.Build.0 = Release|Win32
		{36FB187C-1B94-4C1B-8781-C6C9A38C742C}.Debug|Any CPU.ActiveCfg = Debug|Win32
		{36FB187C-1B94-4C1B-8781-C6C9A38C742C}.Debug|Win32.ActiveCfg = Debug|Win32
		{36FB187C-1B94-4C1B-8781-C6C9A38C742C}.Debug|Win32.Build.0 = Debug|Win32
		{36FB187C-1B94-4C1B-8781-C6C9A38C742C}.Debug|x64.ActiveCfg = Debug|x64
		{36FB187C-1B94-4C1B-8781-C6C9A38C742C}.Debug|x64.Build.0 = Debug|x64
		{36FB187C-1B94-4C1B-8781-C6C9A38C742C}.Debug|x86.ActiveCfg = Debug|Win32
		{36FB187C-1B94-4C1B-8781-C6C9A38C742C}.Debug|x86.Build.0 = Debug|Win32
		{36FB187C-1B94-4C1B-8781-C6C9A38C742C}.Release|Any CPU.ActiveCfg = Release|Win32
		{36FB187C-1B94-4C1B-8781-C6C9A38C742C}.Release|Win32.ActiveCfg = Release|Win32
		{36FB187C-1B94-4C1B-8781-C6C9A38C742C}.Release|Win32.Build.0 = Release|Win32
		{36FB187C-1B94-4C1B-8781-C6C9A38C742C}.Release|x64.ActiveCfg = Release|x64
		{36FB187C-1B94-4C1B-8781-C6C9A38C742C}.Release|x64.Build.0 = Release|x64
		{36FB187C-1B94-4C1B-8781-C6C9A38C742C}.Release|x86.ActiveCfg = Release|Win32
		{36FB187C-1B94-4C1B-8781-C6C9A38C742C}.Release|x86.Build.0 = Release|Win32
		{4741F946-CFAA-3469-963D-9F01C053C97E}.Debug|Any CPU.ActiveCfg = Debug|Win32
		{4741F946-CFAA-3469-963D-9F01C053C97E}.Debug|Win32.ActiveCfg = Debug|Win32
		{4741F946-CFAA-3469-963D-9F01C053C97E}.Debug|Win32.Build.0 = Debug|Win32
		{4741F946-CFAA-3469-963D-9F01C053C97E}.Debug|x64.ActiveCfg = Debug|x64
		{4741F946-CFAA-3469-963D-9F01C053C97E}.Debug|x64.Build.0 = Debug|x64
		{4741F946-CFAA-3469-963D-9F01C053C97E}.Debug|x86.ActiveCfg = Debug|Win32
		{4741F946-CFAA-3469-963D-9F01C053C97E}.Debug|x86.Build.0 = Debug|Win32
		{4741F946-CFAA-3469-963D-9F01C053C97E}.Release|Any CPU.ActiveCfg = Release|Win32
		{4741F946-CFAA-3469-963D-9F01C053C97E}.Release|Win32.ActiveCfg = Release|Win32
		{4741F946-CFAA-3469-963D-9F01C053C97E}.Release|Win32.Build.0 = Release|Win32
		{4741F946-CFAA-3469-963D-9F01C053C97E}.Release|x64.ActiveCfg = Release|x64
		{4741F946-CFAA-3469-963D-9F01C053C97E}.Release|x64.Build.0 = Release|x64
		{4741F946-CFAA-3469-963D-9F01C053C97E}.Release|x86.ActiveCfg = Release|Win32
		{4741F946-CFAA-3469-963D-9F01C053C97E}.Release|x86.Build.0 = Release|Win32
		{B38AA81E-A244-3E86-BCBB-7B7E187DB218}.Debug|Any CPU.ActiveCfg = Debug|Win32
		{B38AA81E-A244-3E86-BCBB-7B7E187DB218}.Debug|Win32.ActiveCfg = Debug|Win32
		{B38AA81E-A244-3E86-BCBB-7B7E187DB218}.Debug|Win32.Build.0 = Debug|Win32
		{B38AA81E-A244-3E86-BCBB-7B7E187DB218}.Debug|x64.ActiveCfg = Debug|x64
		{B38AA81E-A244-3E86-BCBB-7B7E187DB218}.Debug|x64.Build.0 = Debug|x64
		{B38AA81E-A244-3E86-BCBB-7B7E187DB218}.Debug|x86.ActiveCfg = Debug|Win32
		{B38AA81E-A244-3E86-BCBB-7B7E187DB218}.Debug|x86.Build.0 = Debug|Win32
		{B38AA81E-A244-3E86-BCBB-7B7E187DB218}.Release|Any CPU.ActiveCfg = Release|Win32
		{B38AA81E-A244-3E86-BCBB-7B7E187DB218}.Release|Win32.ActiveCfg = Release|Win32
		{B38AA81E-A244-3E86-BCBB-7B7E187DB218}.Release|Win32.Build.0 = Release|Win32
		{B38AA81E-A244-3E86-BCBB-7B7E187DB218}.Release|x64.ActiveCfg = Release|x64
		{B38AA81E-A244-3E86-BCBB-7B7E187DB218}.Release|x64.Build.0 = Release|x64
		{B38AA81E-A244-3E86-BCBB-7B7E187DB218}.Release|x86.ActiveCfg = Release|Win32
		{B38AA81E-A244-3E86-BCBB-7B7E187DB218}.Release|x86.Build.0 = Release|Win32
		{9867C9D6-9122-494E-8D05-FEEB0E94CF75}.Debug|Any CPU.ActiveCfg = Debug|Win32
		{9867C9D6-9122-494E-8D05-FEEB0E94CF75}.Debug|Win32.ActiveCfg = Debug|Win32
		{9867C9D6-9122-494E-8D05-FEEB0E94CF75}.Debug|Win32.Build.0 = Debug|Win32
		{9867C9D6-9122-494E-8D05-FEEB0E94CF75}.Debug|x64.ActiveCfg = Debug|x64
		{9867C9D6-9122-494E-8D05-FEEB0E94CF75}.Debug|x64.Build.0 = Debug|x64
		{9867C9D6-9122-494E-8D05-FEEB0E94CF75}.Debug|x86.ActiveCfg = Debug|Win32
		{9867C9D6-9122-494E-8D05-FEEB0E94CF75}.Debug|x86.Build.0 = Debug|Win32
		{9867C9D6-9122-494E-8D05-FEEB0E94CF75}.Release|Any CPU.ActiveCfg = Release|Win32
		{9867C9D6-9122-494E-8D05-FEEB0E94CF75}.Release|Win32.ActiveCfg = Release|Win32
		{9867C9D6-9122-494E-8D05-FEEB0E94CF75}.Release|Win32.Build.0 = Release|Win32
		{9867C9D6-9122-494E-8D05-FEEB0E94CF75}.Release|x64.ActiveCfg = Release|x64
		{9867C9D6-9122-494E-8D05-FEEB0E94CF75}.Release|x64.Build.0 = Release|x64
		{9867C9D6-9122-494E-8D05-FEEB0E94CF75}.Release|x86.ActiveCfg = Release|Win32
		{9867C9D6-9122-494E-8D05-FEEB0E94CF75}.Release|x86.Build.0 = Release|Win32
		{EAF6A200-687E-4965-A739-85F6A3E6416F}.Debug|Any CPU.ActiveCfg = Debug|Win32
		{EAF6A200-687E-4965-A739-85F6A3E6416F}.Debug|Win32.ActiveCfg = Debug|Win32
		{EAF6A200-687E-4965-A739-85F6A3E6416F}.Debug|Win32.Build.0 = Debug|Win32
		{EAF6A200-687E-4965-A739-85F6A3E6416F}.Debug|x64.ActiveCfg = Debug|x64
		{EAF6A200-687E-4965-A739-85F6A3E6416F}.Debug|x64.Build.0 = Debug|x64
		{EAF6A200-687E-4965-A739-85F6A3E6416F}.Debug|x86.ActiveCfg = Debug|Win32
		{EAF6A200-687E-4965-A739-85F6A3E6416F}.Debug|x86.Build.0 = Debug|Win32
		{EAF6A200-687E-4965-A739-85F6A3E6416F}.Release|Any CPU.ActiveCfg = Release|Win32
		{EAF6A200-687E-4965-A739-85F6A3E6416F}.Release|Win32.ActiveCfg = Release|Win32
		{EAF6A200-687E-4965-A739-85F6A3E6416F}.Release|Win32.Build.0 = Release|Win32
		{EAF6A200-687E-4965-A739-85F6A3E6416F}.Release|x64.ActiveCfg = Release|x64
		{EAF6A200-687E-4965-A739-85F6A3E6416F}.Release|x64.Build.0 = Release|x64
		{EAF6A200-687E-4965-A739-85F6A3E6416F}.Release|x86.ActiveCfg = Release|Win32
		{EAF6A200-687E-4965-A739-85F6A3E6416F}.Release|x86.Build.0 = Release|Win32
		{7CD53A26-F17A-4FD8-A8D6-B5D768396523}.Debug|Any CPU.ActiveCfg = Debug|Win32
		{7CD53A26-F17A-4FD8-A8D6-B5D768396523}.Debug|Win32.ActiveCfg = Debug|Win32
		{7CD53A26-F17A-4FD8-A8D6-B5D768396523}.Debug|Win32.Build.0 = Debug|Win32
		{7CD53A26-F17A-4FD8-A8D6-B5D768396523}.Debug|x64.ActiveCfg = Debug|x64
		{7CD53A26-F17A-4FD8-A8D6-B5D768396523}.Debug|x64.Build.0 = Debug|x64
		{7CD53A26-F17A-4FD8-A8D6-B5D768396523}.Debug|x86.ActiveCfg = Debug|Win32
		{7CD53A26-F17A-4FD8-A8D6-B5D768396523}.Debug|x86.Build.0 = Debug|Win32
		{7CD53A26-F17A-4FD8-A8D6-B5D768396523}.Release|Any CPU.ActiveCfg = Release|Win32
		{7CD53A26-F17A-4FD8-A8D6-B5D768396523}.Release|Win32.ActiveCfg = Release|Win32
		{7CD53A26-F17A-4FD8-A8D6-B5D768396523}.Release|Win32.Build.0 = Release|Win32
		{7CD53A26-F17A-4FD8-A8D6-B5D768396523}.Release|x64.ActiveCfg = Release|x64
		{7CD53A26-F17A-4FD8-A8D6-B5D768396523}.Release|x64.Build.0 = Release|x64
		{7CD53A26-F17A-4FD8-A8D6-B5D768396523}.Release|x86.ActiveCfg = Release|Win32
		{7CD53A26-F17A-4FD8-A8D6-B5D768396523}.Release|x86.Build.0 = Release|Win32
		{2629BDAB-2ABD-43BE-A9B1-7165813E19AB}.Debug|Any CPU.ActiveCfg = Debug|Win32
		{2629BDAB-2ABD-43BE-A9B1-7165813E19AB}.Debug|Win32.ActiveCfg = Debug|Win32
		{2629BDAB-2ABD-43BE-A9B1-7165813E19AB}.Debug|Win32.Build.0 = Debug|Win32
		{2629BDAB-2ABD-43BE-A9B1-7165813E19AB}.Debug|x64.ActiveCfg = Debug|x64
		{2629BDAB-2ABD-43BE-A9B1-7165813E19AB}.Debug|x64.Build.0 = Debug|x64
		{2629BDAB-2ABD-43BE-A9B1-7165813E19AB}.Debug|x86.ActiveCfg = Debug|Win32
		{2629BDAB-2ABD-43BE-A9B1-7165813E19AB}.Debug|x86.Build.0 = Debug|Win32
		{2629BDAB-2ABD-43BE-A9B1-7165813E19AB}.Release|Any CPU.ActiveCfg = Release|Win32
		{2629BDAB-2ABD-43BE-A9B1-7165813E19AB}.Release|Win32.ActiveCfg = Release|Win32
		{2629BDAB-2ABD-43BE-A9B1-7165813E19AB}.Release|Win32.Build.0 = Release|Win32
		{2629BDAB-2ABD-43BE-A9B1-7165813E19AB}.Release|x64.ActiveCfg = Release|x64
		{2629BDAB-2ABD-43BE-A9B1-7165813E19AB}.Release|x64.Build.0 = Release|x64
		{2629BDAB-2ABD-43BE-A9B1-7165813E19AB}.Release|x86.ActiveCfg = Release|Win32
		{2629BDAB-2ABD-43BE-A9B1-7165813E19AB}.Release|x86.Build.0 = Release|Win32
		{A26ADD1A-A28B-419C-9CBD-E60537A49B22}.Debug|Any CPU.ActiveCfg = Debug|Any CPU
		{A26ADD1A-A28B-419C-9CBD-E60537A49B22}.Debug|Any CPU.Build.0 = Debug|Any CPU
		{A26ADD1A-A28B-419C-9CBD-E60537A49B22}.Debug|Win32.ActiveCfg = Debug|x86
		{A26ADD1A-A28B-419C-9CBD-E60537A49B22}.Debug|Win32.Build.0 = Debug|x86
		{A26ADD1A-A28B-419C-9CBD-E60537A49B22}.Debug|x64.ActiveCfg = Debug|x64
		{A26ADD1A-A28B-419C-9CBD-E60537A49B22}.Debug|x64.Build.0 = Debug|x64
		{A26ADD1A-A28B-419C-9CBD-E60537A49B22}.Debug|x86.ActiveCfg = Debug|x86
		{A26ADD1A-A28B-419C-9CBD-E60537A49B22}.Debug|x86.Build.0 = Debug|x86
		{A26ADD1A-A28B-419C-9CBD-E60537A49B22}.Release|Any CPU.ActiveCfg = Release|Any CPU
		{A26ADD1A-A28B-419C-9CBD-E60537A49B22}.Release|Any CPU.Build.0 = Release|Any CPU
		{A26ADD1A-A28B-419C-9CBD-E60537A49B22}.Release|Win32.ActiveCfg = Release|x86
		{A26ADD1A-A28B-419C-9CBD-E60537A49B22}.Release|x64.ActiveCfg = Release|x64
		{A26ADD1A-A28B-419C-9CBD-E60537A49B22}.Release|x64.Build.0 = Release|x64
		{A26ADD1A-A28B-419C-9CBD-E60537A49B22}.Release|x86.ActiveCfg = Release|x86
		{A26ADD1A-A28B-419C-9CBD-E60537A49B22}.Release|x86.Build.0 = Release|x86
		{20C4AEC6-AAC8-44AA-842E-325FA771DE9F}.Debug|Any CPU.ActiveCfg = Debug|Any CPU
		{20C4AEC6-AAC8-44AA-842E-325FA771DE9F}.Debug|Any CPU.Build.0 = Debug|Any CPU
		{20C4AEC6-AAC8-44AA-842E-325FA771DE9F}.Debug|Win32.ActiveCfg = Debug|x86
		{20C4AEC6-AAC8-44AA-842E-325FA771DE9F}.Debug|Win32.Build.0 = Debug|x86
		{20C4AEC6-AAC8-44AA-842E-325FA771DE9F}.Debug|x64.ActiveCfg = Debug|x64
		{20C4AEC6-AAC8-44AA-842E-325FA771DE9F}.Debug|x64.Build.0 = Debug|x64
		{20C4AEC6-AAC8-44AA-842E-325FA771DE9F}.Debug|x86.ActiveCfg = Debug|x86
		{20C4AEC6-AAC8-44AA-842E-325FA771DE9F}.Debug|x86.Build.0 = Debug|x86
		{20C4AEC6-AAC8-44AA-842E-325FA771DE9F}.Release|Any CPU.ActiveCfg = Release|Any CPU
		{20C4AEC6-AAC8-44AA-842E-325FA771DE9F}.Release|Any CPU.Build.0 = Release|Any CPU
		{20C4AEC6-AAC8-44AA-842E-325FA771DE9F}.Release|Win32.ActiveCfg = Release|x86
		{20C4AEC6-AAC8-44AA-842E-325FA771DE9F}.Release|x64.ActiveCfg = Release|x64
		{20C4AEC6-AAC8-44AA-842E-325FA771DE9F}.Release|x64.Build.0 = Release|x64
		{20C4AEC6-AAC8-44AA-842E-325FA771DE9F}.Release|x86.ActiveCfg = Release|x86
		{20C4AEC6-AAC8-44AA-842E-325FA771DE9F}.Release|x86.Build.0 = Release|x86
		{977F480F-21E9-47B0-ACAD-8E6C23D94F13}.Debug|Any CPU.ActiveCfg = Debug|Any CPU
		{977F480F-21E9-47B0-ACAD-8E6C23D94F13}.Debug|Any CPU.Build.0 = Debug|Any CPU
		{977F480F-21E9-47B0-ACAD-8E6C23D94F13}.Debug|Win32.ActiveCfg = Debug|x86
		{977F480F-21E9-47B0-ACAD-8E6C23D94F13}.Debug|Win32.Build.0 = Debug|x86
		{977F480F-21E9-47B0-ACAD-8E6C23D94F13}.Debug|x64.ActiveCfg = Debug|x64
		{977F480F-21E9-47B0-ACAD-8E6C23D94F13}.Debug|x64.Build.0 = Debug|x64
		{977F480F-21E9-47B0-ACAD-8E6C23D94F13}.Debug|x86.ActiveCfg = Debug|x86
		{977F480F-21E9-47B0-ACAD-8E6C23D94F13}.Debug|x86.Build.0 = Debug|x86
		{977F480F-21E9-47B0-ACAD-8E6C23D94F13}.Release|Any CPU.ActiveCfg = Release|Any CPU
		{977F480F-21E9-47B0-ACAD-8E6C23D94F13}.Release|Any CPU.Build.0 = Release|Any CPU
		{977F480F-21E9-47B0-ACAD-8E6C23D94F13}.Release|Win32.ActiveCfg = Release|x86
		{977F480F-21E9-47B0-ACAD-8E6C23D94F13}.Release|x64.ActiveCfg = Release|x64
		{977F480F-21E9-47B0-ACAD-8E6C23D94F13}.Release|x64.Build.0 = Release|x64
		{977F480F-21E9-47B0-ACAD-8E6C23D94F13}.Release|x86.ActiveCfg = Release|x86
		{977F480F-21E9-47B0-ACAD-8E6C23D94F13}.Release|x86.Build.0 = Release|x86
		{782863D7-FBBC-460A-A2D6-E4927A2FA67D}.Debug|Any CPU.ActiveCfg = Debug|Win32
		{782863D7-FBBC-460A-A2D6-E4927A2FA67D}.Debug|Win32.ActiveCfg = Debug|Win32
		{782863D7-FBBC-460A-A2D6-E4927A2FA67D}.Debug|Win32.Build.0 = Debug|Win32
		{782863D7-FBBC-460A-A2D6-E4927A2FA67D}.Debug|x64.ActiveCfg = Debug|x64
		{782863D7-FBBC-460A-A2D6-E4927A2FA67D}.Debug|x64.Build.0 = Debug|x64
		{782863D7-FBBC-460A-A2D6-E4927A2FA67D}.Debug|x86.ActiveCfg = Debug|Win32
		{782863D7-FBBC-460A-A2D6-E4927A2FA67D}.Debug|x86.Build.0 = Debug|Win32
		{782863D7-FBBC-460A-A2D6-E4927A2FA67D}.Release|Any CPU.ActiveCfg = Release|Win32
		{782863D7-FBBC-460A-A2D6-E4927A2FA67D}.Release|Win32.ActiveCfg = Release|Win32
		{782863D7-FBBC-460A-A2D6-E4927A2FA67D}.Release|Win32.Build.0 = Release|Win32
		{782863D7-FBBC-460A-A2D6-E4927A2FA67D}.Release|x64.ActiveCfg = Release|x64
		{782863D7-FBBC-460A-A2D6-E4927A2FA67D}.Release|x64.Build.0 = Release|x64
		{782863D7-FBBC-460A-A2D6-E4927A2FA67D}.Release|x86.ActiveCfg = Release|Win32
		{782863D7-FBBC-460A-A2D6-E4927A2FA67D}.Release|x86.Build.0 = Release|Win32
		{646AC13C-F3FD-404B-A102-4684B80F330B}.Debug|Any CPU.ActiveCfg = Debug|Any CPU
		{646AC13C-F3FD-404B-A102-4684B80F330B}.Debug|Any CPU.Build.0 = Debug|Any CPU
		{646AC13C-F3FD-404B-A102-4684B80F330B}.Debug|Win32.ActiveCfg = Debug|x86
		{646AC13C-F3FD-404B-A102-4684B80F330B}.Debug|Win32.Build.0 = Debug|x86
		{646AC13C-F3FD-404B-A102-4684B80F330B}.Debug|x64.ActiveCfg = Debug|x64
		{646AC13C-F3FD-404B-A102-4684B80F330B}.Debug|x64.Build.0 = Debug|x64
		{646AC13C-F3FD-404B-A102-4684B80F330B}.Debug|x86.ActiveCfg = Debug|x86
		{646AC13C-F3FD-404B-A102-4684B80F330B}.Debug|x86.Build.0 = Debug|x86
		{646AC13C-F3FD-404B-A102-4684B80F330B}.Release|Any CPU.ActiveCfg = Release|Any CPU
		{646AC13C-F3FD-404B-A102-4684B80F330B}.Release|Any CPU.Build.0 = Release|Any CPU
		{646AC13C-F3FD-404B-A102-4684B80F330B}.Release|Win32.ActiveCfg = Release|x86
		{646AC13C-F3FD-404B-A102-4684B80F330B}.Release|x64.ActiveCfg = Release|x64
		{646AC13C-F3FD-404B-A102-4684B80F330B}.Release|x64.Build.0 = Release|x64
		{646AC13C-F3FD-404B-A102-4684B80F330B}.Release|x86.ActiveCfg = Release|x86
		{646AC13C-F3FD-404B-A102-4684B80F330B}.Release|x86.Build.0 = Release|x86
		{D343152C-DE4D-43BA-B40F-DCE169B95416}.Debug|Any CPU.ActiveCfg = Debug|Win32
		{D343152C-DE4D-43BA-B40F-DCE169B95416}.Debug|Win32.ActiveCfg = Debug|Win32
		{D343152C-DE4D-43BA-B40F-DCE169B95416}.Debug|Win32.Build.0 = Debug|Win32
		{D343152C-DE4D-43BA-B40F-DCE169B95416}.Debug|x64.ActiveCfg = Debug|x64
		{D343152C-DE4D-43BA-B40F-DCE169B95416}.Debug|x64.Build.0 = Debug|x64
		{D343152C-DE4D-43BA-B40F-DCE169B95416}.Debug|x86.ActiveCfg = Debug|Win32
		{D343152C-DE4D-43BA-B40F-DCE169B95416}.Debug|x86.Build.0 = Debug|Win32
		{D343152C-DE4D-43BA-B40F-DCE169B95416}.Release|Any CPU.ActiveCfg = Release|Win32
		{D343152C-DE4D-43BA-B40F-DCE169B95416}.Release|Win32.ActiveCfg = Release|Win32
		{D343152C-DE4D-43BA-B40F-DCE169B95416}.Release|Win32.Build.0 = Release|Win32
		{D343152C-DE4D-43BA-B40F-DCE169B95416}.Release|x64.ActiveCfg = Release|x64
		{D343152C-DE4D-43BA-B40F-DCE169B95416}.Release|x64.Build.0 = Release|x64
		{D343152C-DE4D-43BA-B40F-DCE169B95416}.Release|x86.ActiveCfg = Release|Win32
		{D343152C-DE4D-43BA-B40F-DCE169B95416}.Release|x86.Build.0 = Release|Win32
		{5B3EFD3B-EEED-4D82-86E6-2EA3B6D6299E}.Debug|Any CPU.ActiveCfg = Debug|Win32
		{5B3EFD3B-EEED-4D82-86E6-2EA3B6D6299E}.Debug|Win32.ActiveCfg = Debug|Win32
		{5B3EFD3B-EEED-4D82-86E6-2EA3B6D6299E}.Debug|Win32.Build.0 = Debug|Win32
		{5B3EFD3B-EEED-4D82-86E6-2EA3B6D6299E}.Debug|x64.ActiveCfg = Debug|x64
		{5B3EFD3B-EEED-4D82-86E6-2EA3B6D6299E}.Debug|x64.Build.0 = Debug|x64
		{5B3EFD3B-EEED-4D82-86E6-2EA3B6D6299E}.Debug|x86.ActiveCfg = Debug|Win32
		{5B3EFD3B-EEED-4D82-86E6-2EA3B6D6299E}.Debug|x86.Build.0 = Debug|Win32
		{5B3EFD3B-EEED-4D82-86E6-2EA3B6D6299E}.Release|Any CPU.ActiveCfg = Release|Win32
		{5B3EFD3B-EEED-4D82-86E6-2EA3B6D6299E}.Release|Win32.ActiveCfg = Release|Win32
		{5B3EFD3B-EEED-4D82-86E6-2EA3B6D6299E}.Release|Win32.Build.0 = Release|Win32
		{5B3EFD3B-EEED-4D82-86E6-2EA3B6D6299E}.Release|x64.ActiveCfg = Release|x64
		{5B3EFD3B-EEED-4D82-86E6-2EA3B6D6299E}.Release|x64.Build.0 = Release|x64
		{5B3EFD3B-EEED-4D82-86E6-2EA3B6D6299E}.Release|x86.ActiveCfg = Release|Win32
		{5B3EFD3B-EEED-4D82-86E6-2EA3B6D6299E}.Release|x86.Build.0 = Release|Win32
	EndGlobalSection
	GlobalSection(SolutionProperties) = preSolution
		HideSolutionNode = FALSE
	EndGlobalSection
	GlobalSection(NestedProjects) = preSolution
		{2D6BCBCA-CC6C-49FE-A6AA-61AF62529118} = {DC24FFCE-9004-41EA-B599-667BBB5C9BDC}
		{A5638E14-9D2D-49ED-ACA3-A73833756311} = {F0D290F5-97A5-475C-B555-FD699FE64141}
		{8161EAC2-AD3A-403E-9709-965AFC85B159} = {2E371214-67B7-4147-821A-CB736B3F2D67}
		{385C39E4-1DDC-4261-9D04-EF9B9E8527E2} = {2E371214-67B7-4147-821A-CB736B3F2D67}
		{1FAED173-7DC9-44D2-8165-129F0E79C464} = {2E371214-67B7-4147-821A-CB736B3F2D67}
		{6009D223-7649-4998-9031-94EE01A4B34D} = {2E371214-67B7-4147-821A-CB736B3F2D67}
		{6A830278-52BF-4A9A-903B-370FCC22865A} = {18B0562E-D9F4-4B3F-BC4F-8934F53B25E6}
		{5F3AF3FA-1CF3-4D3D-A105-8859BE35B757} = {6A830278-52BF-4A9A-903B-370FCC22865A}
		{7DC83DF4-B1C3-4107-A6D9-92A0FB4BF1A9} = {6A830278-52BF-4A9A-903B-370FCC22865A}
		{59281EC5-5DAF-44C9-9B26-5A1F8DE3CB44} = {6A830278-52BF-4A9A-903B-370FCC22865A}
		{DC24FFCE-9004-41EA-B599-667BBB5C9BDC} = {E86AA903-25B1-475E-8E53-E4E3F9CEB5FF}
		{51065F4C-23D3-4C5F-AF5B-E70776409D7B} = {DC24FFCE-9004-41EA-B599-667BBB5C9BDC}
		{57CF2433-00B2-4173-AD21-32CA1AE3380C} = {DC24FFCE-9004-41EA-B599-667BBB5C9BDC}
		{1ED7D7C9-ACA9-4A50-8217-0901E12B1D70} = {F0D290F5-97A5-475C-B555-FD699FE64141}
		{D0851473-931B-4719-806D-FDA6C18574FD} = {1B2B44F2-FAEA-4332-A33B-41D83068B375}
		{F20A9EDA-095D-4849-B4F6-4953A285770D} = {D0851473-931B-4719-806D-FDA6C18574FD}
		{BFB56993-FC93-4B0D-9F60-6738A83B7619} = {D0851473-931B-4719-806D-FDA6C18574FD}
		{55700C8A-9C9E-4515-A3B7-E0A2F1CB2C79} = {D0851473-931B-4719-806D-FDA6C18574FD}
		{62E2E1DA-4AFA-4880-A508-1C4F217C93B1} = {F0403545-FDF6-477C-B96D-0765ECBA9CC4}
		{07B2B1F8-A388-4446-B2AC-C9AA6414CBB0} = {6A830278-52BF-4A9A-903B-370FCC22865A}
		{8332BEB7-BBBF-4E6E-9D8F-F85BD280DF1F} = {18B0562E-D9F4-4B3F-BC4F-8934F53B25E6}
		{9ECC8C04-148A-40A6-B1ED-926F0C20760A} = {8332BEB7-BBBF-4E6E-9D8F-F85BD280DF1F}
		{8878D8EB-7133-41ED-AC4E-C938ED1301CD} = {8332BEB7-BBBF-4E6E-9D8F-F85BD280DF1F}
		{53832B54-D882-4BF4-B319-7C1C80A042CC} = {8070C46C-9CC5-49EA-915D-EB95FBB7AA83}
		{DDB199FE-9139-4589-821A-DDE86CBA53BB} = {8070C46C-9CC5-49EA-915D-EB95FBB7AA83}
		{7E353143-2F1D-4B12-A029-A265111BBC8D} = {8070C46C-9CC5-49EA-915D-EB95FBB7AA83}
		{0F5464E5-BDF2-46B1-849B-DC65433778B3} = {F0D290F5-97A5-475C-B555-FD699FE64141}
		{BB8BB3D9-DDE0-46AE-8D39-28737C48F935} = {F0D290F5-97A5-475C-B555-FD699FE64141}
		{4B73DE37-A591-4627-8F49-476130C1D7F0} = {8070C46C-9CC5-49EA-915D-EB95FBB7AA83}
		{571CDF4C-F84F-444C-9ED7-135D31CDE995} = {F210F811-9138-45DC-8D73-4630C80CC23E}
		{326342ED-A405-4128-ADFF-9C157FE87FE9} = {F0D290F5-97A5-475C-B555-FD699FE64141}
		{C29AA190-5BE8-4674-AA8A-E858964D3C08} = {F0D290F5-97A5-475C-B555-FD699FE64141}
		{5250F13E-C280-42FC-8CDF-74E96A500605} = {F0D290F5-97A5-475C-B555-FD699FE64141}
		{1544CEA3-1365-4482-A719-FF5C14BBAE29} = {F0D290F5-97A5-475C-B555-FD699FE64141}
		{FD29F3DD-6863-4E6B-8504-ED3AA173F96B} = {E86AA903-25B1-475E-8E53-E4E3F9CEB5FF}
		{3D34F0B9-2711-4C1B-B59E-5AF94894264B} = {FD29F3DD-6863-4E6B-8504-ED3AA173F96B}
		{F8DB0933-F02C-49B3-8C4A-1C05688BC246} = {FD29F3DD-6863-4E6B-8504-ED3AA173F96B}
		{9249B679-366D-4838-ADCE-A9A8E6EAEAB4} = {3882442C-F8E2-4129-8EBE-16B175D7E89A}
		{B8F4B0C9-1EE7-4719-B927-5126F82E9713} = {3882442C-F8E2-4129-8EBE-16B175D7E89A}
		{36FB187C-1B94-4C1B-8781-C6C9A38C742C} = {F0D290F5-97A5-475C-B555-FD699FE64141}
		{3882442C-F8E2-4129-8EBE-16B175D7E89A} = {F0D290F5-97A5-475C-B555-FD699FE64141}
		{A387BCFB-2F13-4DD4-A181-07BA3F01A47F} = {5AA5132F-A3DE-449D-BE24-F8611F826D09}
		{4741F946-CFAA-3469-963D-9F01C053C97E} = {A387BCFB-2F13-4DD4-A181-07BA3F01A47F}
		{B38AA81E-A244-3E86-BCBB-7B7E187DB218} = {3882442C-F8E2-4129-8EBE-16B175D7E89A}
		{9867C9D6-9122-494E-8D05-FEEB0E94CF75} = {3882442C-F8E2-4129-8EBE-16B175D7E89A}
		{EAF6A200-687E-4965-A739-85F6A3E6416F} = {3882442C-F8E2-4129-8EBE-16B175D7E89A}
		{CB48B32E-669A-4B21-B977-4B3DDF97E139} = {E86AA903-25B1-475E-8E53-E4E3F9CEB5FF}
		{7CD53A26-F17A-4FD8-A8D6-B5D768396523} = {CB48B32E-669A-4B21-B977-4B3DDF97E139}
		{2629BDAB-2ABD-43BE-A9B1-7165813E19AB} = {CB48B32E-669A-4B21-B977-4B3DDF97E139}
		{592D6797-6AFB-47FF-8DB1-AF577C5FA318} = {CB48B32E-669A-4B21-B977-4B3DDF97E139}
		{A26ADD1A-A28B-419C-9CBD-E60537A49B22} = {592D6797-6AFB-47FF-8DB1-AF577C5FA318}
		{6213C44B-373B-4018-9398-F71DBCDF59B7} = {FD29F3DD-6863-4E6B-8504-ED3AA173F96B}
		{20C4AEC6-AAC8-44AA-842E-325FA771DE9F} = {6213C44B-373B-4018-9398-F71DBCDF59B7}
		{977F480F-21E9-47B0-ACAD-8E6C23D94F13} = {E86AA903-25B1-475E-8E53-E4E3F9CEB5FF}
		{782863D7-FBBC-460A-A2D6-E4927A2FA67D} = {F0403545-FDF6-477C-B96D-0765ECBA9CC4}
		{F0403545-FDF6-477C-B96D-0765ECBA9CC4} = {E86AA903-25B1-475E-8E53-E4E3F9CEB5FF}
		{46073DCE-3CBC-4D23-87F7-B3E4E9B8C11F} = {F0403545-FDF6-477C-B96D-0765ECBA9CC4}
		{646AC13C-F3FD-404B-A102-4684B80F330B} = {46073DCE-3CBC-4D23-87F7-B3E4E9B8C11F}
		{A0516F1B-8EF3-4C43-9819-43C497004E81} = {E86AA903-25B1-475E-8E53-E4E3F9CEB5FF}
		{D343152C-DE4D-43BA-B40F-DCE169B95416} = {A0516F1B-8EF3-4C43-9819-43C497004E81}
		{5B3EFD3B-EEED-4D82-86E6-2EA3B6D6299E} = {E86AA903-25B1-475E-8E53-E4E3F9CEB5FF}
	EndGlobalSection
EndGlobal
